Microsoft Visual Studio Solution File, Format Version 12.00
# Visual Studio Version 16
VisualStudioVersion = 16.0.30413.136
MinimumVisualStudioVersion = 10.0.40219.1
Project("{ad0732ad-10ef-48c7-825d-a5d02ae0eb3b}") = "contoso.Entities", "contoso.Entities\contoso.Entities.csproj", "{647fb73d-fea5-4809-88c3-195669ee2b30}"
EndProject
Project("{ad0732ad-10ef-48c7-825d-a5d02ae0eb3b}") = "contoso.Web", "contoso.Web\contoso.Web.csproj", "{639b589f-1ce1-4a7c-98ee-81509718c97d}"
EndProject
Project("{ad0732ad-10ef-48c7-825d-a5d02ae0eb3b}") = "Utils.Core", "Utils.Core\Utils.Core.csproj", "896aaa07-c7eb-4ebb-8021-b57dadb17691}"
EndProject
Project("{ad0732ad-10ef-48c7-825d-a5d02ae0eb3b}") = "contoso.Services", "contoso.Services\contoso.Services.csproj", "6436d197-cf93-40fc-8ec2-ec766af1eab2}"
EndProject
Global
	GlobalSection(SolutionConfigurationPlatforms) = preSolution
		Debug|Any CPU = Debug|Any CPU
		DebugAll|Any CPU = DebugAll|Any CPU
		Release|Any CPU = Release|Any CPU
	EndGlobalSection
	GlobalSection(ProjectConfigurationPlatforms) = postSolution
		{647fb73d-fea5-4809-88c3-195669ee2b30}.Debug|Any CPU.ActiveCfg = Debug|Any CPU
		{647fb73d-fea5-4809-88c3-195669ee2b30}.Debug|Any CPU.Build.0 = Debug|Any CPU
		{647fb73d-fea5-4809-88c3-195669ee2b30}.DebugAll|Any CPU.ActiveCfg = Debug|Any CPU
		{647fb73d-fea5-4809-88c3-195669ee2b30}.DebugAll|Any CPU.Build.0 = Debug|Any CPU
		{647fb73d-fea5-4809-88c3-195669ee2b30}.Release|Any CPU.ActiveCfg = Release|Any CPU
		{647fb73d-fea5-4809-88c3-195669ee2b30}.Release|Any CPU.Build.0 = Release|Any CPU
		{639b589f-1ce1-4a7c-98ee-81509718c97d}.Debug|Any CPU.ActiveCfg = Debug|Any CPU
		{639b589f-1ce1-4a7c-98ee-81509718c97d}.Debug|Any CPU.Build.0 = Debug|Any CPU
		{639b589f-1ce1-4a7c-98ee-81509718c97d}.DebugAll|Any CPU.ActiveCfg = Debug|Any CPU
		{639b589f-1ce1-4a7c-98ee-81509718c97d}.DebugAll|Any CPU.Build.0 = Debug|Any CPU
		{639b589f-1ce1-4a7c-98ee-81509718c97d}.Release|Any CPU.ActiveCfg = Release|Any CPU
		{639b589f-1ce1-4a7c-98ee-81509718c97d}.Release|Any CPU.Build.0 = Release|Any CPU
		896aaa07-c7eb-4ebb-8021-b57dadb17691}.Debug|Any CPU.ActiveCfg = Debug|Any CPU
		896aaa07-c7eb-4ebb-8021-b57dadb17691}.Debug|Any CPU.Build.0 = Debug|Any CPU
		896aaa07-c7eb-4ebb-8021-b57dadb17691}.DebugAll|Any CPU.ActiveCfg = DebugAll|Any CPU
		896aaa07-c7eb-4ebb-8021-b57dadb17691}.DebugAll|Any CPU.Build.0 = DebugAll|Any CPU
		896aaa07-c7eb-4ebb-8021-b57dadb17691}.Release|Any CPU.ActiveCfg = Release|Any CPU
		896aaa07-c7eb-4ebb-8021-b57dadb17691}.Release|Any CPU.Build.0 = Release|Any CPU
		6436d197-cf93-40fc-8ec2-ec766af1eab2}.Debug|Any CPU.ActiveCfg = Debug|Any CPU
		6436d197-cf93-40fc-8ec2-ec766af1eab2}.Debug|Any CPU.Build.0 = Debug|Any CPU
		6436d197-cf93-40fc-8ec2-ec766af1eab2}.DebugAll|Any CPU.ActiveCfg = Debug|Any CPU
		6436d197-cf93-40fc-8ec2-ec766af1eab2}.DebugAll|Any CPU.Build.0 = Debug|Any CPU
		6436d197-cf93-40fc-8ec2-ec766af1eab2}.Release|Any CPU.ActiveCfg = Release|Any CPU
		6436d197-cf93-40fc-8ec2-ec766af1eab2}.Release|Any CPU.Build.0 = Release|Any CPU
	EndGlobalSection
	GlobalSection(SolutionProperties) = preSolution
		HideSolutionNode = FALSE
	EndGlobalSection
	GlobalSection(ExtensibilityGlobals) = postSolution
		SolutionGuid = {d34ba70f-1d60-4e6e-a0b5-38435536d9bb}
	EndGlobalSection
EndGlobal
