
Microsoft Visual Studio Solution File, Format Version 12.00
# Visual Studio Version 16
VisualStudioVersion = 16.0.31205.134
MinimumVisualStudioVersion = 10.0.40219.1
Project("{9A19103F-16F7-4668-BE54-9A1E7A4F7556}") = "ClassWrapperCodeRefactoring", "ClassWrapperCodeRefactoring\ClassWrapperCodeRefactoring\ClassWrapperCodeRefactoring.csproj", "{77C37AE7-49FA-4120-9B48-5B155E1192E1}"
EndProject
Project("{FAE04EC0-301F-11D3-BF4B-00C04F79EFBC}") = "ClassWrapperCodeRefactoring.Vsix", "ClassWrapperCodeRefactoring\ClassWrapperCodeRefactoring.Vsix\ClassWrapperCodeRefactoring.Vsix.csproj", "{83140DE1-46AE-446A-83DD-7F2FB0F77D93}"
EndProject
Global
	GlobalSection(SolutionConfigurationPlatforms) = preSolution
		Debug|Any CPU = Debug|Any CPU
		Release|Any CPU = Release|Any CPU
	EndGlobalSection
	GlobalSection(ProjectConfigurationPlatforms) = postSolution
		{77C37AE7-49FA-4120-9B48-5B155E1192E1}.Debug|Any CPU.ActiveCfg = Debug|Any CPU
		{77C37AE7-49FA-4120-9B48-5B155E1192E1}.Debug|Any CPU.Build.0 = Debug|Any CPU
		{77C37AE7-49FA-4120-9B48-5B155E1192E1}.Release|Any CPU.ActiveCfg = Release|Any CPU
		{77C37AE7-49FA-4120-9B48-5B155E1192E1}.Release|Any CPU.Build.0 = Release|Any CPU
		{83140DE1-46AE-446A-83DD-7F2FB0F77D93}.Debug|Any CPU.ActiveCfg = Debug|Any CPU
		{83140DE1-46AE-446A-83DD-7F2FB0F77D93}.Debug|Any CPU.Build.0 = Debug|Any CPU
		{83140DE1-46AE-446A-83DD-7F2FB0F77D93}.Release|Any CPU.ActiveCfg = Release|Any CPU
		{83140DE1-46AE-446A-83DD-7F2FB0F77D93}.Release|Any CPU.Build.0 = Release|Any CPU
	EndGlobalSection
	GlobalSection(SolutionProperties) = preSolution
		HideSolutionNode = FALSE
	EndGlobalSection
	GlobalSection(ExtensibilityGlobals) = postSolution
		SolutionGuid = {A0FA923A-E0B7-4B37-9793-ADE77ADB38D7}
	EndGlobalSection
EndGlobal
