Microsoft Visual Studio Solution File, Format Version 12.00
# Visual Studio Version 16
VisualStudioVersion = 16.0.31205.134
MinimumVisualStudioVersion = 10.0.40219.1
Project("{FAE04EC0-301F-11D3-BF4B-00C04F79EFBC}") = "DllExport", "DllExport\DllExport.csproj", "{CA494C1B-A748-4578-96D4-BF12622035B1}"
EndProject
Project("{FAE04EC0-301F-11D3-BF4B-00C04F79EFBC}") = "DllExport.Metadata", "DllExport.Metadata\DllExport.Metadata.csproj", "{05A17B18-F352-44EE-9D1B-C8E36D114DA3}"
EndProject
Project("{FAE04EC0-301F-11D3-BF4B-00C04F79EFBC}") = "DllExport.MSBuild", "DllExport.MSBuild\DllExport.MSBuild.csproj", "{14209764-C526-4BA0-ACAA-977C00005D01}"
EndProject
Project("{FAE04EC0-301F-11D3-BF4B-00C04F79EFBC}") = "TestDllExport", "TestDllExport\TestDllExport.csproj", "{0B7F9DA8-3926-4839-9C1F-C36BA29D4F36}"
	ProjectSection(ProjectDependencies) = postProject
		{14209764-C526-4BA0-ACAA-977C00005D01} = {14209764-C526-4BA0-ACAA-977C00005D01}
	EndProjectSection
EndProject
Project("{FAE04EC0-301F-11D3-BF4B-00C04F79EFBC}") = "RunDllExport", "RunDllExport\RunDllExport.csproj", "{A433A7A7-796C-46F2-9E1D-D3C2C2225882}"
EndProject
Project("{FAE04EC0-301F-11D3-BF4B-00C04F79EFBC}") = "Utils", "Utils\Utils.csproj", "{A4763B8B-F945-4C4C-9727-7E970E02F662}"
EndProject
Project("{2150E333-8FDC-42A3-9474-1A3956D46DE8}") = "D2DLib", "D2DLib", "{15E5D5D9-AE20-41F8-B20F-7F3A68FF977E}"
EndProject
Project("{8BC9CEB8-8B4A-11D0-8D11-00A0C91BC942}") = "d2dlib", "d2dlib-master\src\d2dlib\d2dlib.vcxproj", "{E0A71FCE-69DD-40A6-87FB-2D63AB5D25C9}"
EndProject
Project("{9A19103F-16F7-4668-BE54-9A1E7A4F7556}") = "D2DLibExport", "d2dlib-master\src\D2DLibExport\D2DLibExport.csproj", "{81DD53D8-FCF0-4384-A931-9370FA8E8E67}"
	ProjectSection(ProjectDependencies) = postProject
		{E0A71FCE-69DD-40A6-87FB-2D63AB5D25C9} = {E0A71FCE-69DD-40A6-87FB-2D63AB5D25C9}
	EndProjectSection
EndProject
Project("{2150E333-8FDC-42A3-9474-1A3956D46DE8}") = "Solution Items", "Solution Items", "{EF3FC267-D558-4556-8E8E-16BA7C52BDA3}"
	ProjectSection(SolutionItems) = preProject
		d2dlib-master\.editorconfig = d2dlib-master\.editorconfig
		d2dlib-master\.gitignore = d2dlib-master\.gitignore
		d2dlib-master\src\Directory.Build.props = d2dlib-master\src\Directory.Build.props
		d2dlib-master\INSTALL.md = d2dlib-master\INSTALL.md
		d2dlib-master\LICENSE.md = d2dlib-master\LICENSE.md
		d2dlib-master\package\logo_d2dlib.png = d2dlib-master\package\logo_d2dlib.png
		d2dlib-master\src\NativeLibraries.props = d2dlib-master\src\NativeLibraries.props
		d2dlib-master\README.md = d2dlib-master\README.md
	EndProjectSection
EndProject
Project("{2150E333-8FDC-42A3-9474-1A3956D46DE8}") = "snapshots", "snapshots", "{F362F889-0287-4377-A211-440C9871FDA6}"
	ProjectSection(SolutionItems) = preProject
		d2dlib-master\snapshots\bitmap_rendering.png = d2dlib-master\snapshots\bitmap_rendering.png
		d2dlib-master\snapshots\imagetest.png = d2dlib-master\snapshots\imagetest.png
		d2dlib-master\snapshots\starspace.png = d2dlib-master\snapshots\starspace.png
		d2dlib-master\snapshots\subtitle.png = d2dlib-master\snapshots\subtitle.png
		d2dlib-master\snapshots\whiteboard.png = d2dlib-master\snapshots\whiteboard.png
	EndProjectSection
EndProject
Project("{9A19103F-16F7-4668-BE54-9A1E7A4F7556}") = "D2DWinForm", "d2dlib-master\src\D2DWinForm\D2DWinForm.csproj", "{40ED2809-ABA2-4655-82DD-E38AD12138BB}"
	ProjectSection(ProjectDependencies) = postProject
		{E0A71FCE-69DD-40A6-87FB-2D63AB5D25C9} = {E0A71FCE-69DD-40A6-87FB-2D63AB5D25C9}
	EndProjectSection
EndProject
Global
	GlobalSection(SolutionConfigurationPlatforms) = preSolution
		ApplicationGenerator|Any CPU = ApplicationGenerator|Any CPU
		Debug|Any CPU = Debug|Any CPU
		DebugAll|Any CPU = DebugAll|Any CPU
		PreRelease|Any CPU = PreRelease|Any CPU
		Release|Any CPU = Release|Any CPU
	EndGlobalSection
	GlobalSection(ProjectConfigurationPlatforms) = postSolution
		{CA494C1B-A748-4578-96D4-BF12622035B1}.ApplicationGenerator|Any CPU.ActiveCfg = Release|Any CPU
		{CA494C1B-A748-4578-96D4-BF12622035B1}.ApplicationGenerator|Any CPU.Build.0 = Release|Any CPU
		{CA494C1B-A748-4578-96D4-BF12622035B1}.Debug|Any CPU.ActiveCfg = Debug|Any CPU
		{CA494C1B-A748-4578-96D4-BF12622035B1}.Debug|Any CPU.Build.0 = Debug|Any CPU
		{CA494C1B-A748-4578-96D4-BF12622035B1}.DebugAll|Any CPU.ActiveCfg = Debug|Any CPU
		{CA494C1B-A748-4578-96D4-BF12622035B1}.DebugAll|Any CPU.Build.0 = Debug|Any CPU
		{CA494C1B-A748-4578-96D4-BF12622035B1}.PreRelease|Any CPU.ActiveCfg = Release|Any CPU
		{CA494C1B-A748-4578-96D4-BF12622035B1}.PreRelease|Any CPU.Build.0 = Release|Any CPU
		{CA494C1B-A748-4578-96D4-BF12622035B1}.Release|Any CPU.ActiveCfg = Release|Any CPU
		{CA494C1B-A748-4578-96D4-BF12622035B1}.Release|Any CPU.Build.0 = Release|Any CPU
		{05A17B18-F352-44EE-9D1B-C8E36D114DA3}.ApplicationGenerator|Any CPU.ActiveCfg = Release|Any CPU
		{05A17B18-F352-44EE-9D1B-C8E36D114DA3}.ApplicationGenerator|Any CPU.Build.0 = Release|Any CPU
		{05A17B18-F352-44EE-9D1B-C8E36D114DA3}.Debug|Any CPU.ActiveCfg = Debug|Any CPU
		{05A17B18-F352-44EE-9D1B-C8E36D114DA3}.Debug|Any CPU.Build.0 = Debug|Any CPU
		{05A17B18-F352-44EE-9D1B-C8E36D114DA3}.DebugAll|Any CPU.ActiveCfg = Debug|Any CPU
		{05A17B18-F352-44EE-9D1B-C8E36D114DA3}.DebugAll|Any CPU.Build.0 = Debug|Any CPU
		{05A17B18-F352-44EE-9D1B-C8E36D114DA3}.PreRelease|Any CPU.ActiveCfg = Release|Any CPU
		{05A17B18-F352-44EE-9D1B-C8E36D114DA3}.PreRelease|Any CPU.Build.0 = Release|Any CPU
		{05A17B18-F352-44EE-9D1B-C8E36D114DA3}.Release|Any CPU.ActiveCfg = Release|Any CPU
		{05A17B18-F352-44EE-9D1B-C8E36D114DA3}.Release|Any CPU.Build.0 = Release|Any CPU
		{14209764-C526-4BA0-ACAA-977C00005D01}.ApplicationGenerator|Any CPU.ActiveCfg = Release|Any CPU
		{14209764-C526-4BA0-ACAA-977C00005D01}.ApplicationGenerator|Any CPU.Build.0 = Release|Any CPU
		{14209764-C526-4BA0-ACAA-977C00005D01}.Debug|Any CPU.ActiveCfg = Debug|Any CPU
		{14209764-C526-4BA0-ACAA-977C00005D01}.Debug|Any CPU.Build.0 = Debug|Any CPU
		{14209764-C526-4BA0-ACAA-977C00005D01}.DebugAll|Any CPU.ActiveCfg = Debug|Any CPU
		{14209764-C526-4BA0-ACAA-977C00005D01}.DebugAll|Any CPU.Build.0 = Debug|Any CPU
		{14209764-C526-4BA0-ACAA-977C00005D01}.PreRelease|Any CPU.ActiveCfg = Release|Any CPU
		{14209764-C526-4BA0-ACAA-977C00005D01}.PreRelease|Any CPU.Build.0 = Release|Any CPU
		{14209764-C526-4BA0-ACAA-977C00005D01}.Release|Any CPU.ActiveCfg = Release|Any CPU
		{14209764-C526-4BA0-ACAA-977C00005D01}.Release|Any CPU.Build.0 = Release|Any CPU
		{0B7F9DA8-3926-4839-9C1F-C36BA29D4F36}.ApplicationGenerator|Any CPU.ActiveCfg = Release|Any CPU
		{0B7F9DA8-3926-4839-9C1F-C36BA29D4F36}.ApplicationGenerator|Any CPU.Build.0 = Release|Any CPU
		{0B7F9DA8-3926-4839-9C1F-C36BA29D4F36}.Debug|Any CPU.ActiveCfg = Debug|Any CPU
		{0B7F9DA8-3926-4839-9C1F-C36BA29D4F36}.Debug|Any CPU.Build.0 = Debug|Any CPU
		{0B7F9DA8-3926-4839-9C1F-C36BA29D4F36}.DebugAll|Any CPU.ActiveCfg = Debug|Any CPU
		{0B7F9DA8-3926-4839-9C1F-C36BA29D4F36}.DebugAll|Any CPU.Build.0 = Debug|Any CPU
		{0B7F9DA8-3926-4839-9C1F-C36BA29D4F36}.PreRelease|Any CPU.ActiveCfg = Release|Any CPU
		{0B7F9DA8-3926-4839-9C1F-C36BA29D4F36}.PreRelease|Any CPU.Build.0 = Release|Any CPU
		{0B7F9DA8-3926-4839-9C1F-C36BA29D4F36}.Release|Any CPU.ActiveCfg = Release|Any CPU
		{0B7F9DA8-3926-4839-9C1F-C36BA29D4F36}.Release|Any CPU.Build.0 = Release|Any CPU
		{A433A7A7-796C-46F2-9E1D-D3C2C2225882}.ApplicationGenerator|Any CPU.ActiveCfg = Debug|Any CPU
		{A433A7A7-796C-46F2-9E1D-D3C2C2225882}.ApplicationGenerator|Any CPU.Build.0 = Debug|Any CPU
		{A433A7A7-796C-46F2-9E1D-D3C2C2225882}.Debug|Any CPU.ActiveCfg = Debug|Any CPU
		{A433A7A7-796C-46F2-9E1D-D3C2C2225882}.Debug|Any CPU.Build.0 = Debug|Any CPU
		{A433A7A7-796C-46F2-9E1D-D3C2C2225882}.DebugAll|Any CPU.ActiveCfg = Debug|Any CPU
		{A433A7A7-796C-46F2-9E1D-D3C2C2225882}.DebugAll|Any CPU.Build.0 = Debug|Any CPU
		{A433A7A7-796C-46F2-9E1D-D3C2C2225882}.PreRelease|Any CPU.ActiveCfg = Release|Any CPU
		{A433A7A7-796C-46F2-9E1D-D3C2C2225882}.PreRelease|Any CPU.Build.0 = Release|Any CPU
		{A433A7A7-796C-46F2-9E1D-D3C2C2225882}.Release|Any CPU.ActiveCfg = Release|Any CPU
		{A433A7A7-796C-46F2-9E1D-D3C2C2225882}.Release|Any CPU.Build.0 = Release|Any CPU
		{A4763B8B-F945-4C4C-9727-7E970E02F662}.ApplicationGenerator|Any CPU.ActiveCfg = ApplicationGenerator|Any CPU
		{A4763B8B-F945-4C4C-9727-7E970E02F662}.ApplicationGenerator|Any CPU.Build.0 = ApplicationGenerator|Any CPU
		{A4763B8B-F945-4C4C-9727-7E970E02F662}.Debug|Any CPU.ActiveCfg = Debug|Any CPU
		{A4763B8B-F945-4C4C-9727-7E970E02F662}.Debug|Any CPU.Build.0 = Debug|Any CPU
		{A4763B8B-F945-4C4C-9727-7E970E02F662}.DebugAll|Any CPU.ActiveCfg = DebugAll|Any CPU
		{A4763B8B-F945-4C4C-9727-7E970E02F662}.DebugAll|Any CPU.Build.0 = DebugAll|Any CPU
		{A4763B8B-F945-4C4C-9727-7E970E02F662}.PreRelease|Any CPU.ActiveCfg = PreRelease|Any CPU
		{A4763B8B-F945-4C4C-9727-7E970E02F662}.PreRelease|Any CPU.Build.0 = PreRelease|Any CPU
		{A4763B8B-F945-4C4C-9727-7E970E02F662}.Release|Any CPU.ActiveCfg = Release|Any CPU
		{A4763B8B-F945-4C4C-9727-7E970E02F662}.Release|Any CPU.Build.0 = Release|Any CPU
		{E0A71FCE-69DD-40A6-87FB-2D63AB5D25C9}.ApplicationGenerator|Any CPU.ActiveCfg = Debug|Win32
		{E0A71FCE-69DD-40A6-87FB-2D63AB5D25C9}.ApplicationGenerator|Any CPU.Build.0 = Debug|Win32
		{E0A71FCE-69DD-40A6-87FB-2D63AB5D25C9}.Debug|Any CPU.ActiveCfg = Debug|Win32
		{E0A71FCE-69DD-40A6-87FB-2D63AB5D25C9}.DebugAll|Any CPU.ActiveCfg = Debug|Win32
		{E0A71FCE-69DD-40A6-87FB-2D63AB5D25C9}.DebugAll|Any CPU.Build.0 = Debug|Win32
		{E0A71FCE-69DD-40A6-87FB-2D63AB5D25C9}.PreRelease|Any CPU.ActiveCfg = Debug|Win32
		{E0A71FCE-69DD-40A6-87FB-2D63AB5D25C9}.PreRelease|Any CPU.Build.0 = Debug|Win32
		{E0A71FCE-69DD-40A6-87FB-2D63AB5D25C9}.Release|Any CPU.ActiveCfg = Release|Win32
		{81DD53D8-FCF0-4384-A931-9370FA8E8E67}.ApplicationGenerator|Any CPU.ActiveCfg = Debug|x86
		{81DD53D8-FCF0-4384-A931-9370FA8E8E67}.ApplicationGenerator|Any CPU.Build.0 = Debug|x86
		{81DD53D8-FCF0-4384-A931-9370FA8E8E67}.Debug|Any CPU.ActiveCfg = Debug|x86
		{81DD53D8-FCF0-4384-A931-9370FA8E8E67}.DebugAll|Any CPU.ActiveCfg = Debug|x86
		{81DD53D8-FCF0-4384-A931-9370FA8E8E67}.DebugAll|Any CPU.Build.0 = Debug|x86
		{81DD53D8-FCF0-4384-A931-9370FA8E8E67}.PreRelease|Any CPU.ActiveCfg = Debug|x86
		{81DD53D8-FCF0-4384-A931-9370FA8E8E67}.PreRelease|Any CPU.Build.0 = Debug|x86
		{81DD53D8-FCF0-4384-A931-9370FA8E8E67}.Release|Any CPU.ActiveCfg = Release|x86
		{40ED2809-ABA2-4655-82DD-E38AD12138BB}.ApplicationGenerator|Any CPU.ActiveCfg = Debug|x86
		{40ED2809-ABA2-4655-82DD-E38AD12138BB}.ApplicationGenerator|Any CPU.Build.0 = Debug|x86
		{40ED2809-ABA2-4655-82DD-E38AD12138BB}.Debug|Any CPU.ActiveCfg = Debug|x86
		{40ED2809-ABA2-4655-82DD-E38AD12138BB}.DebugAll|Any CPU.ActiveCfg = Debug|x86
		{40ED2809-ABA2-4655-82DD-E38AD12138BB}.DebugAll|Any CPU.Build.0 = Debug|x86
		{40ED2809-ABA2-4655-82DD-E38AD12138BB}.PreRelease|Any CPU.ActiveCfg = Debug|x86
		{40ED2809-ABA2-4655-82DD-E38AD12138BB}.PreRelease|Any CPU.Build.0 = Debug|x86
		{40ED2809-ABA2-4655-82DD-E38AD12138BB}.Release|Any CPU.ActiveCfg = Release|x86
	EndGlobalSection
	GlobalSection(SolutionProperties) = preSolution
		HideSolutionNode = FALSE
	EndGlobalSection
	GlobalSection(NestedProjects) = preSolution
		{E0A71FCE-69DD-40A6-87FB-2D63AB5D25C9} = {15E5D5D9-AE20-41F8-B20F-7F3A68FF977E}
		{81DD53D8-FCF0-4384-A931-9370FA8E8E67} = {15E5D5D9-AE20-41F8-B20F-7F3A68FF977E}
		{EF3FC267-D558-4556-8E8E-16BA7C52BDA3} = {15E5D5D9-AE20-41F8-B20F-7F3A68FF977E}
		{40ED2809-ABA2-4655-82DD-E38AD12138BB} = {15E5D5D9-AE20-41F8-B20F-7F3A68FF977E}
	EndGlobalSection
	GlobalSection(ExtensibilityGlobals) = postSolution
		SolutionGuid = {0454030B-5E7C-4576-865E-57F7FEE2DFEA}
	EndGlobalSection
EndGlobal
