
Microsoft Visual Studio Solution File, Format Version 12.00
# Visual Studio Version 16
VisualStudioVersion = 16.0.30011.22
MinimumVisualStudioVersion = 10.0.40219.1
Project("{9A19103F-16F7-4668-BE54-9A1E7A4F7556}") = "HydraDevOps.ServicesClient", "HydraDevOps.ServicesClient\HydraDevOps.ServicesClient.csproj", "{0DEACD98-8F01-460B-8F73-91ED8AAE8A49}"
EndProject
Project("{9A19103F-16F7-4668-BE54-9A1E7A4F7556}") = "Utils.Core", "Utils.Core\Utils.Core.csproj", "{A7570560-EBA5-4207-B44B-7D29C0C3CE2A}"
EndProject
Project("{9A19103F-16F7-4668-BE54-9A1E7A4F7556}") = "HydraDevOps.Automation.Tests.StressTests", "HydraDevOps.Automation.Tests.StressTests\HydraDevOps.Automation.Tests.StressTests.csproj", "{42A4A5B7-5714-46CE-86A7-EE20DAD42BC6}"
EndProject
Project("{9A19103F-16F7-4668-BE54-9A1E7A4F7556}") = "Utils.Core.Testing", "Utils.Core.Testing\Utils.Core.Testing.csproj", "{79A24057-E40B-4FA3-9BE8-A916F8456752}"
EndProject
Project("{FAE04EC0-301F-11D3-BF4B-00C04F79EFBC}") = "_Documentation", "Documentation\_Documentation.csproj", "{6B3B6BD6-2E6C-4B70-AD42-A3C45F3FBD0D}"
EndProject
Project("{9A19103F-16F7-4668-BE54-9A1E7A4F7556}") = "HydraDevOps.Interfaces", "HydraDevOps.Interfaces\HydraDevOps.Interfaces.csproj", "{85377C3A-FAA4-478D-8434-6FA00EE22DEB}"
EndProject
Project("{9A19103F-16F7-4668-BE54-9A1E7A4F7556}") = "TestMutex", "TestMutex\TestMutex.csproj", "{CF783306-5762-4E5A-AC66-E172CD77A77B}"
EndProject
Project("{FAE04EC0-301F-11D3-BF4B-00C04F79EFBC}") = "WindowsLegacyBridge", "WindowsLegacyBridge\WindowsLegacyBridge.csproj", "{99CA6AE7-4506-4D17-8EB9-670E8D51D560}"
EndProject
Project("{FAE04EC0-301F-11D3-BF4B-00C04F79EFBC}") = "Utils", "Utils\Utils.csproj", "{A4763B8B-F945-4C4C-9727-7E970E02F662}"
EndProject
Project("{FAE04EC0-301F-11D3-BF4B-00C04F79EFBC}") = "SharedFiles", "SharedFiles\SharedFiles.csproj", "{A8B2311B-40F5-4584-8C47-6D81D90D324B}"
EndProject
Global
	GlobalSection(SolutionConfigurationPlatforms) = preSolution
		ApplicationGenerator|Any CPU = ApplicationGenerator|Any CPU
		ApplicationGenerator|x86 = ApplicationGenerator|x86
		Debug|Any CPU = Debug|Any CPU
		Debug|x86 = Debug|x86
		DebugAll|Any CPU = DebugAll|Any CPU
		DebugAll|x86 = DebugAll|x86
		Release|Any CPU = Release|Any CPU
		Release|x86 = Release|x86
	EndGlobalSection
	GlobalSection(ProjectConfigurationPlatforms) = postSolution
		{0DEACD98-8F01-460B-8F73-91ED8AAE8A49}.ApplicationGenerator|Any CPU.ActiveCfg = Release|Any CPU
		{0DEACD98-8F01-460B-8F73-91ED8AAE8A49}.ApplicationGenerator|Any CPU.Build.0 = Release|Any CPU
		{0DEACD98-8F01-460B-8F73-91ED8AAE8A49}.ApplicationGenerator|x86.ActiveCfg = Release|Any CPU
		{0DEACD98-8F01-460B-8F73-91ED8AAE8A49}.ApplicationGenerator|x86.Build.0 = Release|Any CPU
		{0DEACD98-8F01-460B-8F73-91ED8AAE8A49}.Debug|Any CPU.ActiveCfg = Debug|Any CPU
		{0DEACD98-8F01-460B-8F73-91ED8AAE8A49}.Debug|x86.ActiveCfg = Debug|Any CPU
		{0DEACD98-8F01-460B-8F73-91ED8AAE8A49}.Debug|x86.Build.0 = Debug|Any CPU
		{0DEACD98-8F01-460B-8F73-91ED8AAE8A49}.DebugAll|Any CPU.ActiveCfg = Debug|Any CPU
		{0DEACD98-8F01-460B-8F73-91ED8AAE8A49}.DebugAll|Any CPU.Build.0 = Debug|Any CPU
		{0DEACD98-8F01-460B-8F73-91ED8AAE8A49}.DebugAll|x86.ActiveCfg = Debug|Any CPU
		{0DEACD98-8F01-460B-8F73-91ED8AAE8A49}.DebugAll|x86.Build.0 = Debug|Any CPU
		{0DEACD98-8F01-460B-8F73-91ED8AAE8A49}.Release|Any CPU.ActiveCfg = Release|Any CPU
		{0DEACD98-8F01-460B-8F73-91ED8AAE8A49}.Release|Any CPU.Build.0 = Release|Any CPU
		{0DEACD98-8F01-460B-8F73-91ED8AAE8A49}.Release|x86.ActiveCfg = Release|Any CPU
		{0DEACD98-8F01-460B-8F73-91ED8AAE8A49}.Release|x86.Build.0 = Release|Any CPU
		{A7570560-EBA5-4207-B44B-7D29C0C3CE2A}.ApplicationGenerator|Any CPU.ActiveCfg = Release|Any CPU
		{A7570560-EBA5-4207-B44B-7D29C0C3CE2A}.ApplicationGenerator|Any CPU.Build.0 = Release|Any CPU
		{A7570560-EBA5-4207-B44B-7D29C0C3CE2A}.ApplicationGenerator|x86.ActiveCfg = Release|Any CPU
		{A7570560-EBA5-4207-B44B-7D29C0C3CE2A}.ApplicationGenerator|x86.Build.0 = Release|Any CPU
		{A7570560-EBA5-4207-B44B-7D29C0C3CE2A}.Debug|Any CPU.ActiveCfg = Debug|Any CPU
		{A7570560-EBA5-4207-B44B-7D29C0C3CE2A}.Debug|x86.ActiveCfg = Debug|Any CPU
		{A7570560-EBA5-4207-B44B-7D29C0C3CE2A}.Debug|x86.Build.0 = Debug|Any CPU
		{A7570560-EBA5-4207-B44B-7D29C0C3CE2A}.DebugAll|Any CPU.ActiveCfg = DebugAll|Any CPU
		{A7570560-EBA5-4207-B44B-7D29C0C3CE2A}.DebugAll|Any CPU.Build.0 = DebugAll|Any CPU
		{A7570560-EBA5-4207-B44B-7D29C0C3CE2A}.DebugAll|x86.ActiveCfg = DebugAll|Any CPU
		{A7570560-EBA5-4207-B44B-7D29C0C3CE2A}.DebugAll|x86.Build.0 = DebugAll|Any CPU
		{A7570560-EBA5-4207-B44B-7D29C0C3CE2A}.Release|Any CPU.ActiveCfg = Release|Any CPU
		{A7570560-EBA5-4207-B44B-7D29C0C3CE2A}.Release|Any CPU.Build.0 = Release|Any CPU
		{A7570560-EBA5-4207-B44B-7D29C0C3CE2A}.Release|x86.ActiveCfg = Release|Any CPU
		{A7570560-EBA5-4207-B44B-7D29C0C3CE2A}.Release|x86.Build.0 = Release|Any CPU
		{42A4A5B7-5714-46CE-86A7-EE20DAD42BC6}.ApplicationGenerator|Any CPU.ActiveCfg = Release|Any CPU
		{42A4A5B7-5714-46CE-86A7-EE20DAD42BC6}.ApplicationGenerator|Any CPU.Build.0 = Release|Any CPU
		{42A4A5B7-5714-46CE-86A7-EE20DAD42BC6}.ApplicationGenerator|x86.ActiveCfg = Release|Any CPU
		{42A4A5B7-5714-46CE-86A7-EE20DAD42BC6}.ApplicationGenerator|x86.Build.0 = Release|Any CPU
		{42A4A5B7-5714-46CE-86A7-EE20DAD42BC6}.Debug|Any CPU.ActiveCfg = Debug|Any CPU
		{42A4A5B7-5714-46CE-86A7-EE20DAD42BC6}.Debug|Any CPU.Build.0 = Debug|Any CPU
		{42A4A5B7-5714-46CE-86A7-EE20DAD42BC6}.Debug|x86.ActiveCfg = Debug|Any CPU
		{42A4A5B7-5714-46CE-86A7-EE20DAD42BC6}.Debug|x86.Build.0 = Debug|Any CPU
		{42A4A5B7-5714-46CE-86A7-EE20DAD42BC6}.DebugAll|Any CPU.ActiveCfg = Debug|Any CPU
		{42A4A5B7-5714-46CE-86A7-EE20DAD42BC6}.DebugAll|Any CPU.Build.0 = Debug|Any CPU
		{42A4A5B7-5714-46CE-86A7-EE20DAD42BC6}.DebugAll|x86.ActiveCfg = Debug|Any CPU
		{42A4A5B7-5714-46CE-86A7-EE20DAD42BC6}.DebugAll|x86.Build.0 = Debug|Any CPU
		{42A4A5B7-5714-46CE-86A7-EE20DAD42BC6}.Release|Any CPU.ActiveCfg = Release|Any CPU
		{42A4A5B7-5714-46CE-86A7-EE20DAD42BC6}.Release|Any CPU.Build.0 = Release|Any CPU
		{42A4A5B7-5714-46CE-86A7-EE20DAD42BC6}.Release|x86.ActiveCfg = Release|Any CPU
		{42A4A5B7-5714-46CE-86A7-EE20DAD42BC6}.Release|x86.Build.0 = Release|Any CPU
		{79A24057-E40B-4FA3-9BE8-A916F8456752}.ApplicationGenerator|Any CPU.ActiveCfg = Release|Any CPU
		{79A24057-E40B-4FA3-9BE8-A916F8456752}.ApplicationGenerator|Any CPU.Build.0 = Release|Any CPU
		{79A24057-E40B-4FA3-9BE8-A916F8456752}.ApplicationGenerator|x86.ActiveCfg = Release|Any CPU
		{79A24057-E40B-4FA3-9BE8-A916F8456752}.ApplicationGenerator|x86.Build.0 = Release|Any CPU
		{79A24057-E40B-4FA3-9BE8-A916F8456752}.Debug|Any CPU.ActiveCfg = Debug|Any CPU
		{79A24057-E40B-4FA3-9BE8-A916F8456752}.Debug|x86.ActiveCfg = Debug|Any CPU
		{79A24057-E40B-4FA3-9BE8-A916F8456752}.Debug|x86.Build.0 = Debug|Any CPU
		{79A24057-E40B-4FA3-9BE8-A916F8456752}.DebugAll|Any CPU.ActiveCfg = Debug|Any CPU
		{79A24057-E40B-4FA3-9BE8-A916F8456752}.DebugAll|Any CPU.Build.0 = Debug|Any CPU
		{79A24057-E40B-4FA3-9BE8-A916F8456752}.DebugAll|x86.ActiveCfg = Debug|Any CPU
		{79A24057-E40B-4FA3-9BE8-A916F8456752}.DebugAll|x86.Build.0 = Debug|Any CPU
		{79A24057-E40B-4FA3-9BE8-A916F8456752}.Release|Any CPU.ActiveCfg = Release|Any CPU
		{79A24057-E40B-4FA3-9BE8-A916F8456752}.Release|Any CPU.Build.0 = Release|Any CPU
		{79A24057-E40B-4FA3-9BE8-A916F8456752}.Release|x86.ActiveCfg = Release|Any CPU
		{79A24057-E40B-4FA3-9BE8-A916F8456752}.Release|x86.Build.0 = Release|Any CPU
		{6B3B6BD6-2E6C-4B70-AD42-A3C45F3FBD0D}.ApplicationGenerator|Any CPU.ActiveCfg = Debug|x86
		{6B3B6BD6-2E6C-4B70-AD42-A3C45F3FBD0D}.ApplicationGenerator|Any CPU.Build.0 = Debug|x86
		{6B3B6BD6-2E6C-4B70-AD42-A3C45F3FBD0D}.ApplicationGenerator|x86.ActiveCfg = Debug|x86
		{6B3B6BD6-2E6C-4B70-AD42-A3C45F3FBD0D}.ApplicationGenerator|x86.Build.0 = Debug|x86
		{6B3B6BD6-2E6C-4B70-AD42-A3C45F3FBD0D}.Debug|Any CPU.ActiveCfg = Debug|x86
		{6B3B6BD6-2E6C-4B70-AD42-A3C45F3FBD0D}.Debug|Any CPU.Build.0 = Debug|x86
		{6B3B6BD6-2E6C-4B70-AD42-A3C45F3FBD0D}.Debug|x86.ActiveCfg = Debug|x86
		{6B3B6BD6-2E6C-4B70-AD42-A3C45F3FBD0D}.Debug|x86.Build.0 = Debug|x86
		{6B3B6BD6-2E6C-4B70-AD42-A3C45F3FBD0D}.DebugAll|Any CPU.ActiveCfg = Debug|x86
		{6B3B6BD6-2E6C-4B70-AD42-A3C45F3FBD0D}.DebugAll|Any CPU.Build.0 = Debug|x86
		{6B3B6BD6-2E6C-4B70-AD42-A3C45F3FBD0D}.DebugAll|x86.ActiveCfg = Debug|x86
		{6B3B6BD6-2E6C-4B70-AD42-A3C45F3FBD0D}.DebugAll|x86.Build.0 = Debug|x86
		{6B3B6BD6-2E6C-4B70-AD42-A3C45F3FBD0D}.Release|Any CPU.ActiveCfg = Debug|x86
		{6B3B6BD6-2E6C-4B70-AD42-A3C45F3FBD0D}.Release|Any CPU.Build.0 = Debug|x86
		{6B3B6BD6-2E6C-4B70-AD42-A3C45F3FBD0D}.Release|x86.ActiveCfg = Debug|x86
		{6B3B6BD6-2E6C-4B70-AD42-A3C45F3FBD0D}.Release|x86.Build.0 = Debug|x86
		{85377C3A-FAA4-478D-8434-6FA00EE22DEB}.ApplicationGenerator|Any CPU.ActiveCfg = Release|Any CPU
		{85377C3A-FAA4-478D-8434-6FA00EE22DEB}.ApplicationGenerator|Any CPU.Build.0 = Release|Any CPU
		{85377C3A-FAA4-478D-8434-6FA00EE22DEB}.ApplicationGenerator|x86.ActiveCfg = Release|Any CPU
		{85377C3A-FAA4-478D-8434-6FA00EE22DEB}.ApplicationGenerator|x86.Build.0 = Release|Any CPU
		{85377C3A-FAA4-478D-8434-6FA00EE22DEB}.Debug|Any CPU.ActiveCfg = Debug|Any CPU
		{85377C3A-FAA4-478D-8434-6FA00EE22DEB}.Debug|x86.ActiveCfg = Debug|Any CPU
		{85377C3A-FAA4-478D-8434-6FA00EE22DEB}.Debug|x86.Build.0 = Debug|Any CPU
		{85377C3A-FAA4-478D-8434-6FA00EE22DEB}.DebugAll|Any CPU.ActiveCfg = Debug|Any CPU
		{85377C3A-FAA4-478D-8434-6FA00EE22DEB}.DebugAll|Any CPU.Build.0 = Debug|Any CPU
		{85377C3A-FAA4-478D-8434-6FA00EE22DEB}.DebugAll|x86.ActiveCfg = Debug|Any CPU
		{85377C3A-FAA4-478D-8434-6FA00EE22DEB}.DebugAll|x86.Build.0 = Debug|Any CPU
		{85377C3A-FAA4-478D-8434-6FA00EE22DEB}.Release|Any CPU.ActiveCfg = Release|Any CPU
		{85377C3A-FAA4-478D-8434-6FA00EE22DEB}.Release|Any CPU.Build.0 = Release|Any CPU
		{85377C3A-FAA4-478D-8434-6FA00EE22DEB}.Release|x86.ActiveCfg = Release|Any CPU
		{85377C3A-FAA4-478D-8434-6FA00EE22DEB}.Release|x86.Build.0 = Release|Any CPU
		{CF783306-5762-4E5A-AC66-E172CD77A77B}.ApplicationGenerator|Any CPU.ActiveCfg = Release|Any CPU
		{CF783306-5762-4E5A-AC66-E172CD77A77B}.ApplicationGenerator|Any CPU.Build.0 = Release|Any CPU
		{CF783306-5762-4E5A-AC66-E172CD77A77B}.ApplicationGenerator|x86.ActiveCfg = Release|Any CPU
		{CF783306-5762-4E5A-AC66-E172CD77A77B}.ApplicationGenerator|x86.Build.0 = Release|Any CPU
		{CF783306-5762-4E5A-AC66-E172CD77A77B}.Debug|Any CPU.ActiveCfg = Debug|Any CPU
		{CF783306-5762-4E5A-AC66-E172CD77A77B}.Debug|Any CPU.Build.0 = Debug|Any CPU
		{CF783306-5762-4E5A-AC66-E172CD77A77B}.Debug|x86.ActiveCfg = Debug|Any CPU
		{CF783306-5762-4E5A-AC66-E172CD77A77B}.Debug|x86.Build.0 = Debug|Any CPU
		{CF783306-5762-4E5A-AC66-E172CD77A77B}.DebugAll|Any CPU.ActiveCfg = Debug|Any CPU
		{CF783306-5762-4E5A-AC66-E172CD77A77B}.DebugAll|Any CPU.Build.0 = Debug|Any CPU
		{CF783306-5762-4E5A-AC66-E172CD77A77B}.DebugAll|x86.ActiveCfg = Debug|Any CPU
		{CF783306-5762-4E5A-AC66-E172CD77A77B}.DebugAll|x86.Build.0 = Debug|Any CPU
		{CF783306-5762-4E5A-AC66-E172CD77A77B}.Release|Any CPU.ActiveCfg = Release|Any CPU
		{CF783306-5762-4E5A-AC66-E172CD77A77B}.Release|Any CPU.Build.0 = Release|Any CPU
		{CF783306-5762-4E5A-AC66-E172CD77A77B}.Release|x86.ActiveCfg = Release|Any CPU
		{CF783306-5762-4E5A-AC66-E172CD77A77B}.Release|x86.Build.0 = Release|Any CPU
		{99CA6AE7-4506-4D17-8EB9-670E8D51D560}.ApplicationGenerator|Any CPU.ActiveCfg = Release|Any CPU
		{99CA6AE7-4506-4D17-8EB9-670E8D51D560}.ApplicationGenerator|Any CPU.Build.0 = Release|Any CPU
		{99CA6AE7-4506-4D17-8EB9-670E8D51D560}.ApplicationGenerator|x86.ActiveCfg = Release|Any CPU
		{99CA6AE7-4506-4D17-8EB9-670E8D51D560}.ApplicationGenerator|x86.Build.0 = Release|Any CPU
		{99CA6AE7-4506-4D17-8EB9-670E8D51D560}.Debug|Any CPU.ActiveCfg = Debug|Any CPU
		{99CA6AE7-4506-4D17-8EB9-670E8D51D560}.Debug|Any CPU.Build.0 = Debug|Any CPU
		{99CA6AE7-4506-4D17-8EB9-670E8D51D560}.Debug|x86.ActiveCfg = Debug|Any CPU
		{99CA6AE7-4506-4D17-8EB9-670E8D51D560}.Debug|x86.Build.0 = Debug|Any CPU
		{99CA6AE7-4506-4D17-8EB9-670E8D51D560}.DebugAll|Any CPU.ActiveCfg = Debug|Any CPU
		{99CA6AE7-4506-4D17-8EB9-670E8D51D560}.DebugAll|Any CPU.Build.0 = Debug|Any CPU
		{99CA6AE7-4506-4D17-8EB9-670E8D51D560}.DebugAll|x86.ActiveCfg = Debug|Any CPU
		{99CA6AE7-4506-4D17-8EB9-670E8D51D560}.DebugAll|x86.Build.0 = Debug|Any CPU
		{99CA6AE7-4506-4D17-8EB9-670E8D51D560}.Release|Any CPU.ActiveCfg = Release|Any CPU
		{99CA6AE7-4506-4D17-8EB9-670E8D51D560}.Release|Any CPU.Build.0 = Release|Any CPU
		{99CA6AE7-4506-4D17-8EB9-670E8D51D560}.Release|x86.ActiveCfg = Release|Any CPU
		{99CA6AE7-4506-4D17-8EB9-670E8D51D560}.Release|x86.Build.0 = Release|Any CPU
		{A4763B8B-F945-4C4C-9727-7E970E02F662}.ApplicationGenerator|Any CPU.ActiveCfg = ApplicationGenerator|Any CPU
		{A4763B8B-F945-4C4C-9727-7E970E02F662}.ApplicationGenerator|Any CPU.Build.0 = ApplicationGenerator|Any CPU
		{A4763B8B-F945-4C4C-9727-7E970E02F662}.ApplicationGenerator|x86.ActiveCfg = ApplicationGenerator|Any CPU
		{A4763B8B-F945-4C4C-9727-7E970E02F662}.ApplicationGenerator|x86.Build.0 = ApplicationGenerator|Any CPU
		{A4763B8B-F945-4C4C-9727-7E970E02F662}.Debug|Any CPU.ActiveCfg = Debug|Any CPU
		{A4763B8B-F945-4C4C-9727-7E970E02F662}.Debug|Any CPU.Build.0 = Debug|Any CPU
		{A4763B8B-F945-4C4C-9727-7E970E02F662}.Debug|x86.ActiveCfg = Debug|Any CPU
		{A4763B8B-F945-4C4C-9727-7E970E02F662}.Debug|x86.Build.0 = Debug|Any CPU
		{A4763B8B-F945-4C4C-9727-7E970E02F662}.DebugAll|Any CPU.ActiveCfg = DebugAll|Any CPU
		{A4763B8B-F945-4C4C-9727-7E970E02F662}.DebugAll|Any CPU.Build.0 = DebugAll|Any CPU
		{A4763B8B-F945-4C4C-9727-7E970E02F662}.DebugAll|x86.ActiveCfg = DebugAll|Any CPU
		{A4763B8B-F945-4C4C-9727-7E970E02F662}.DebugAll|x86.Build.0 = DebugAll|Any CPU
		{A4763B8B-F945-4C4C-9727-7E970E02F662}.Release|Any CPU.ActiveCfg = Release|Any CPU
		{A4763B8B-F945-4C4C-9727-7E970E02F662}.Release|Any CPU.Build.0 = Release|Any CPU
		{A4763B8B-F945-4C4C-9727-7E970E02F662}.Release|x86.ActiveCfg = Release|Any CPU
		{A4763B8B-F945-4C4C-9727-7E970E02F662}.Release|x86.Build.0 = Release|Any CPU
		{A8B2311B-40F5-4584-8C47-6D81D90D324B}.ApplicationGenerator|Any CPU.ActiveCfg = Debug|x86
		{A8B2311B-40F5-4584-8C47-6D81D90D324B}.ApplicationGenerator|Any CPU.Build.0 = Debug|x86
		{A8B2311B-40F5-4584-8C47-6D81D90D324B}.ApplicationGenerator|x86.ActiveCfg = Debug|x86
		{A8B2311B-40F5-4584-8C47-6D81D90D324B}.ApplicationGenerator|x86.Build.0 = Debug|x86
		{A8B2311B-40F5-4584-8C47-6D81D90D324B}.Debug|Any CPU.ActiveCfg = Debug|x86
		{A8B2311B-40F5-4584-8C47-6D81D90D324B}.Debug|x86.ActiveCfg = Debug|x86
		{A8B2311B-40F5-4584-8C47-6D81D90D324B}.Debug|x86.Build.0 = Debug|x86
		{A8B2311B-40F5-4584-8C47-6D81D90D324B}.DebugAll|Any CPU.ActiveCfg = Debug|x86
		{A8B2311B-40F5-4584-8C47-6D81D90D324B}.DebugAll|Any CPU.Build.0 = Debug|x86
		{A8B2311B-40F5-4584-8C47-6D81D90D324B}.DebugAll|x86.ActiveCfg = Debug|x86
		{A8B2311B-40F5-4584-8C47-6D81D90D324B}.DebugAll|x86.Build.0 = Debug|x86
		{A8B2311B-40F5-4584-8C47-6D81D90D324B}.Release|Any CPU.ActiveCfg = Debug|x86
		{A8B2311B-40F5-4584-8C47-6D81D90D324B}.Release|Any CPU.Build.0 = Debug|x86
		{A8B2311B-40F5-4584-8C47-6D81D90D324B}.Release|x86.ActiveCfg = Debug|x86
		{A8B2311B-40F5-4584-8C47-6D81D90D324B}.Release|x86.Build.0 = Debug|x86
	EndGlobalSection
	GlobalSection(SolutionProperties) = preSolution
		HideSolutionNode = FALSE
	EndGlobalSection
	GlobalSection(ExtensibilityGlobals) = postSolution
		SolutionGuid = {4EB678F5-51D1-4A6C-A366-F81F2EDE4237}
	EndGlobalSection
EndGlobal
