
Microsoft Visual Studio Solution File, Format Version 12.00
# Visual Studio Version 16
VisualStudioVersion = 16.0.30011.22
MinimumVisualStudioVersion = 10.0.40219.1
Project("{9A19103F-16F7-4668-BE54-9A1E7A4F7556}") = "HydraDevOps.Automation.Dashboard", "HydraDevOps.Automation.Dashboard\HydraDevOps.Automation.Dashboard.csproj", "{FC700E50-0FB0-4E8B-A923-2A53C830C860}"
EndProject
Project("{9A19103F-16F7-4668-BE54-9A1E7A4F7556}") = "HydraDevOps.ServicesClient", "HydraDevOps.ServicesClient\HydraDevOps.ServicesClient.csproj", "{0DEACD98-8F01-460B-8F73-91ED8AAE8A49}"
EndProject
Project("{9A19103F-16F7-4668-BE54-9A1E7A4F7556}") = "Utils.Core", "Utils.Core\Utils.Core.csproj", "{A7570560-EBA5-4207-B44B-7D29C0C3CE2A}"
EndProject
Project("{9A19103F-16F7-4668-BE54-9A1E7A4F7556}") = "Utils.Core.Desktop", "Utils.Core.Desktop\Utils.Core.Desktop.csproj", "{465942FE-4CED-48A7-A722-98A888B2A9D9}"
EndProject
Project("{9A19103F-16F7-4668-BE54-9A1E7A4F7556}") = "HydraDevOps.Interfaces", "HydraDevOps.Interfaces\HydraDevOps.Interfaces.csproj", "{27C1C488-83A8-4DAF-BFD9-FC25CEF65AE8}"
EndProject
Global
	GlobalSection(SolutionConfigurationPlatforms) = preSolution
		Debug|Any CPU = Debug|Any CPU
		DebugAll|Any CPU = DebugAll|Any CPU
		Release|Any CPU = Release|Any CPU
	EndGlobalSection
	GlobalSection(ProjectConfigurationPlatforms) = postSolution
		{FC700E50-0FB0-4E8B-A923-2A53C830C860}.Debug|Any CPU.ActiveCfg = Debug|Any CPU
		{FC700E50-0FB0-4E8B-A923-2A53C830C860}.Debug|Any CPU.Build.0 = Debug|Any CPU
		{FC700E50-0FB0-4E8B-A923-2A53C830C860}.DebugAll|Any CPU.ActiveCfg = Debug|Any CPU
		{FC700E50-0FB0-4E8B-A923-2A53C830C860}.DebugAll|Any CPU.Build.0 = Debug|Any CPU
		{FC700E50-0FB0-4E8B-A923-2A53C830C860}.Release|Any CPU.ActiveCfg = Release|Any CPU
		{FC700E50-0FB0-4E8B-A923-2A53C830C860}.Release|Any CPU.Build.0 = Release|Any CPU
		{0DEACD98-8F01-460B-8F73-91ED8AAE8A49}.Debug|Any CPU.ActiveCfg = Debug|Any CPU
		{0DEACD98-8F01-460B-8F73-91ED8AAE8A49}.DebugAll|Any CPU.ActiveCfg = Debug|Any CPU
		{0DEACD98-8F01-460B-8F73-91ED8AAE8A49}.DebugAll|Any CPU.Build.0 = Debug|Any CPU
		{0DEACD98-8F01-460B-8F73-91ED8AAE8A49}.Release|Any CPU.ActiveCfg = Release|Any CPU
		{0DEACD98-8F01-460B-8F73-91ED8AAE8A49}.Release|Any CPU.Build.0 = Release|Any CPU
		{A7570560-EBA5-4207-B44B-7D29C0C3CE2A}.Debug|Any CPU.ActiveCfg = Debug|Any CPU
		{A7570560-EBA5-4207-B44B-7D29C0C3CE2A}.DebugAll|Any CPU.ActiveCfg = DebugAll|Any CPU
		{A7570560-EBA5-4207-B44B-7D29C0C3CE2A}.DebugAll|Any CPU.Build.0 = DebugAll|Any CPU
		{A7570560-EBA5-4207-B44B-7D29C0C3CE2A}.Release|Any CPU.ActiveCfg = Release|Any CPU
		{A7570560-EBA5-4207-B44B-7D29C0C3CE2A}.Release|Any CPU.Build.0 = Release|Any CPU
		{465942FE-4CED-48A7-A722-98A888B2A9D9}.Debug|Any CPU.ActiveCfg = Debug|Any CPU
		{465942FE-4CED-48A7-A722-98A888B2A9D9}.Debug|Any CPU.Build.0 = Debug|Any CPU
		{465942FE-4CED-48A7-A722-98A888B2A9D9}.DebugAll|Any CPU.ActiveCfg = Debug|Any CPU
		{465942FE-4CED-48A7-A722-98A888B2A9D9}.DebugAll|Any CPU.Build.0 = Debug|Any CPU
		{465942FE-4CED-48A7-A722-98A888B2A9D9}.Release|Any CPU.ActiveCfg = Release|Any CPU
		{465942FE-4CED-48A7-A722-98A888B2A9D9}.Release|Any CPU.Build.0 = Release|Any CPU
		{27C1C488-83A8-4DAF-BFD9-FC25CEF65AE8}.Debug|Any CPU.ActiveCfg = Debug|Any CPU
		{27C1C488-83A8-4DAF-BFD9-FC25CEF65AE8}.DebugAll|Any CPU.ActiveCfg = Debug|Any CPU
		{27C1C488-83A8-4DAF-BFD9-FC25CEF65AE8}.DebugAll|Any CPU.Build.0 = Debug|Any CPU
		{27C1C488-83A8-4DAF-BFD9-FC25CEF65AE8}.Release|Any CPU.ActiveCfg = Release|Any CPU
		{27C1C488-83A8-4DAF-BFD9-FC25CEF65AE8}.Release|Any CPU.Build.0 = Release|Any CPU
	EndGlobalSection
	GlobalSection(SolutionProperties) = preSolution
		HideSolutionNode = FALSE
	EndGlobalSection
	GlobalSection(ExtensibilityGlobals) = postSolution
		SolutionGuid = {4EB678F5-51D1-4A6C-A366-F81F2EDE4237}
	EndGlobalSection
EndGlobal
