
Microsoft Visual Studio Solution File, Format Version 12.00
# Visual Studio Version 16
VisualStudioVersion = 16.0.30204.135
MinimumVisualStudioVersion = 10.0.40219.1
Project("{9A19103F-16F7-4668-BE54-9A1E7A4F7556}") = "HydraDevOps.Interfaces", "HydraDevOps.Interfaces\HydraDevOps.Interfaces.csproj", "{DED63B85-2377-49DF-9CD9-1297D4597762}"
EndProject
Project("{9A19103F-16F7-4668-BE54-9A1E7A4F7556}") = "HydraDevOps.SessionClientService", "HydraDevOps.SessionClientService\HydraDevOps.SessionClientService.csproj", "{32CA8FAF-F3A6-4284-AE87-3FCB3CAA19E5}"
EndProject
Project("{9A19103F-16F7-4668-BE54-9A1E7A4F7556}") = "HydraDevOps.Automation.Client", "HydraDevOps.Automation.Client\HydraDevOps.Automation.Client.csproj", "{5EA95E03-42D4-468A-95E5-8ACD37651970}"
EndProject
Project("{9A19103F-16F7-4668-BE54-9A1E7A4F7556}") = "HydraDevOps.ContainerServices", "HydraDevOps.ContainerServices\HydraDevOps.ContainerServices.csproj", "{D1EE6F27-89B0-43D5-BC3E-4A2572A42999}"
EndProject
Project("{9A19103F-16F7-4668-BE54-9A1E7A4F7556}") = "HydraDevOps.Elasticsearch", "HydraDevOps.Elasticsearch\HydraDevOps.Elasticsearch.csproj", "{0A8EE239-8808-4ADD-BBAC-019C507DD106}"
EndProject
Project("{9A19103F-16F7-4668-BE54-9A1E7A4F7556}") = "HydraDevOps.Entities", "HydraDevOps.Entities\HydraDevOps.Entities.csproj", "{DA2B175F-A95F-4FCD-938F-41D34A5B0D10}"
EndProject
Project("{9A19103F-16F7-4668-BE54-9A1E7A4F7556}") = "HydraDevOps.ServicesClient", "HydraDevOps.ServicesClient\HydraDevOps.ServicesClient.csproj", "{819B69B2-7F31-455E-88B3-59CF560AAA86}"
EndProject
Project("{9A19103F-16F7-4668-BE54-9A1E7A4F7556}") = "Utils.Core", "Utils.Core\Utils.Core.csproj", "{D5903D9A-C963-4B1D-864F-5A30D7FFD3EA}"
EndProject
Project("{9A19103F-16F7-4668-BE54-9A1E7A4F7556}") = "HydraDevOps.SessionClientProxy", "HydraDevOps.SessionClientProxy\HydraDevOps.SessionClientProxy.csproj", "{7192BC7D-A96D-403B-B09E-DFDD8050BA00}"
EndProject
Project("{9A19103F-16F7-4668-BE54-9A1E7A4F7556}") = "ProtoGen", "ProtoGen\ProtoGen.csproj", "{3C43BC32-985B-4336-B1C3-5882655CB1CA}"
EndProject
Project("{FAE04EC0-301F-11D3-BF4B-00C04F79EFBC}") = "Utils", "Utils\Utils.csproj", "{A4763B8B-F945-4C4C-9727-7E970E02F662}"
EndProject
Project("{9A19103F-16F7-4668-BE54-9A1E7A4F7556}") = "HydraDevOps.SessionClientService.Tests", "HydraDevOps.SessionClientService.Tests\HydraDevOps.SessionClientService.Tests.csproj", "{FBE7B6EF-9EE1-478E-B81C-86CC2C16DC3F}"
EndProject
Project("{9A19103F-16F7-4668-BE54-9A1E7A4F7556}") = "Utils.Core.Testing", "Utils.Core.Testing\Utils.Core.Testing.csproj", "{0745CC4B-0066-4C88-96CB-12A3227A1395}"
EndProject
Project("{FAE04EC0-301F-11D3-BF4B-00C04F79EFBC}") = "SharedFiles", "SharedFiles\SharedFiles.csproj", "{A8B2311B-40F5-4584-8C47-6D81D90D324B}"
EndProject
Global
	GlobalSection(SolutionConfigurationPlatforms) = preSolution
		ApplicationGenerator|Any CPU = ApplicationGenerator|Any CPU
		ApplicationGenerator|x86 = ApplicationGenerator|x86
		Debug|Any CPU = Debug|Any CPU
		Debug|x86 = Debug|x86
		DebugAll|Any CPU = DebugAll|Any CPU
		DebugAll|x86 = DebugAll|x86
		Release|Any CPU = Release|Any CPU
		Release|x86 = Release|x86
	EndGlobalSection
	GlobalSection(ProjectConfigurationPlatforms) = postSolution
		{DED63B85-2377-49DF-9CD9-1297D4597762}.ApplicationGenerator|Any CPU.ActiveCfg = Release|Any CPU
		{DED63B85-2377-49DF-9CD9-1297D4597762}.ApplicationGenerator|Any CPU.Build.0 = Release|Any CPU
		{DED63B85-2377-49DF-9CD9-1297D4597762}.ApplicationGenerator|x86.ActiveCfg = Debug|Any CPU
		{DED63B85-2377-49DF-9CD9-1297D4597762}.ApplicationGenerator|x86.Build.0 = Debug|Any CPU
		{DED63B85-2377-49DF-9CD9-1297D4597762}.Debug|Any CPU.ActiveCfg = Debug|Any CPU
		{DED63B85-2377-49DF-9CD9-1297D4597762}.Debug|x86.ActiveCfg = Debug|Any CPU
		{DED63B85-2377-49DF-9CD9-1297D4597762}.Debug|x86.Build.0 = Debug|Any CPU
		{DED63B85-2377-49DF-9CD9-1297D4597762}.DebugAll|Any CPU.ActiveCfg = Debug|Any CPU
		{DED63B85-2377-49DF-9CD9-1297D4597762}.DebugAll|Any CPU.Build.0 = Debug|Any CPU
		{DED63B85-2377-49DF-9CD9-1297D4597762}.DebugAll|x86.ActiveCfg = Debug|Any CPU
		{DED63B85-2377-49DF-9CD9-1297D4597762}.DebugAll|x86.Build.0 = Debug|Any CPU
		{DED63B85-2377-49DF-9CD9-1297D4597762}.Release|Any CPU.ActiveCfg = Release|Any CPU
		{DED63B85-2377-49DF-9CD9-1297D4597762}.Release|Any CPU.Build.0 = Release|Any CPU
		{DED63B85-2377-49DF-9CD9-1297D4597762}.Release|x86.ActiveCfg = Release|Any CPU
		{DED63B85-2377-49DF-9CD9-1297D4597762}.Release|x86.Build.0 = Release|Any CPU
		{32CA8FAF-F3A6-4284-AE87-3FCB3CAA19E5}.ApplicationGenerator|Any CPU.ActiveCfg = Release|Any CPU
		{32CA8FAF-F3A6-4284-AE87-3FCB3CAA19E5}.ApplicationGenerator|Any CPU.Build.0 = Release|Any CPU
		{32CA8FAF-F3A6-4284-AE87-3FCB3CAA19E5}.ApplicationGenerator|x86.ActiveCfg = Debug|Any CPU
		{32CA8FAF-F3A6-4284-AE87-3FCB3CAA19E5}.ApplicationGenerator|x86.Build.0 = Debug|Any CPU
		{32CA8FAF-F3A6-4284-AE87-3FCB3CAA19E5}.Debug|Any CPU.ActiveCfg = Debug|Any CPU
		{32CA8FAF-F3A6-4284-AE87-3FCB3CAA19E5}.Debug|Any CPU.Build.0 = Debug|Any CPU
		{32CA8FAF-F3A6-4284-AE87-3FCB3CAA19E5}.Debug|x86.ActiveCfg = Debug|Any CPU
		{32CA8FAF-F3A6-4284-AE87-3FCB3CAA19E5}.Debug|x86.Build.0 = Debug|Any CPU
		{32CA8FAF-F3A6-4284-AE87-3FCB3CAA19E5}.DebugAll|Any CPU.ActiveCfg = Debug|Any CPU
		{32CA8FAF-F3A6-4284-AE87-3FCB3CAA19E5}.DebugAll|Any CPU.Build.0 = Debug|Any CPU
		{32CA8FAF-F3A6-4284-AE87-3FCB3CAA19E5}.DebugAll|x86.ActiveCfg = Debug|Any CPU
		{32CA8FAF-F3A6-4284-AE87-3FCB3CAA19E5}.DebugAll|x86.Build.0 = Debug|Any CPU
		{32CA8FAF-F3A6-4284-AE87-3FCB3CAA19E5}.Release|Any CPU.ActiveCfg = Release|Any CPU
		{32CA8FAF-F3A6-4284-AE87-3FCB3CAA19E5}.Release|Any CPU.Build.0 = Release|Any CPU
		{32CA8FAF-F3A6-4284-AE87-3FCB3CAA19E5}.Release|x86.ActiveCfg = Release|Any CPU
		{32CA8FAF-F3A6-4284-AE87-3FCB3CAA19E5}.Release|x86.Build.0 = Release|Any CPU
		{5EA95E03-42D4-468A-95E5-8ACD37651970}.ApplicationGenerator|Any CPU.ActiveCfg = Release|Any CPU
		{5EA95E03-42D4-468A-95E5-8ACD37651970}.ApplicationGenerator|Any CPU.Build.0 = Release|Any CPU
		{5EA95E03-42D4-468A-95E5-8ACD37651970}.ApplicationGenerator|x86.ActiveCfg = Debug|Any CPU
		{5EA95E03-42D4-468A-95E5-8ACD37651970}.ApplicationGenerator|x86.Build.0 = Debug|Any CPU
		{5EA95E03-42D4-468A-95E5-8ACD37651970}.Debug|Any CPU.ActiveCfg = Debug|Any CPU
		{5EA95E03-42D4-468A-95E5-8ACD37651970}.Debug|Any CPU.Build.0 = Debug|Any CPU
		{5EA95E03-42D4-468A-95E5-8ACD37651970}.Debug|x86.ActiveCfg = Debug|Any CPU
		{5EA95E03-42D4-468A-95E5-8ACD37651970}.Debug|x86.Build.0 = Debug|Any CPU
		{5EA95E03-42D4-468A-95E5-8ACD37651970}.DebugAll|Any CPU.ActiveCfg = Debug|Any CPU
		{5EA95E03-42D4-468A-95E5-8ACD37651970}.DebugAll|Any CPU.Build.0 = Debug|Any CPU
		{5EA95E03-42D4-468A-95E5-8ACD37651970}.DebugAll|x86.ActiveCfg = Debug|Any CPU
		{5EA95E03-42D4-468A-95E5-8ACD37651970}.DebugAll|x86.Build.0 = Debug|Any CPU
		{5EA95E03-42D4-468A-95E5-8ACD37651970}.Release|Any CPU.ActiveCfg = Release|Any CPU
		{5EA95E03-42D4-468A-95E5-8ACD37651970}.Release|Any CPU.Build.0 = Release|Any CPU
		{5EA95E03-42D4-468A-95E5-8ACD37651970}.Release|x86.ActiveCfg = Release|Any CPU
		{5EA95E03-42D4-468A-95E5-8ACD37651970}.Release|x86.Build.0 = Release|Any CPU
		{D1EE6F27-89B0-43D5-BC3E-4A2572A42999}.ApplicationGenerator|Any CPU.ActiveCfg = Release|Any CPU
		{D1EE6F27-89B0-43D5-BC3E-4A2572A42999}.ApplicationGenerator|Any CPU.Build.0 = Release|Any CPU
		{D1EE6F27-89B0-43D5-BC3E-4A2572A42999}.ApplicationGenerator|x86.ActiveCfg = Debug|Any CPU
		{D1EE6F27-89B0-43D5-BC3E-4A2572A42999}.ApplicationGenerator|x86.Build.0 = Debug|Any CPU
		{D1EE6F27-89B0-43D5-BC3E-4A2572A42999}.Debug|Any CPU.ActiveCfg = Debug|Any CPU
		{D1EE6F27-89B0-43D5-BC3E-4A2572A42999}.Debug|x86.ActiveCfg = Debug|Any CPU
		{D1EE6F27-89B0-43D5-BC3E-4A2572A42999}.Debug|x86.Build.0 = Debug|Any CPU
		{D1EE6F27-89B0-43D5-BC3E-4A2572A42999}.DebugAll|Any CPU.ActiveCfg = Debug|Any CPU
		{D1EE6F27-89B0-43D5-BC3E-4A2572A42999}.DebugAll|Any CPU.Build.0 = Debug|Any CPU
		{D1EE6F27-89B0-43D5-BC3E-4A2572A42999}.DebugAll|x86.ActiveCfg = Debug|Any CPU
		{D1EE6F27-89B0-43D5-BC3E-4A2572A42999}.DebugAll|x86.Build.0 = Debug|Any CPU
		{D1EE6F27-89B0-43D5-BC3E-4A2572A42999}.Release|Any CPU.ActiveCfg = Release|Any CPU
		{D1EE6F27-89B0-43D5-BC3E-4A2572A42999}.Release|Any CPU.Build.0 = Release|Any CPU
		{D1EE6F27-89B0-43D5-BC3E-4A2572A42999}.Release|x86.ActiveCfg = Release|Any CPU
		{D1EE6F27-89B0-43D5-BC3E-4A2572A42999}.Release|x86.Build.0 = Release|Any CPU
		{0A8EE239-8808-4ADD-BBAC-019C507DD106}.ApplicationGenerator|Any CPU.ActiveCfg = Release|Any CPU
		{0A8EE239-8808-4ADD-BBAC-019C507DD106}.ApplicationGenerator|Any CPU.Build.0 = Release|Any CPU
		{0A8EE239-8808-4ADD-BBAC-019C507DD106}.ApplicationGenerator|x86.ActiveCfg = Debug|Any CPU
		{0A8EE239-8808-4ADD-BBAC-019C507DD106}.ApplicationGenerator|x86.Build.0 = Debug|Any CPU
		{0A8EE239-8808-4ADD-BBAC-019C507DD106}.Debug|Any CPU.ActiveCfg = Debug|Any CPU
		{0A8EE239-8808-4ADD-BBAC-019C507DD106}.Debug|x86.ActiveCfg = Debug|Any CPU
		{0A8EE239-8808-4ADD-BBAC-019C507DD106}.Debug|x86.Build.0 = Debug|Any CPU
		{0A8EE239-8808-4ADD-BBAC-019C507DD106}.DebugAll|Any CPU.ActiveCfg = Debug|Any CPU
		{0A8EE239-8808-4ADD-BBAC-019C507DD106}.DebugAll|Any CPU.Build.0 = Debug|Any CPU
		{0A8EE239-8808-4ADD-BBAC-019C507DD106}.DebugAll|x86.ActiveCfg = Debug|Any CPU
		{0A8EE239-8808-4ADD-BBAC-019C507DD106}.DebugAll|x86.Build.0 = Debug|Any CPU
		{0A8EE239-8808-4ADD-BBAC-019C507DD106}.Release|Any CPU.ActiveCfg = Release|Any CPU
		{0A8EE239-8808-4ADD-BBAC-019C507DD106}.Release|Any CPU.Build.0 = Release|Any CPU
		{0A8EE239-8808-4ADD-BBAC-019C507DD106}.Release|x86.ActiveCfg = Release|Any CPU
		{0A8EE239-8808-4ADD-BBAC-019C507DD106}.Release|x86.Build.0 = Release|Any CPU
		{DA2B175F-A95F-4FCD-938F-41D34A5B0D10}.ApplicationGenerator|Any CPU.ActiveCfg = Release|Any CPU
		{DA2B175F-A95F-4FCD-938F-41D34A5B0D10}.ApplicationGenerator|Any CPU.Build.0 = Release|Any CPU
		{DA2B175F-A95F-4FCD-938F-41D34A5B0D10}.ApplicationGenerator|x86.ActiveCfg = Debug|Any CPU
		{DA2B175F-A95F-4FCD-938F-41D34A5B0D10}.ApplicationGenerator|x86.Build.0 = Debug|Any CPU
		{DA2B175F-A95F-4FCD-938F-41D34A5B0D10}.Debug|Any CPU.ActiveCfg = Debug|Any CPU
		{DA2B175F-A95F-4FCD-938F-41D34A5B0D10}.Debug|x86.ActiveCfg = Debug|Any CPU
		{DA2B175F-A95F-4FCD-938F-41D34A5B0D10}.Debug|x86.Build.0 = Debug|Any CPU
		{DA2B175F-A95F-4FCD-938F-41D34A5B0D10}.DebugAll|Any CPU.ActiveCfg = Debug|Any CPU
		{DA2B175F-A95F-4FCD-938F-41D34A5B0D10}.DebugAll|Any CPU.Build.0 = Debug|Any CPU
		{DA2B175F-A95F-4FCD-938F-41D34A5B0D10}.DebugAll|x86.ActiveCfg = Debug|Any CPU
		{DA2B175F-A95F-4FCD-938F-41D34A5B0D10}.DebugAll|x86.Build.0 = Debug|Any CPU
		{DA2B175F-A95F-4FCD-938F-41D34A5B0D10}.Release|Any CPU.ActiveCfg = Release|Any CPU
		{DA2B175F-A95F-4FCD-938F-41D34A5B0D10}.Release|Any CPU.Build.0 = Release|Any CPU
		{DA2B175F-A95F-4FCD-938F-41D34A5B0D10}.Release|x86.ActiveCfg = Release|Any CPU
		{DA2B175F-A95F-4FCD-938F-41D34A5B0D10}.Release|x86.Build.0 = Release|Any CPU
		{819B69B2-7F31-455E-88B3-59CF560AAA86}.ApplicationGenerator|Any CPU.ActiveCfg = Release|Any CPU
		{819B69B2-7F31-455E-88B3-59CF560AAA86}.ApplicationGenerator|Any CPU.Build.0 = Release|Any CPU
		{819B69B2-7F31-455E-88B3-59CF560AAA86}.ApplicationGenerator|x86.ActiveCfg = Debug|Any CPU
		{819B69B2-7F31-455E-88B3-59CF560AAA86}.ApplicationGenerator|x86.Build.0 = Debug|Any CPU
		{819B69B2-7F31-455E-88B3-59CF560AAA86}.Debug|Any CPU.ActiveCfg = Debug|Any CPU
		{819B69B2-7F31-455E-88B3-59CF560AAA86}.Debug|x86.ActiveCfg = Debug|Any CPU
		{819B69B2-7F31-455E-88B3-59CF560AAA86}.Debug|x86.Build.0 = Debug|Any CPU
		{819B69B2-7F31-455E-88B3-59CF560AAA86}.DebugAll|Any CPU.ActiveCfg = Debug|Any CPU
		{819B69B2-7F31-455E-88B3-59CF560AAA86}.DebugAll|Any CPU.Build.0 = Debug|Any CPU
		{819B69B2-7F31-455E-88B3-59CF560AAA86}.DebugAll|x86.ActiveCfg = Debug|Any CPU
		{819B69B2-7F31-455E-88B3-59CF560AAA86}.DebugAll|x86.Build.0 = Debug|Any CPU
		{819B69B2-7F31-455E-88B3-59CF560AAA86}.Release|Any CPU.ActiveCfg = Release|Any CPU
		{819B69B2-7F31-455E-88B3-59CF560AAA86}.Release|Any CPU.Build.0 = Release|Any CPU
		{819B69B2-7F31-455E-88B3-59CF560AAA86}.Release|x86.ActiveCfg = Release|Any CPU
		{819B69B2-7F31-455E-88B3-59CF560AAA86}.Release|x86.Build.0 = Release|Any CPU
		{D5903D9A-C963-4B1D-864F-5A30D7FFD3EA}.ApplicationGenerator|Any CPU.ActiveCfg = Release|Any CPU
		{D5903D9A-C963-4B1D-864F-5A30D7FFD3EA}.ApplicationGenerator|Any CPU.Build.0 = Release|Any CPU
		{D5903D9A-C963-4B1D-864F-5A30D7FFD3EA}.ApplicationGenerator|x86.ActiveCfg = DebugAll|Any CPU
		{D5903D9A-C963-4B1D-864F-5A30D7FFD3EA}.ApplicationGenerator|x86.Build.0 = DebugAll|Any CPU
		{D5903D9A-C963-4B1D-864F-5A30D7FFD3EA}.Debug|Any CPU.ActiveCfg = Debug|Any CPU
		{D5903D9A-C963-4B1D-864F-5A30D7FFD3EA}.Debug|x86.ActiveCfg = Debug|Any CPU
		{D5903D9A-C963-4B1D-864F-5A30D7FFD3EA}.Debug|x86.Build.0 = Debug|Any CPU
		{D5903D9A-C963-4B1D-864F-5A30D7FFD3EA}.DebugAll|Any CPU.ActiveCfg = DebugAll|Any CPU
		{D5903D9A-C963-4B1D-864F-5A30D7FFD3EA}.DebugAll|Any CPU.Build.0 = DebugAll|Any CPU
		{D5903D9A-C963-4B1D-864F-5A30D7FFD3EA}.DebugAll|x86.ActiveCfg = DebugAll|Any CPU
		{D5903D9A-C963-4B1D-864F-5A30D7FFD3EA}.DebugAll|x86.Build.0 = DebugAll|Any CPU
		{D5903D9A-C963-4B1D-864F-5A30D7FFD3EA}.Release|Any CPU.ActiveCfg = Release|Any CPU
		{D5903D9A-C963-4B1D-864F-5A30D7FFD3EA}.Release|Any CPU.Build.0 = Release|Any CPU
		{D5903D9A-C963-4B1D-864F-5A30D7FFD3EA}.Release|x86.ActiveCfg = Release|Any CPU
		{D5903D9A-C963-4B1D-864F-5A30D7FFD3EA}.Release|x86.Build.0 = Release|Any CPU
		{7192BC7D-A96D-403B-B09E-DFDD8050BA00}.ApplicationGenerator|Any CPU.ActiveCfg = Release|Any CPU
		{7192BC7D-A96D-403B-B09E-DFDD8050BA00}.ApplicationGenerator|Any CPU.Build.0 = Release|Any CPU
		{7192BC7D-A96D-403B-B09E-DFDD8050BA00}.ApplicationGenerator|x86.ActiveCfg = Debug|Any CPU
		{7192BC7D-A96D-403B-B09E-DFDD8050BA00}.ApplicationGenerator|x86.Build.0 = Debug|Any CPU
		{7192BC7D-A96D-403B-B09E-DFDD8050BA00}.Debug|Any CPU.ActiveCfg = Debug|Any CPU
		{7192BC7D-A96D-403B-B09E-DFDD8050BA00}.Debug|x86.ActiveCfg = Debug|Any CPU
		{7192BC7D-A96D-403B-B09E-DFDD8050BA00}.Debug|x86.Build.0 = Debug|Any CPU
		{7192BC7D-A96D-403B-B09E-DFDD8050BA00}.DebugAll|Any CPU.ActiveCfg = Debug|Any CPU
		{7192BC7D-A96D-403B-B09E-DFDD8050BA00}.DebugAll|Any CPU.Build.0 = Debug|Any CPU
		{7192BC7D-A96D-403B-B09E-DFDD8050BA00}.DebugAll|x86.ActiveCfg = Debug|Any CPU
		{7192BC7D-A96D-403B-B09E-DFDD8050BA00}.DebugAll|x86.Build.0 = Debug|Any CPU
		{7192BC7D-A96D-403B-B09E-DFDD8050BA00}.Release|Any CPU.ActiveCfg = Release|Any CPU
		{7192BC7D-A96D-403B-B09E-DFDD8050BA00}.Release|Any CPU.Build.0 = Release|Any CPU
		{7192BC7D-A96D-403B-B09E-DFDD8050BA00}.Release|x86.ActiveCfg = Release|Any CPU
		{7192BC7D-A96D-403B-B09E-DFDD8050BA00}.Release|x86.Build.0 = Release|Any CPU
		{3C43BC32-985B-4336-B1C3-5882655CB1CA}.ApplicationGenerator|Any CPU.ActiveCfg = Debug|Any CPU
		{3C43BC32-985B-4336-B1C3-5882655CB1CA}.ApplicationGenerator|Any CPU.Build.0 = Debug|Any CPU
		{3C43BC32-985B-4336-B1C3-5882655CB1CA}.ApplicationGenerator|x86.ActiveCfg = Release|Any CPU
		{3C43BC32-985B-4336-B1C3-5882655CB1CA}.ApplicationGenerator|x86.Build.0 = Release|Any CPU
		{3C43BC32-985B-4336-B1C3-5882655CB1CA}.Debug|Any CPU.ActiveCfg = Debug|Any CPU
		{3C43BC32-985B-4336-B1C3-5882655CB1CA}.Debug|Any CPU.Build.0 = Debug|Any CPU
		{3C43BC32-985B-4336-B1C3-5882655CB1CA}.Debug|x86.ActiveCfg = Debug|Any CPU
		{3C43BC32-985B-4336-B1C3-5882655CB1CA}.Debug|x86.Build.0 = Debug|Any CPU
		{3C43BC32-985B-4336-B1C3-5882655CB1CA}.DebugAll|Any CPU.ActiveCfg = Debug|Any CPU
		{3C43BC32-985B-4336-B1C3-5882655CB1CA}.DebugAll|Any CPU.Build.0 = Debug|Any CPU
		{3C43BC32-985B-4336-B1C3-5882655CB1CA}.DebugAll|x86.ActiveCfg = Debug|Any CPU
		{3C43BC32-985B-4336-B1C3-5882655CB1CA}.DebugAll|x86.Build.0 = Debug|Any CPU
		{3C43BC32-985B-4336-B1C3-5882655CB1CA}.Release|Any CPU.ActiveCfg = Release|Any CPU
		{3C43BC32-985B-4336-B1C3-5882655CB1CA}.Release|Any CPU.Build.0 = Release|Any CPU
		{3C43BC32-985B-4336-B1C3-5882655CB1CA}.Release|x86.ActiveCfg = Release|Any CPU
		{3C43BC32-985B-4336-B1C3-5882655CB1CA}.Release|x86.Build.0 = Release|Any CPU
		{A4763B8B-F945-4C4C-9727-7E970E02F662}.ApplicationGenerator|Any CPU.ActiveCfg = ApplicationGenerator|Any CPU
		{A4763B8B-F945-4C4C-9727-7E970E02F662}.ApplicationGenerator|Any CPU.Build.0 = ApplicationGenerator|Any CPU
		{A4763B8B-F945-4C4C-9727-7E970E02F662}.ApplicationGenerator|x86.ActiveCfg = ApplicationGenerator|Any CPU
		{A4763B8B-F945-4C4C-9727-7E970E02F662}.ApplicationGenerator|x86.Build.0 = ApplicationGenerator|Any CPU
		{A4763B8B-F945-4C4C-9727-7E970E02F662}.Debug|Any CPU.ActiveCfg = Debug|Any CPU
		{A4763B8B-F945-4C4C-9727-7E970E02F662}.Debug|x86.ActiveCfg = Debug|Any CPU
		{A4763B8B-F945-4C4C-9727-7E970E02F662}.Debug|x86.Build.0 = Debug|Any CPU
		{A4763B8B-F945-4C4C-9727-7E970E02F662}.DebugAll|Any CPU.ActiveCfg = DebugAll|Any CPU
		{A4763B8B-F945-4C4C-9727-7E970E02F662}.DebugAll|Any CPU.Build.0 = DebugAll|Any CPU
		{A4763B8B-F945-4C4C-9727-7E970E02F662}.DebugAll|x86.ActiveCfg = DebugAll|Any CPU
		{A4763B8B-F945-4C4C-9727-7E970E02F662}.DebugAll|x86.Build.0 = DebugAll|Any CPU
		{A4763B8B-F945-4C4C-9727-7E970E02F662}.Release|Any CPU.ActiveCfg = Release|Any CPU
		{A4763B8B-F945-4C4C-9727-7E970E02F662}.Release|Any CPU.Build.0 = Release|Any CPU
		{A4763B8B-F945-4C4C-9727-7E970E02F662}.Release|x86.ActiveCfg = Release|Any CPU
		{A4763B8B-F945-4C4C-9727-7E970E02F662}.Release|x86.Build.0 = Release|Any CPU
		{FBE7B6EF-9EE1-478E-B81C-86CC2C16DC3F}.ApplicationGenerator|Any CPU.ActiveCfg = Debug|Any CPU
		{FBE7B6EF-9EE1-478E-B81C-86CC2C16DC3F}.ApplicationGenerator|Any CPU.Build.0 = Debug|Any CPU
		{FBE7B6EF-9EE1-478E-B81C-86CC2C16DC3F}.ApplicationGenerator|x86.ActiveCfg = Release|Any CPU
		{FBE7B6EF-9EE1-478E-B81C-86CC2C16DC3F}.ApplicationGenerator|x86.Build.0 = Release|Any CPU
		{FBE7B6EF-9EE1-478E-B81C-86CC2C16DC3F}.Debug|Any CPU.ActiveCfg = Debug|Any CPU
		{FBE7B6EF-9EE1-478E-B81C-86CC2C16DC3F}.Debug|Any CPU.Build.0 = Debug|Any CPU
		{FBE7B6EF-9EE1-478E-B81C-86CC2C16DC3F}.Debug|x86.ActiveCfg = Debug|Any CPU
		{FBE7B6EF-9EE1-478E-B81C-86CC2C16DC3F}.Debug|x86.Build.0 = Debug|Any CPU
		{FBE7B6EF-9EE1-478E-B81C-86CC2C16DC3F}.DebugAll|Any CPU.ActiveCfg = Debug|Any CPU
		{FBE7B6EF-9EE1-478E-B81C-86CC2C16DC3F}.DebugAll|Any CPU.Build.0 = Debug|Any CPU
		{FBE7B6EF-9EE1-478E-B81C-86CC2C16DC3F}.DebugAll|x86.ActiveCfg = Debug|Any CPU
		{FBE7B6EF-9EE1-478E-B81C-86CC2C16DC3F}.DebugAll|x86.Build.0 = Debug|Any CPU
		{FBE7B6EF-9EE1-478E-B81C-86CC2C16DC3F}.Release|Any CPU.ActiveCfg = Release|Any CPU
		{FBE7B6EF-9EE1-478E-B81C-86CC2C16DC3F}.Release|Any CPU.Build.0 = Release|Any CPU
		{FBE7B6EF-9EE1-478E-B81C-86CC2C16DC3F}.Release|x86.ActiveCfg = Release|Any CPU
		{FBE7B6EF-9EE1-478E-B81C-86CC2C16DC3F}.Release|x86.Build.0 = Release|Any CPU
		{0745CC4B-0066-4C88-96CB-12A3227A1395}.ApplicationGenerator|Any CPU.ActiveCfg = Debug|Any CPU
		{0745CC4B-0066-4C88-96CB-12A3227A1395}.ApplicationGenerator|Any CPU.Build.0 = Debug|Any CPU
		{0745CC4B-0066-4C88-96CB-12A3227A1395}.ApplicationGenerator|x86.ActiveCfg = Release|Any CPU
		{0745CC4B-0066-4C88-96CB-12A3227A1395}.ApplicationGenerator|x86.Build.0 = Release|Any CPU
		{0745CC4B-0066-4C88-96CB-12A3227A1395}.Debug|Any CPU.ActiveCfg = Debug|Any CPU
		{0745CC4B-0066-4C88-96CB-12A3227A1395}.Debug|x86.ActiveCfg = Debug|Any CPU
		{0745CC4B-0066-4C88-96CB-12A3227A1395}.Debug|x86.Build.0 = Debug|Any CPU
		{0745CC4B-0066-4C88-96CB-12A3227A1395}.DebugAll|Any CPU.ActiveCfg = Debug|Any CPU
		{0745CC4B-0066-4C88-96CB-12A3227A1395}.DebugAll|Any CPU.Build.0 = Debug|Any CPU
		{0745CC4B-0066-4C88-96CB-12A3227A1395}.DebugAll|x86.ActiveCfg = Debug|Any CPU
		{0745CC4B-0066-4C88-96CB-12A3227A1395}.DebugAll|x86.Build.0 = Debug|Any CPU
		{0745CC4B-0066-4C88-96CB-12A3227A1395}.Release|Any CPU.ActiveCfg = Release|Any CPU
		{0745CC4B-0066-4C88-96CB-12A3227A1395}.Release|Any CPU.Build.0 = Release|Any CPU
		{0745CC4B-0066-4C88-96CB-12A3227A1395}.Release|x86.ActiveCfg = Release|Any CPU
		{0745CC4B-0066-4C88-96CB-12A3227A1395}.Release|x86.Build.0 = Release|Any CPU
		{A8B2311B-40F5-4584-8C47-6D81D90D324B}.ApplicationGenerator|Any CPU.ActiveCfg = Debug|x86
		{A8B2311B-40F5-4584-8C47-6D81D90D324B}.ApplicationGenerator|Any CPU.Build.0 = Debug|x86
		{A8B2311B-40F5-4584-8C47-6D81D90D324B}.ApplicationGenerator|x86.ActiveCfg = Debug|x86
		{A8B2311B-40F5-4584-8C47-6D81D90D324B}.ApplicationGenerator|x86.Build.0 = Debug|x86
		{A8B2311B-40F5-4584-8C47-6D81D90D324B}.Debug|Any CPU.ActiveCfg = Debug|x86
		{A8B2311B-40F5-4584-8C47-6D81D90D324B}.Debug|x86.ActiveCfg = Debug|x86
		{A8B2311B-40F5-4584-8C47-6D81D90D324B}.Debug|x86.Build.0 = Debug|x86
		{A8B2311B-40F5-4584-8C47-6D81D90D324B}.DebugAll|Any CPU.ActiveCfg = Debug|x86
		{A8B2311B-40F5-4584-8C47-6D81D90D324B}.DebugAll|Any CPU.Build.0 = Debug|x86
		{A8B2311B-40F5-4584-8C47-6D81D90D324B}.DebugAll|x86.ActiveCfg = Debug|x86
		{A8B2311B-40F5-4584-8C47-6D81D90D324B}.DebugAll|x86.Build.0 = Debug|x86
		{A8B2311B-40F5-4584-8C47-6D81D90D324B}.Release|Any CPU.ActiveCfg = Debug|x86
		{A8B2311B-40F5-4584-8C47-6D81D90D324B}.Release|Any CPU.Build.0 = Debug|x86
		{A8B2311B-40F5-4584-8C47-6D81D90D324B}.Release|x86.ActiveCfg = Debug|x86
		{A8B2311B-40F5-4584-8C47-6D81D90D324B}.Release|x86.Build.0 = Debug|x86
	EndGlobalSection
	GlobalSection(SolutionProperties) = preSolution
		HideSolutionNode = FALSE
	EndGlobalSection
	GlobalSection(ExtensibilityGlobals) = postSolution
		SolutionGuid = {D24E55B2-EEA6-4E45-9462-8228F8B023CF}
	EndGlobalSection
EndGlobal
