
Microsoft Visual Studio Solution File, Format Version 12.00
# Visual Studio Version 16
VisualStudioVersion = 16.0.29020.237
MinimumVisualStudioVersion = 10.0.40219.1
Project("{FAE04EC0-301F-11D3-BF4B-00C04F79EFBC}") = "HydraVision", "HydraVision\HydraVision.csproj", "{A438E1A1-5F9B-4CA3-A4B5-B37717228040}"
EndProject
Project("{FAE04EC0-301F-11D3-BF4B-00C04F79EFBC}") = "TestSpeech", "TestSpeech\TestSpeech.csproj", "{CB6E8394-8737-4F4B-9742-21F6751CF88E}"
EndProject
Project("{FAE04EC0-301F-11D3-BF4B-00C04F79EFBC}") = "HydraScript", "HydraScript\HydraScript.csproj", "{C715033C-EB90-4C60-A085-E1235529C195}"
EndProject
Project("{FAE04EC0-301F-11D3-BF4B-00C04F79EFBC}") = "WordAnalysis", "WordAnalysis\WordAnalysis.csproj", "{3674FA38-2F79-41BA-B858-571F3ACAEDE0}"
EndProject
Project("{FAE04EC0-301F-11D3-BF4B-00C04F79EFBC}") = "Utils", "Utils\Utils.csproj", "{A4763B8B-F945-4C4C-9727-7E970E02F662}"
EndProject
Project("{2150E333-8FDC-42A3-9474-1A3956D46DE8}") = "UtilsProjects", "UtilsProjects", "{0D9F3888-449B-4981-B184-6C017A846370}"
EndProject
Project("{2150E333-8FDC-42A3-9474-1A3956D46DE8}") = "Rtf2Html", "Rtf2Html", "{83C42B14-AF4A-476B-9E76-E76D6CC7BC97}"
EndProject
Project("{FAE04EC0-301F-11D3-BF4B-00C04F79EFBC}") = "ConverterHtml2010", "Rtf2Html\Converter\Html\ConverterHtml2010.csproj", "{0F106257-E070-4510-BFA7-87CC6EDC5BA1}"
EndProject
Project("{FAE04EC0-301F-11D3-BF4B-00C04F79EFBC}") = "Interpreter2010", "Rtf2Html\Interpreter\Interpreter2010.csproj", "{3F1B94DC-2EE6-4674-A2DE-E60FFC63A1D9}"
EndProject
Project("{FAE04EC0-301F-11D3-BF4B-00C04F79EFBC}") = "Parser2010", "Rtf2Html\Parser\Parser2010.csproj", "{210DBD13-A7B0-430A-AEB4-7E558CA61A46}"
EndProject
Project("{FAE04EC0-301F-11D3-BF4B-00C04F79EFBC}") = "Rtf2Html2010", "Rtf2Html\Rtf2Html\Rtf2Html2010.csproj", "{6ECFD59C-E75D-44AA-AD15-2FEEDC8D6A98}"
EndProject
Project("{FAE04EC0-301F-11D3-BF4B-00C04F79EFBC}") = "Sys2010", "Rtf2Html\Sys\Sys2010.csproj", "{1A9A64A4-3BDD-467D-ADB3-58BEDBBDEB4E}"
EndProject
Project("{FAE04EC0-301F-11D3-BF4B-00C04F79EFBC}") = "ColorMine", "ColorMine\ColorMine.csproj", "{A86313DB-D1E8-486B-9FAC-47E3FB176DA7}"
EndProject
Project("{FAE04EC0-301F-11D3-BF4B-00C04F79EFBC}") = "CppParser", "CppParser\CppParser.csproj", "{91B287FE-0858-444E-8E87-0F3D4783BBBC}"
EndProject
Project("{FAE04EC0-301F-11D3-BF4B-00C04F79EFBC}") = "NamedPipeWrapper", "NamedPipeWrapper\NamedPipeWrapper.csproj", "{73152691-3CDE-46DF-8D04-7117747DFFE7}"
EndProject
Project("{FAE04EC0-301F-11D3-BF4B-00C04F79EFBC}") = "ProcessDiagnosticsLibrary", "ProcessDiagnosticsLibrary\ProcessDiagnosticsLibrary.csproj", "{BBB16FB1-0D5F-4E71-801C-E58A48305179}"
EndProject
Project("{FAE04EC0-301F-11D3-BF4B-00C04F79EFBC}") = "SDKInterfaceLibrary.Entities", "SDKInterfaceLibrary.Entities\SDKInterfaceLibrary.Entities.csproj", "{3843F6DB-55A6-441E-BDC7-43CF8AD7B6C5}"
EndProject
Project("{FAE04EC0-301F-11D3-BF4B-00C04F79EFBC}") = "SharpSerializer.Library", "SharpSerializer\SharpSerializer.Library\SharpSerializer.Library.csproj", "{88AB738F-7A36-4C93-B808-B6CE2D3444B2}"
EndProject
Project("{FAE04EC0-301F-11D3-BF4B-00C04F79EFBC}") = "OpenNLP", "OpenNLP\OpenNLP\OpenNLP.csproj", "{B70185DF-81FD-4417-914F-7C90E65E7D9F}"
EndProject
Project("{FAE04EC0-301F-11D3-BF4B-00C04F79EFBC}") = "HydraSpokeswoman", "HydraSpokeswoman\HydraSpokeswoman.csproj", "{CA223698-A971-43DF-B640-26D73C917315}"
EndProject
Project("{FAE04EC0-301F-11D3-BF4B-00C04F79EFBC}") = "SSMLBuilder", "SSMLBuilder\SSMLBuilder.csproj", "{9B25F59F-0C18-486F-9DD7-FAB06C570EA5}"
EndProject
Project("{FAE04EC0-301F-11D3-BF4B-00C04F79EFBC}") = "TestSSMLBuilder", "TestSSMLBuilder\TestSSMLBuilder.csproj", "{C148A7E6-5E66-4AC7-852D-D3714C3173AC}"
EndProject
Project("{FAE04EC0-301F-11D3-BF4B-00C04F79EFBC}") = "_Documentation", "Documentation\_Documentation.csproj", "{6B3B6BD6-2E6C-4B70-AD42-A3C45F3FBD0D}"
EndProject
Project("{151D2E53-A2C4-4D7D-83FE-D05416EBD58E}") = "HydraApps.AzureSetup", "Hydra.Apps.AzureSetup\HydraApps.AzureSetup.deployproj", "{30B5702D-4D7B-4C8B-A5F7-0F168BD2B855}"
EndProject
Project("{2150E333-8FDC-42A3-9474-1A3956D46DE8}") = "D2DLib", "D2DLib", "{69674BE8-234A-4EBB-A808-596FFD6DD4FF}"
EndProject
Project("{8BC9CEB8-8B4A-11D0-8D11-00A0C91BC942}") = "d2dlib", "d2dlib-master\src\d2dlib\d2dlib.vcxproj", "{E0A71FCE-69DD-40A6-87FB-2D63AB5D25C9}"
EndProject
Project("{9A19103F-16F7-4668-BE54-9A1E7A4F7556}") = "D2DLibExport", "d2dlib-master\src\D2DLibExport\D2DLibExport.csproj", "{81DD53D8-FCF0-4384-A931-9370FA8E8E67}"
	ProjectSection(ProjectDependencies) = postProject
		{E0A71FCE-69DD-40A6-87FB-2D63AB5D25C9} = {E0A71FCE-69DD-40A6-87FB-2D63AB5D25C9}
	EndProjectSection
EndProject
Project("{9A19103F-16F7-4668-BE54-9A1E7A4F7556}") = "Examples", "d2dlib-master\src\Examples\Examples.csproj", "{D653531B-D30C-4A20-8AE5-D46A6F03E274}"
	ProjectSection(ProjectDependencies) = postProject
		{E0A71FCE-69DD-40A6-87FB-2D63AB5D25C9} = {E0A71FCE-69DD-40A6-87FB-2D63AB5D25C9}
	EndProjectSection
EndProject
Project("{2150E333-8FDC-42A3-9474-1A3956D46DE8}") = "Solution Items", "Solution Items", "{EF3FC267-D558-4556-8E8E-16BA7C52BDA3}"
	ProjectSection(SolutionItems) = preProject
		d2dlib-master\.editorconfig = d2dlib-master\.editorconfig
		d2dlib-master\.gitignore = d2dlib-master\.gitignore
		d2dlib-master\src\Directory.Build.props = d2dlib-master\src\Directory.Build.props
		d2dlib-master\INSTALL.md = d2dlib-master\INSTALL.md
		d2dlib-master\LICENSE.md = d2dlib-master\LICENSE.md
		d2dlib-master\package\logo_d2dlib.png = d2dlib-master\package\logo_d2dlib.png
		d2dlib-master\src\NativeLibraries.props = d2dlib-master\src\NativeLibraries.props
		d2dlib-master\README.md = d2dlib-master\README.md
	EndProjectSection
EndProject
Project("{2150E333-8FDC-42A3-9474-1A3956D46DE8}") = "snapshots", "snapshots", "{F362F889-0287-4377-A211-440C9871FDA6}"
	ProjectSection(SolutionItems) = preProject
		d2dlib-master\snapshots\bitmap_rendering.png = d2dlib-master\snapshots\bitmap_rendering.png
		d2dlib-master\snapshots\imagetest.png = d2dlib-master\snapshots\imagetest.png
		d2dlib-master\snapshots\starspace.png = d2dlib-master\snapshots\starspace.png
		d2dlib-master\snapshots\subtitle.png = d2dlib-master\snapshots\subtitle.png
		d2dlib-master\snapshots\whiteboard.png = d2dlib-master\snapshots\whiteboard.png
	EndProjectSection
EndProject
Project("{9A19103F-16F7-4668-BE54-9A1E7A4F7556}") = "D2DWinForm", "d2dlib-master\src\D2DWinForm\D2DWinForm.csproj", "{40ED2809-ABA2-4655-82DD-E38AD12138BB}"
	ProjectSection(ProjectDependencies) = postProject
		{E0A71FCE-69DD-40A6-87FB-2D63AB5D25C9} = {E0A71FCE-69DD-40A6-87FB-2D63AB5D25C9}
	EndProjectSection
EndProject
Project("{FAE04EC0-301F-11D3-BF4B-00C04F79EFBC}") = "AzureDevopsPipelines", "AzureDevopsPipelines\AzureDevopsPipelines.csproj", "{CF61C5C6-A3B3-4D6F-8AD7-B67B7E9F96A9}"
EndProject
Project("{FAE04EC0-301F-11D3-BF4B-00C04F79EFBC}") = "Binaries", "Binaries\Binaries.csproj", "{57C95515-CDE5-4D01-ACC0-7B3A01B6D761}"
EndProject
Global
	GlobalSection(SolutionConfigurationPlatforms) = preSolution
		ApplicationGenerator|Any CPU = ApplicationGenerator|Any CPU
		ApplicationGenerator|x64 = ApplicationGenerator|x64
		ApplicationGenerator|x86 = ApplicationGenerator|x86
		Debug|Any CPU = Debug|Any CPU
		Debug|x64 = Debug|x64
		Debug|x86 = Debug|x86
		DebugAll|Any CPU = DebugAll|Any CPU
		DebugAll|x64 = DebugAll|x64
		DebugAll|x86 = DebugAll|x86
		PreRelease|Any CPU = PreRelease|Any CPU
		PreRelease|x64 = PreRelease|x64
		PreRelease|x86 = PreRelease|x86
		Release|Any CPU = Release|Any CPU
		Release|x64 = Release|x64
		Release|x86 = Release|x86
	EndGlobalSection
	GlobalSection(ProjectConfigurationPlatforms) = postSolution
		{A438E1A1-5F9B-4CA3-A4B5-B37717228040}.ApplicationGenerator|Any CPU.ActiveCfg = Release|Any CPU
		{A438E1A1-5F9B-4CA3-A4B5-B37717228040}.ApplicationGenerator|Any CPU.Build.0 = Release|Any CPU
		{A438E1A1-5F9B-4CA3-A4B5-B37717228040}.ApplicationGenerator|x64.ActiveCfg = Debug|Any CPU
		{A438E1A1-5F9B-4CA3-A4B5-B37717228040}.ApplicationGenerator|x64.Build.0 = Debug|Any CPU
		{A438E1A1-5F9B-4CA3-A4B5-B37717228040}.ApplicationGenerator|x86.ActiveCfg = Release|Any CPU
		{A438E1A1-5F9B-4CA3-A4B5-B37717228040}.ApplicationGenerator|x86.Build.0 = Release|Any CPU
		{A438E1A1-5F9B-4CA3-A4B5-B37717228040}.Debug|Any CPU.ActiveCfg = Debug|Any CPU
		{A438E1A1-5F9B-4CA3-A4B5-B37717228040}.Debug|Any CPU.Build.0 = Debug|Any CPU
		{A438E1A1-5F9B-4CA3-A4B5-B37717228040}.Debug|x64.ActiveCfg = Debug|Any CPU
		{A438E1A1-5F9B-4CA3-A4B5-B37717228040}.Debug|x64.Build.0 = Debug|Any CPU
		{A438E1A1-5F9B-4CA3-A4B5-B37717228040}.Debug|x86.ActiveCfg = Debug|Any CPU
		{A438E1A1-5F9B-4CA3-A4B5-B37717228040}.Debug|x86.Build.0 = Debug|Any CPU
		{A438E1A1-5F9B-4CA3-A4B5-B37717228040}.DebugAll|Any CPU.ActiveCfg = Debug|Any CPU
		{A438E1A1-5F9B-4CA3-A4B5-B37717228040}.DebugAll|Any CPU.Build.0 = Debug|Any CPU
		{A438E1A1-5F9B-4CA3-A4B5-B37717228040}.DebugAll|x64.ActiveCfg = Debug|Any CPU
		{A438E1A1-5F9B-4CA3-A4B5-B37717228040}.DebugAll|x64.Build.0 = Debug|Any CPU
		{A438E1A1-5F9B-4CA3-A4B5-B37717228040}.DebugAll|x86.ActiveCfg = Debug|Any CPU
		{A438E1A1-5F9B-4CA3-A4B5-B37717228040}.DebugAll|x86.Build.0 = Debug|Any CPU
		{A438E1A1-5F9B-4CA3-A4B5-B37717228040}.PreRelease|Any CPU.ActiveCfg = Release|Any CPU
		{A438E1A1-5F9B-4CA3-A4B5-B37717228040}.PreRelease|Any CPU.Build.0 = Release|Any CPU
		{A438E1A1-5F9B-4CA3-A4B5-B37717228040}.PreRelease|x64.ActiveCfg = Release|Any CPU
		{A438E1A1-5F9B-4CA3-A4B5-B37717228040}.PreRelease|x64.Build.0 = Release|Any CPU
		{A438E1A1-5F9B-4CA3-A4B5-B37717228040}.PreRelease|x86.ActiveCfg = Release|Any CPU
		{A438E1A1-5F9B-4CA3-A4B5-B37717228040}.PreRelease|x86.Build.0 = Release|Any CPU
		{A438E1A1-5F9B-4CA3-A4B5-B37717228040}.Release|Any CPU.ActiveCfg = Release|Any CPU
		{A438E1A1-5F9B-4CA3-A4B5-B37717228040}.Release|Any CPU.Build.0 = Release|Any CPU
		{A438E1A1-5F9B-4CA3-A4B5-B37717228040}.Release|x64.ActiveCfg = Release|Any CPU
		{A438E1A1-5F9B-4CA3-A4B5-B37717228040}.Release|x64.Build.0 = Release|Any CPU
		{A438E1A1-5F9B-4CA3-A4B5-B37717228040}.Release|x86.ActiveCfg = Release|Any CPU
		{A438E1A1-5F9B-4CA3-A4B5-B37717228040}.Release|x86.Build.0 = Release|Any CPU
		{CB6E8394-8737-4F4B-9742-21F6751CF88E}.ApplicationGenerator|Any CPU.ActiveCfg = Debug|Any CPU
		{CB6E8394-8737-4F4B-9742-21F6751CF88E}.ApplicationGenerator|Any CPU.Build.0 = Debug|Any CPU
		{CB6E8394-8737-4F4B-9742-21F6751CF88E}.ApplicationGenerator|x64.ActiveCfg = Release|x64
		{CB6E8394-8737-4F4B-9742-21F6751CF88E}.ApplicationGenerator|x64.Build.0 = Release|x64
		{CB6E8394-8737-4F4B-9742-21F6751CF88E}.ApplicationGenerator|x86.ActiveCfg = Debug|x86
		{CB6E8394-8737-4F4B-9742-21F6751CF88E}.ApplicationGenerator|x86.Build.0 = Debug|x86
		{CB6E8394-8737-4F4B-9742-21F6751CF88E}.Debug|Any CPU.ActiveCfg = Debug|x64
		{CB6E8394-8737-4F4B-9742-21F6751CF88E}.Debug|Any CPU.Build.0 = Debug|x64
		{CB6E8394-8737-4F4B-9742-21F6751CF88E}.Debug|x64.ActiveCfg = Debug|x64
		{CB6E8394-8737-4F4B-9742-21F6751CF88E}.Debug|x64.Build.0 = Debug|x64
		{CB6E8394-8737-4F4B-9742-21F6751CF88E}.Debug|x86.ActiveCfg = Debug|x86
		{CB6E8394-8737-4F4B-9742-21F6751CF88E}.Debug|x86.Build.0 = Debug|x86
		{CB6E8394-8737-4F4B-9742-21F6751CF88E}.DebugAll|Any CPU.ActiveCfg = Debug|Any CPU
		{CB6E8394-8737-4F4B-9742-21F6751CF88E}.DebugAll|Any CPU.Build.0 = Debug|Any CPU
		{CB6E8394-8737-4F4B-9742-21F6751CF88E}.DebugAll|x64.ActiveCfg = Debug|x64
		{CB6E8394-8737-4F4B-9742-21F6751CF88E}.DebugAll|x64.Build.0 = Debug|x64
		{CB6E8394-8737-4F4B-9742-21F6751CF88E}.DebugAll|x86.ActiveCfg = Debug|x86
		{CB6E8394-8737-4F4B-9742-21F6751CF88E}.DebugAll|x86.Build.0 = Debug|x86
		{CB6E8394-8737-4F4B-9742-21F6751CF88E}.PreRelease|Any CPU.ActiveCfg = Release|Any CPU
		{CB6E8394-8737-4F4B-9742-21F6751CF88E}.PreRelease|Any CPU.Build.0 = Release|Any CPU
		{CB6E8394-8737-4F4B-9742-21F6751CF88E}.PreRelease|x64.ActiveCfg = Release|x64
		{CB6E8394-8737-4F4B-9742-21F6751CF88E}.PreRelease|x64.Build.0 = Release|x64
		{CB6E8394-8737-4F4B-9742-21F6751CF88E}.PreRelease|x86.ActiveCfg = Release|x86
		{CB6E8394-8737-4F4B-9742-21F6751CF88E}.PreRelease|x86.Build.0 = Release|x86
		{CB6E8394-8737-4F4B-9742-21F6751CF88E}.Release|Any CPU.ActiveCfg = Release|Any CPU
		{CB6E8394-8737-4F4B-9742-21F6751CF88E}.Release|Any CPU.Build.0 = Release|Any CPU
		{CB6E8394-8737-4F4B-9742-21F6751CF88E}.Release|x64.ActiveCfg = Release|x64
		{CB6E8394-8737-4F4B-9742-21F6751CF88E}.Release|x64.Build.0 = Release|x64
		{CB6E8394-8737-4F4B-9742-21F6751CF88E}.Release|x86.ActiveCfg = Release|x86
		{CB6E8394-8737-4F4B-9742-21F6751CF88E}.Release|x86.Build.0 = Release|x86
		{C715033C-EB90-4C60-A085-E1235529C195}.ApplicationGenerator|Any CPU.ActiveCfg = Debug|Any CPU
		{C715033C-EB90-4C60-A085-E1235529C195}.ApplicationGenerator|Any CPU.Build.0 = Debug|Any CPU
		{C715033C-EB90-4C60-A085-E1235529C195}.ApplicationGenerator|x64.ActiveCfg = Release|x64
		{C715033C-EB90-4C60-A085-E1235529C195}.ApplicationGenerator|x64.Build.0 = Release|x64
		{C715033C-EB90-4C60-A085-E1235529C195}.ApplicationGenerator|x86.ActiveCfg = Debug|Any CPU
		{C715033C-EB90-4C60-A085-E1235529C195}.ApplicationGenerator|x86.Build.0 = Debug|Any CPU
		{C715033C-EB90-4C60-A085-E1235529C195}.Debug|Any CPU.ActiveCfg = Debug|x64
		{C715033C-EB90-4C60-A085-E1235529C195}.Debug|Any CPU.Build.0 = Debug|x64
		{C715033C-EB90-4C60-A085-E1235529C195}.Debug|x64.ActiveCfg = Debug|x64
		{C715033C-EB90-4C60-A085-E1235529C195}.Debug|x64.Build.0 = Debug|x64
		{C715033C-EB90-4C60-A085-E1235529C195}.Debug|x86.ActiveCfg = Debug|x86
		{C715033C-EB90-4C60-A085-E1235529C195}.Debug|x86.Build.0 = Debug|x86
		{C715033C-EB90-4C60-A085-E1235529C195}.DebugAll|Any CPU.ActiveCfg = Debug|Any CPU
		{C715033C-EB90-4C60-A085-E1235529C195}.DebugAll|Any CPU.Build.0 = Debug|Any CPU
		{C715033C-EB90-4C60-A085-E1235529C195}.DebugAll|x64.ActiveCfg = Debug|x64
		{C715033C-EB90-4C60-A085-E1235529C195}.DebugAll|x64.Build.0 = Debug|x64
		{C715033C-EB90-4C60-A085-E1235529C195}.DebugAll|x86.ActiveCfg = Debug|Any CPU
		{C715033C-EB90-4C60-A085-E1235529C195}.DebugAll|x86.Build.0 = Debug|Any CPU
		{C715033C-EB90-4C60-A085-E1235529C195}.PreRelease|Any CPU.ActiveCfg = Release|Any CPU
		{C715033C-EB90-4C60-A085-E1235529C195}.PreRelease|Any CPU.Build.0 = Release|Any CPU
		{C715033C-EB90-4C60-A085-E1235529C195}.PreRelease|x64.ActiveCfg = Release|x64
		{C715033C-EB90-4C60-A085-E1235529C195}.PreRelease|x64.Build.0 = Release|x64
		{C715033C-EB90-4C60-A085-E1235529C195}.PreRelease|x86.ActiveCfg = Release|Any CPU
		{C715033C-EB90-4C60-A085-E1235529C195}.PreRelease|x86.Build.0 = Release|Any CPU
		{C715033C-EB90-4C60-A085-E1235529C195}.Release|Any CPU.ActiveCfg = Release|Any CPU
		{C715033C-EB90-4C60-A085-E1235529C195}.Release|Any CPU.Build.0 = Release|Any CPU
		{C715033C-EB90-4C60-A085-E1235529C195}.Release|x64.ActiveCfg = Release|x64
		{C715033C-EB90-4C60-A085-E1235529C195}.Release|x64.Build.0 = Release|x64
		{C715033C-EB90-4C60-A085-E1235529C195}.Release|x86.ActiveCfg = Release|Any CPU
		{C715033C-EB90-4C60-A085-E1235529C195}.Release|x86.Build.0 = Release|Any CPU
		{3674FA38-2F79-41BA-B858-571F3ACAEDE0}.ApplicationGenerator|Any CPU.ActiveCfg = Debug|Any CPU
		{3674FA38-2F79-41BA-B858-571F3ACAEDE0}.ApplicationGenerator|Any CPU.Build.0 = Debug|Any CPU
		{3674FA38-2F79-41BA-B858-571F3ACAEDE0}.ApplicationGenerator|x64.ActiveCfg = Release|Any CPU
		{3674FA38-2F79-41BA-B858-571F3ACAEDE0}.ApplicationGenerator|x64.Build.0 = Release|Any CPU
		{3674FA38-2F79-41BA-B858-571F3ACAEDE0}.ApplicationGenerator|x86.ActiveCfg = Debug|Any CPU
		{3674FA38-2F79-41BA-B858-571F3ACAEDE0}.ApplicationGenerator|x86.Build.0 = Debug|Any CPU
		{3674FA38-2F79-41BA-B858-571F3ACAEDE0}.Debug|Any CPU.ActiveCfg = Debug|Any CPU
		{3674FA38-2F79-41BA-B858-571F3ACAEDE0}.Debug|Any CPU.Build.0 = Debug|Any CPU
		{3674FA38-2F79-41BA-B858-571F3ACAEDE0}.Debug|x64.ActiveCfg = Debug|Any CPU
		{3674FA38-2F79-41BA-B858-571F3ACAEDE0}.Debug|x64.Build.0 = Debug|Any CPU
		{3674FA38-2F79-41BA-B858-571F3ACAEDE0}.Debug|x86.ActiveCfg = Debug|Any CPU
		{3674FA38-2F79-41BA-B858-571F3ACAEDE0}.Debug|x86.Build.0 = Debug|Any CPU
		{3674FA38-2F79-41BA-B858-571F3ACAEDE0}.DebugAll|Any CPU.ActiveCfg = Debug|Any CPU
		{3674FA38-2F79-41BA-B858-571F3ACAEDE0}.DebugAll|Any CPU.Build.0 = Debug|Any CPU
		{3674FA38-2F79-41BA-B858-571F3ACAEDE0}.DebugAll|x64.ActiveCfg = Debug|Any CPU
		{3674FA38-2F79-41BA-B858-571F3ACAEDE0}.DebugAll|x64.Build.0 = Debug|Any CPU
		{3674FA38-2F79-41BA-B858-571F3ACAEDE0}.DebugAll|x86.ActiveCfg = Debug|Any CPU
		{3674FA38-2F79-41BA-B858-571F3ACAEDE0}.DebugAll|x86.Build.0 = Debug|Any CPU
		{3674FA38-2F79-41BA-B858-571F3ACAEDE0}.PreRelease|Any CPU.ActiveCfg = Release|Any CPU
		{3674FA38-2F79-41BA-B858-571F3ACAEDE0}.PreRelease|Any CPU.Build.0 = Release|Any CPU
		{3674FA38-2F79-41BA-B858-571F3ACAEDE0}.PreRelease|x64.ActiveCfg = Release|Any CPU
		{3674FA38-2F79-41BA-B858-571F3ACAEDE0}.PreRelease|x64.Build.0 = Release|Any CPU
		{3674FA38-2F79-41BA-B858-571F3ACAEDE0}.PreRelease|x86.ActiveCfg = Release|Any CPU
		{3674FA38-2F79-41BA-B858-571F3ACAEDE0}.PreRelease|x86.Build.0 = Release|Any CPU
		{3674FA38-2F79-41BA-B858-571F3ACAEDE0}.Release|Any CPU.ActiveCfg = Release|Any CPU
		{3674FA38-2F79-41BA-B858-571F3ACAEDE0}.Release|Any CPU.Build.0 = Release|Any CPU
		{3674FA38-2F79-41BA-B858-571F3ACAEDE0}.Release|x64.ActiveCfg = Release|Any CPU
		{3674FA38-2F79-41BA-B858-571F3ACAEDE0}.Release|x64.Build.0 = Release|Any CPU
		{3674FA38-2F79-41BA-B858-571F3ACAEDE0}.Release|x86.ActiveCfg = Release|Any CPU
		{3674FA38-2F79-41BA-B858-571F3ACAEDE0}.Release|x86.Build.0 = Release|Any CPU
		{A4763B8B-F945-4C4C-9727-7E970E02F662}.ApplicationGenerator|Any CPU.ActiveCfg = ApplicationGenerator|Any CPU
		{A4763B8B-F945-4C4C-9727-7E970E02F662}.ApplicationGenerator|Any CPU.Build.0 = ApplicationGenerator|Any CPU
		{A4763B8B-F945-4C4C-9727-7E970E02F662}.ApplicationGenerator|x64.ActiveCfg = ApplicationGenerator|Any CPU
		{A4763B8B-F945-4C4C-9727-7E970E02F662}.ApplicationGenerator|x64.Build.0 = ApplicationGenerator|Any CPU
		{A4763B8B-F945-4C4C-9727-7E970E02F662}.ApplicationGenerator|x86.ActiveCfg = ApplicationGenerator|Any CPU
		{A4763B8B-F945-4C4C-9727-7E970E02F662}.ApplicationGenerator|x86.Build.0 = ApplicationGenerator|Any CPU
		{A4763B8B-F945-4C4C-9727-7E970E02F662}.Debug|Any CPU.ActiveCfg = Debug|Any CPU
		{A4763B8B-F945-4C4C-9727-7E970E02F662}.Debug|Any CPU.Build.0 = Debug|Any CPU
		{A4763B8B-F945-4C4C-9727-7E970E02F662}.Debug|x64.ActiveCfg = Debug|Any CPU
		{A4763B8B-F945-4C4C-9727-7E970E02F662}.Debug|x64.Build.0 = Debug|Any CPU
		{A4763B8B-F945-4C4C-9727-7E970E02F662}.Debug|x86.ActiveCfg = Debug|Any CPU
		{A4763B8B-F945-4C4C-9727-7E970E02F662}.Debug|x86.Build.0 = Debug|Any CPU
		{A4763B8B-F945-4C4C-9727-7E970E02F662}.DebugAll|Any CPU.ActiveCfg = DebugAll|Any CPU
		{A4763B8B-F945-4C4C-9727-7E970E02F662}.DebugAll|Any CPU.Build.0 = DebugAll|Any CPU
		{A4763B8B-F945-4C4C-9727-7E970E02F662}.DebugAll|x64.ActiveCfg = DebugAll|Any CPU
		{A4763B8B-F945-4C4C-9727-7E970E02F662}.DebugAll|x64.Build.0 = DebugAll|Any CPU
		{A4763B8B-F945-4C4C-9727-7E970E02F662}.DebugAll|x86.ActiveCfg = DebugAll|Any CPU
		{A4763B8B-F945-4C4C-9727-7E970E02F662}.DebugAll|x86.Build.0 = DebugAll|Any CPU
		{A4763B8B-F945-4C4C-9727-7E970E02F662}.PreRelease|Any CPU.ActiveCfg = PreRelease|Any CPU
		{A4763B8B-F945-4C4C-9727-7E970E02F662}.PreRelease|Any CPU.Build.0 = PreRelease|Any CPU
		{A4763B8B-F945-4C4C-9727-7E970E02F662}.PreRelease|x64.ActiveCfg = PreRelease|Any CPU
		{A4763B8B-F945-4C4C-9727-7E970E02F662}.PreRelease|x64.Build.0 = PreRelease|Any CPU
		{A4763B8B-F945-4C4C-9727-7E970E02F662}.PreRelease|x86.ActiveCfg = PreRelease|Any CPU
		{A4763B8B-F945-4C4C-9727-7E970E02F662}.PreRelease|x86.Build.0 = PreRelease|Any CPU
		{A4763B8B-F945-4C4C-9727-7E970E02F662}.Release|Any CPU.ActiveCfg = Release|Any CPU
		{A4763B8B-F945-4C4C-9727-7E970E02F662}.Release|Any CPU.Build.0 = Release|Any CPU
		{A4763B8B-F945-4C4C-9727-7E970E02F662}.Release|x64.ActiveCfg = Release|Any CPU
		{A4763B8B-F945-4C4C-9727-7E970E02F662}.Release|x64.Build.0 = Release|Any CPU
		{A4763B8B-F945-4C4C-9727-7E970E02F662}.Release|x86.ActiveCfg = Release|Any CPU
		{A4763B8B-F945-4C4C-9727-7E970E02F662}.Release|x86.Build.0 = Release|Any CPU
		{0F106257-E070-4510-BFA7-87CC6EDC5BA1}.ApplicationGenerator|Any CPU.ActiveCfg = ApplicationGenerator|Any CPU
		{0F106257-E070-4510-BFA7-87CC6EDC5BA1}.ApplicationGenerator|Any CPU.Build.0 = ApplicationGenerator|Any CPU
		{0F106257-E070-4510-BFA7-87CC6EDC5BA1}.ApplicationGenerator|x64.ActiveCfg = ApplicationGenerator|Any CPU
		{0F106257-E070-4510-BFA7-87CC6EDC5BA1}.ApplicationGenerator|x64.Build.0 = ApplicationGenerator|Any CPU
		{0F106257-E070-4510-BFA7-87CC6EDC5BA1}.ApplicationGenerator|x86.ActiveCfg = ApplicationGenerator|Any CPU
		{0F106257-E070-4510-BFA7-87CC6EDC5BA1}.ApplicationGenerator|x86.Build.0 = ApplicationGenerator|Any CPU
		{0F106257-E070-4510-BFA7-87CC6EDC5BA1}.Debug|Any CPU.ActiveCfg = Debug|Any CPU
		{0F106257-E070-4510-BFA7-87CC6EDC5BA1}.Debug|Any CPU.Build.0 = Debug|Any CPU
		{0F106257-E070-4510-BFA7-87CC6EDC5BA1}.Debug|x64.ActiveCfg = Debug|Any CPU
		{0F106257-E070-4510-BFA7-87CC6EDC5BA1}.Debug|x64.Build.0 = Debug|Any CPU
		{0F106257-E070-4510-BFA7-87CC6EDC5BA1}.Debug|x86.ActiveCfg = Debug|Any CPU
		{0F106257-E070-4510-BFA7-87CC6EDC5BA1}.Debug|x86.Build.0 = Debug|Any CPU
		{0F106257-E070-4510-BFA7-87CC6EDC5BA1}.DebugAll|Any CPU.ActiveCfg = DebugAll|Any CPU
		{0F106257-E070-4510-BFA7-87CC6EDC5BA1}.DebugAll|Any CPU.Build.0 = DebugAll|Any CPU
		{0F106257-E070-4510-BFA7-87CC6EDC5BA1}.DebugAll|x64.ActiveCfg = DebugAll|Any CPU
		{0F106257-E070-4510-BFA7-87CC6EDC5BA1}.DebugAll|x64.Build.0 = DebugAll|Any CPU
		{0F106257-E070-4510-BFA7-87CC6EDC5BA1}.DebugAll|x86.ActiveCfg = DebugAll|Any CPU
		{0F106257-E070-4510-BFA7-87CC6EDC5BA1}.DebugAll|x86.Build.0 = DebugAll|Any CPU
		{0F106257-E070-4510-BFA7-87CC6EDC5BA1}.PreRelease|Any CPU.ActiveCfg = PreRelease|Any CPU
		{0F106257-E070-4510-BFA7-87CC6EDC5BA1}.PreRelease|Any CPU.Build.0 = PreRelease|Any CPU
		{0F106257-E070-4510-BFA7-87CC6EDC5BA1}.PreRelease|x64.ActiveCfg = PreRelease|Any CPU
		{0F106257-E070-4510-BFA7-87CC6EDC5BA1}.PreRelease|x64.Build.0 = PreRelease|Any CPU
		{0F106257-E070-4510-BFA7-87CC6EDC5BA1}.PreRelease|x86.ActiveCfg = PreRelease|Any CPU
		{0F106257-E070-4510-BFA7-87CC6EDC5BA1}.PreRelease|x86.Build.0 = PreRelease|Any CPU
		{0F106257-E070-4510-BFA7-87CC6EDC5BA1}.Release|Any CPU.ActiveCfg = Release|Any CPU
		{0F106257-E070-4510-BFA7-87CC6EDC5BA1}.Release|Any CPU.Build.0 = Release|Any CPU
		{0F106257-E070-4510-BFA7-87CC6EDC5BA1}.Release|x64.ActiveCfg = Release|Any CPU
		{0F106257-E070-4510-BFA7-87CC6EDC5BA1}.Release|x64.Build.0 = Release|Any CPU
		{0F106257-E070-4510-BFA7-87CC6EDC5BA1}.Release|x86.ActiveCfg = Release|Any CPU
		{0F106257-E070-4510-BFA7-87CC6EDC5BA1}.Release|x86.Build.0 = Release|Any CPU
		{3F1B94DC-2EE6-4674-A2DE-E60FFC63A1D9}.ApplicationGenerator|Any CPU.ActiveCfg = ApplicationGenerator|Any CPU
		{3F1B94DC-2EE6-4674-A2DE-E60FFC63A1D9}.ApplicationGenerator|Any CPU.Build.0 = ApplicationGenerator|Any CPU
		{3F1B94DC-2EE6-4674-A2DE-E60FFC63A1D9}.ApplicationGenerator|x64.ActiveCfg = ApplicationGenerator|Any CPU
		{3F1B94DC-2EE6-4674-A2DE-E60FFC63A1D9}.ApplicationGenerator|x64.Build.0 = ApplicationGenerator|Any CPU
		{3F1B94DC-2EE6-4674-A2DE-E60FFC63A1D9}.ApplicationGenerator|x86.ActiveCfg = ApplicationGenerator|Any CPU
		{3F1B94DC-2EE6-4674-A2DE-E60FFC63A1D9}.ApplicationGenerator|x86.Build.0 = ApplicationGenerator|Any CPU
		{3F1B94DC-2EE6-4674-A2DE-E60FFC63A1D9}.Debug|Any CPU.ActiveCfg = Debug|Any CPU
		{3F1B94DC-2EE6-4674-A2DE-E60FFC63A1D9}.Debug|Any CPU.Build.0 = Debug|Any CPU
		{3F1B94DC-2EE6-4674-A2DE-E60FFC63A1D9}.Debug|x64.ActiveCfg = Debug|Any CPU
		{3F1B94DC-2EE6-4674-A2DE-E60FFC63A1D9}.Debug|x64.Build.0 = Debug|Any CPU
		{3F1B94DC-2EE6-4674-A2DE-E60FFC63A1D9}.Debug|x86.ActiveCfg = Debug|Any CPU
		{3F1B94DC-2EE6-4674-A2DE-E60FFC63A1D9}.Debug|x86.Build.0 = Debug|Any CPU
		{3F1B94DC-2EE6-4674-A2DE-E60FFC63A1D9}.DebugAll|Any CPU.ActiveCfg = DebugAll|Any CPU
		{3F1B94DC-2EE6-4674-A2DE-E60FFC63A1D9}.DebugAll|Any CPU.Build.0 = DebugAll|Any CPU
		{3F1B94DC-2EE6-4674-A2DE-E60FFC63A1D9}.DebugAll|x64.ActiveCfg = DebugAll|Any CPU
		{3F1B94DC-2EE6-4674-A2DE-E60FFC63A1D9}.DebugAll|x64.Build.0 = DebugAll|Any CPU
		{3F1B94DC-2EE6-4674-A2DE-E60FFC63A1D9}.DebugAll|x86.ActiveCfg = DebugAll|Any CPU
		{3F1B94DC-2EE6-4674-A2DE-E60FFC63A1D9}.DebugAll|x86.Build.0 = DebugAll|Any CPU
		{3F1B94DC-2EE6-4674-A2DE-E60FFC63A1D9}.PreRelease|Any CPU.ActiveCfg = PreRelease|Any CPU
		{3F1B94DC-2EE6-4674-A2DE-E60FFC63A1D9}.PreRelease|Any CPU.Build.0 = PreRelease|Any CPU
		{3F1B94DC-2EE6-4674-A2DE-E60FFC63A1D9}.PreRelease|x64.ActiveCfg = PreRelease|Any CPU
		{3F1B94DC-2EE6-4674-A2DE-E60FFC63A1D9}.PreRelease|x64.Build.0 = PreRelease|Any CPU
		{3F1B94DC-2EE6-4674-A2DE-E60FFC63A1D9}.PreRelease|x86.ActiveCfg = PreRelease|Any CPU
		{3F1B94DC-2EE6-4674-A2DE-E60FFC63A1D9}.PreRelease|x86.Build.0 = PreRelease|Any CPU
		{3F1B94DC-2EE6-4674-A2DE-E60FFC63A1D9}.Release|Any CPU.ActiveCfg = Release|Any CPU
		{3F1B94DC-2EE6-4674-A2DE-E60FFC63A1D9}.Release|Any CPU.Build.0 = Release|Any CPU
		{3F1B94DC-2EE6-4674-A2DE-E60FFC63A1D9}.Release|x64.ActiveCfg = Release|Any CPU
		{3F1B94DC-2EE6-4674-A2DE-E60FFC63A1D9}.Release|x64.Build.0 = Release|Any CPU
		{3F1B94DC-2EE6-4674-A2DE-E60FFC63A1D9}.Release|x86.ActiveCfg = Release|Any CPU
		{3F1B94DC-2EE6-4674-A2DE-E60FFC63A1D9}.Release|x86.Build.0 = Release|Any CPU
		{210DBD13-A7B0-430A-AEB4-7E558CA61A46}.ApplicationGenerator|Any CPU.ActiveCfg = ApplicationGenerator|Any CPU
		{210DBD13-A7B0-430A-AEB4-7E558CA61A46}.ApplicationGenerator|Any CPU.Build.0 = ApplicationGenerator|Any CPU
		{210DBD13-A7B0-430A-AEB4-7E558CA61A46}.ApplicationGenerator|x64.ActiveCfg = ApplicationGenerator|Any CPU
		{210DBD13-A7B0-430A-AEB4-7E558CA61A46}.ApplicationGenerator|x64.Build.0 = ApplicationGenerator|Any CPU
		{210DBD13-A7B0-430A-AEB4-7E558CA61A46}.ApplicationGenerator|x86.ActiveCfg = ApplicationGenerator|Any CPU
		{210DBD13-A7B0-430A-AEB4-7E558CA61A46}.ApplicationGenerator|x86.Build.0 = ApplicationGenerator|Any CPU
		{210DBD13-A7B0-430A-AEB4-7E558CA61A46}.Debug|Any CPU.ActiveCfg = Debug|Any CPU
		{210DBD13-A7B0-430A-AEB4-7E558CA61A46}.Debug|Any CPU.Build.0 = Debug|Any CPU
		{210DBD13-A7B0-430A-AEB4-7E558CA61A46}.Debug|x64.ActiveCfg = Debug|Any CPU
		{210DBD13-A7B0-430A-AEB4-7E558CA61A46}.Debug|x64.Build.0 = Debug|Any CPU
		{210DBD13-A7B0-430A-AEB4-7E558CA61A46}.Debug|x86.ActiveCfg = Debug|Any CPU
		{210DBD13-A7B0-430A-AEB4-7E558CA61A46}.Debug|x86.Build.0 = Debug|Any CPU
		{210DBD13-A7B0-430A-AEB4-7E558CA61A46}.DebugAll|Any CPU.ActiveCfg = DebugAll|Any CPU
		{210DBD13-A7B0-430A-AEB4-7E558CA61A46}.DebugAll|Any CPU.Build.0 = DebugAll|Any CPU
		{210DBD13-A7B0-430A-AEB4-7E558CA61A46}.DebugAll|x64.ActiveCfg = DebugAll|Any CPU
		{210DBD13-A7B0-430A-AEB4-7E558CA61A46}.DebugAll|x64.Build.0 = DebugAll|Any CPU
		{210DBD13-A7B0-430A-AEB4-7E558CA61A46}.DebugAll|x86.ActiveCfg = DebugAll|Any CPU
		{210DBD13-A7B0-430A-AEB4-7E558CA61A46}.DebugAll|x86.Build.0 = DebugAll|Any CPU
		{210DBD13-A7B0-430A-AEB4-7E558CA61A46}.PreRelease|Any CPU.ActiveCfg = PreRelease|Any CPU
		{210DBD13-A7B0-430A-AEB4-7E558CA61A46}.PreRelease|Any CPU.Build.0 = PreRelease|Any CPU
		{210DBD13-A7B0-430A-AEB4-7E558CA61A46}.PreRelease|x64.ActiveCfg = PreRelease|Any CPU
		{210DBD13-A7B0-430A-AEB4-7E558CA61A46}.PreRelease|x64.Build.0 = PreRelease|Any CPU
		{210DBD13-A7B0-430A-AEB4-7E558CA61A46}.PreRelease|x86.ActiveCfg = PreRelease|Any CPU
		{210DBD13-A7B0-430A-AEB4-7E558CA61A46}.PreRelease|x86.Build.0 = PreRelease|Any CPU
		{210DBD13-A7B0-430A-AEB4-7E558CA61A46}.Release|Any CPU.ActiveCfg = Release|Any CPU
		{210DBD13-A7B0-430A-AEB4-7E558CA61A46}.Release|Any CPU.Build.0 = Release|Any CPU
		{210DBD13-A7B0-430A-AEB4-7E558CA61A46}.Release|x64.ActiveCfg = Release|Any CPU
		{210DBD13-A7B0-430A-AEB4-7E558CA61A46}.Release|x64.Build.0 = Release|Any CPU
		{210DBD13-A7B0-430A-AEB4-7E558CA61A46}.Release|x86.ActiveCfg = Release|Any CPU
		{210DBD13-A7B0-430A-AEB4-7E558CA61A46}.Release|x86.Build.0 = Release|Any CPU
		{6ECFD59C-E75D-44AA-AD15-2FEEDC8D6A98}.ApplicationGenerator|Any CPU.ActiveCfg = ApplicationGenerator|Any CPU
		{6ECFD59C-E75D-44AA-AD15-2FEEDC8D6A98}.ApplicationGenerator|Any CPU.Build.0 = ApplicationGenerator|Any CPU
		{6ECFD59C-E75D-44AA-AD15-2FEEDC8D6A98}.ApplicationGenerator|x64.ActiveCfg = ApplicationGenerator|Any CPU
		{6ECFD59C-E75D-44AA-AD15-2FEEDC8D6A98}.ApplicationGenerator|x64.Build.0 = ApplicationGenerator|Any CPU
		{6ECFD59C-E75D-44AA-AD15-2FEEDC8D6A98}.ApplicationGenerator|x86.ActiveCfg = ApplicationGenerator|Any CPU
		{6ECFD59C-E75D-44AA-AD15-2FEEDC8D6A98}.ApplicationGenerator|x86.Build.0 = ApplicationGenerator|Any CPU
		{6ECFD59C-E75D-44AA-AD15-2FEEDC8D6A98}.Debug|Any CPU.ActiveCfg = Debug|Any CPU
		{6ECFD59C-E75D-44AA-AD15-2FEEDC8D6A98}.Debug|Any CPU.Build.0 = Debug|Any CPU
		{6ECFD59C-E75D-44AA-AD15-2FEEDC8D6A98}.Debug|x64.ActiveCfg = Debug|Any CPU
		{6ECFD59C-E75D-44AA-AD15-2FEEDC8D6A98}.Debug|x64.Build.0 = Debug|Any CPU
		{6ECFD59C-E75D-44AA-AD15-2FEEDC8D6A98}.Debug|x86.ActiveCfg = Debug|Any CPU
		{6ECFD59C-E75D-44AA-AD15-2FEEDC8D6A98}.Debug|x86.Build.0 = Debug|Any CPU
		{6ECFD59C-E75D-44AA-AD15-2FEEDC8D6A98}.DebugAll|Any CPU.ActiveCfg = DebugAll|Any CPU
		{6ECFD59C-E75D-44AA-AD15-2FEEDC8D6A98}.DebugAll|Any CPU.Build.0 = DebugAll|Any CPU
		{6ECFD59C-E75D-44AA-AD15-2FEEDC8D6A98}.DebugAll|x64.ActiveCfg = DebugAll|Any CPU
		{6ECFD59C-E75D-44AA-AD15-2FEEDC8D6A98}.DebugAll|x64.Build.0 = DebugAll|Any CPU
		{6ECFD59C-E75D-44AA-AD15-2FEEDC8D6A98}.DebugAll|x86.ActiveCfg = DebugAll|Any CPU
		{6ECFD59C-E75D-44AA-AD15-2FEEDC8D6A98}.DebugAll|x86.Build.0 = DebugAll|Any CPU
		{6ECFD59C-E75D-44AA-AD15-2FEEDC8D6A98}.PreRelease|Any CPU.ActiveCfg = PreRelease|Any CPU
		{6ECFD59C-E75D-44AA-AD15-2FEEDC8D6A98}.PreRelease|Any CPU.Build.0 = PreRelease|Any CPU
		{6ECFD59C-E75D-44AA-AD15-2FEEDC8D6A98}.PreRelease|x64.ActiveCfg = PreRelease|Any CPU
		{6ECFD59C-E75D-44AA-AD15-2FEEDC8D6A98}.PreRelease|x64.Build.0 = PreRelease|Any CPU
		{6ECFD59C-E75D-44AA-AD15-2FEEDC8D6A98}.PreRelease|x86.ActiveCfg = PreRelease|Any CPU
		{6ECFD59C-E75D-44AA-AD15-2FEEDC8D6A98}.PreRelease|x86.Build.0 = PreRelease|Any CPU
		{6ECFD59C-E75D-44AA-AD15-2FEEDC8D6A98}.Release|Any CPU.ActiveCfg = Release|Any CPU
		{6ECFD59C-E75D-44AA-AD15-2FEEDC8D6A98}.Release|Any CPU.Build.0 = Release|Any CPU
		{6ECFD59C-E75D-44AA-AD15-2FEEDC8D6A98}.Release|x64.ActiveCfg = Release|Any CPU
		{6ECFD59C-E75D-44AA-AD15-2FEEDC8D6A98}.Release|x64.Build.0 = Release|Any CPU
		{6ECFD59C-E75D-44AA-AD15-2FEEDC8D6A98}.Release|x86.ActiveCfg = Release|Any CPU
		{6ECFD59C-E75D-44AA-AD15-2FEEDC8D6A98}.Release|x86.Build.0 = Release|Any CPU
		{1A9A64A4-3BDD-467D-ADB3-58BEDBBDEB4E}.ApplicationGenerator|Any CPU.ActiveCfg = ApplicationGenerator|Any CPU
		{1A9A64A4-3BDD-467D-ADB3-58BEDBBDEB4E}.ApplicationGenerator|Any CPU.Build.0 = ApplicationGenerator|Any CPU
		{1A9A64A4-3BDD-467D-ADB3-58BEDBBDEB4E}.ApplicationGenerator|x64.ActiveCfg = ApplicationGenerator|Any CPU
		{1A9A64A4-3BDD-467D-ADB3-58BEDBBDEB4E}.ApplicationGenerator|x64.Build.0 = ApplicationGenerator|Any CPU
		{1A9A64A4-3BDD-467D-ADB3-58BEDBBDEB4E}.ApplicationGenerator|x86.ActiveCfg = ApplicationGenerator|Any CPU
		{1A9A64A4-3BDD-467D-ADB3-58BEDBBDEB4E}.ApplicationGenerator|x86.Build.0 = ApplicationGenerator|Any CPU
		{1A9A64A4-3BDD-467D-ADB3-58BEDBBDEB4E}.Debug|Any CPU.ActiveCfg = Debug|Any CPU
		{1A9A64A4-3BDD-467D-ADB3-58BEDBBDEB4E}.Debug|Any CPU.Build.0 = Debug|Any CPU
		{1A9A64A4-3BDD-467D-ADB3-58BEDBBDEB4E}.Debug|x64.ActiveCfg = Debug|Any CPU
		{1A9A64A4-3BDD-467D-ADB3-58BEDBBDEB4E}.Debug|x64.Build.0 = Debug|Any CPU
		{1A9A64A4-3BDD-467D-ADB3-58BEDBBDEB4E}.Debug|x86.ActiveCfg = Debug|Any CPU
		{1A9A64A4-3BDD-467D-ADB3-58BEDBBDEB4E}.Debug|x86.Build.0 = Debug|Any CPU
		{1A9A64A4-3BDD-467D-ADB3-58BEDBBDEB4E}.DebugAll|Any CPU.ActiveCfg = DebugAll|Any CPU
		{1A9A64A4-3BDD-467D-ADB3-58BEDBBDEB4E}.DebugAll|Any CPU.Build.0 = DebugAll|Any CPU
		{1A9A64A4-3BDD-467D-ADB3-58BEDBBDEB4E}.DebugAll|x64.ActiveCfg = DebugAll|Any CPU
		{1A9A64A4-3BDD-467D-ADB3-58BEDBBDEB4E}.DebugAll|x64.Build.0 = DebugAll|Any CPU
		{1A9A64A4-3BDD-467D-ADB3-58BEDBBDEB4E}.DebugAll|x86.ActiveCfg = DebugAll|Any CPU
		{1A9A64A4-3BDD-467D-ADB3-58BEDBBDEB4E}.DebugAll|x86.Build.0 = DebugAll|Any CPU
		{1A9A64A4-3BDD-467D-ADB3-58BEDBBDEB4E}.PreRelease|Any CPU.ActiveCfg = PreRelease|Any CPU
		{1A9A64A4-3BDD-467D-ADB3-58BEDBBDEB4E}.PreRelease|Any CPU.Build.0 = PreRelease|Any CPU
		{1A9A64A4-3BDD-467D-ADB3-58BEDBBDEB4E}.PreRelease|x64.ActiveCfg = PreRelease|Any CPU
		{1A9A64A4-3BDD-467D-ADB3-58BEDBBDEB4E}.PreRelease|x64.Build.0 = PreRelease|Any CPU
		{1A9A64A4-3BDD-467D-ADB3-58BEDBBDEB4E}.PreRelease|x86.ActiveCfg = PreRelease|Any CPU
		{1A9A64A4-3BDD-467D-ADB3-58BEDBBDEB4E}.PreRelease|x86.Build.0 = PreRelease|Any CPU
		{1A9A64A4-3BDD-467D-ADB3-58BEDBBDEB4E}.Release|Any CPU.ActiveCfg = Release|Any CPU
		{1A9A64A4-3BDD-467D-ADB3-58BEDBBDEB4E}.Release|Any CPU.Build.0 = Release|Any CPU
		{1A9A64A4-3BDD-467D-ADB3-58BEDBBDEB4E}.Release|x64.ActiveCfg = Release|Any CPU
		{1A9A64A4-3BDD-467D-ADB3-58BEDBBDEB4E}.Release|x64.Build.0 = Release|Any CPU
		{1A9A64A4-3BDD-467D-ADB3-58BEDBBDEB4E}.Release|x86.ActiveCfg = Release|Any CPU
		{1A9A64A4-3BDD-467D-ADB3-58BEDBBDEB4E}.Release|x86.Build.0 = Release|Any CPU
		{A86313DB-D1E8-486B-9FAC-47E3FB176DA7}.ApplicationGenerator|Any CPU.ActiveCfg = ApplicationGenerator|Any CPU
		{A86313DB-D1E8-486B-9FAC-47E3FB176DA7}.ApplicationGenerator|Any CPU.Build.0 = ApplicationGenerator|Any CPU
		{A86313DB-D1E8-486B-9FAC-47E3FB176DA7}.ApplicationGenerator|x64.ActiveCfg = ApplicationGenerator|Any CPU
		{A86313DB-D1E8-486B-9FAC-47E3FB176DA7}.ApplicationGenerator|x64.Build.0 = ApplicationGenerator|Any CPU
		{A86313DB-D1E8-486B-9FAC-47E3FB176DA7}.ApplicationGenerator|x86.ActiveCfg = ApplicationGenerator|Any CPU
		{A86313DB-D1E8-486B-9FAC-47E3FB176DA7}.ApplicationGenerator|x86.Build.0 = ApplicationGenerator|Any CPU
		{A86313DB-D1E8-486B-9FAC-47E3FB176DA7}.Debug|Any CPU.ActiveCfg = Debug|Any CPU
		{A86313DB-D1E8-486B-9FAC-47E3FB176DA7}.Debug|Any CPU.Build.0 = Debug|Any CPU
		{A86313DB-D1E8-486B-9FAC-47E3FB176DA7}.Debug|x64.ActiveCfg = Debug|Any CPU
		{A86313DB-D1E8-486B-9FAC-47E3FB176DA7}.Debug|x64.Build.0 = Debug|Any CPU
		{A86313DB-D1E8-486B-9FAC-47E3FB176DA7}.Debug|x86.ActiveCfg = Debug|Any CPU
		{A86313DB-D1E8-486B-9FAC-47E3FB176DA7}.Debug|x86.Build.0 = Debug|Any CPU
		{A86313DB-D1E8-486B-9FAC-47E3FB176DA7}.DebugAll|Any CPU.ActiveCfg = DebugAll|Any CPU
		{A86313DB-D1E8-486B-9FAC-47E3FB176DA7}.DebugAll|Any CPU.Build.0 = DebugAll|Any CPU
		{A86313DB-D1E8-486B-9FAC-47E3FB176DA7}.DebugAll|x64.ActiveCfg = DebugAll|Any CPU
		{A86313DB-D1E8-486B-9FAC-47E3FB176DA7}.DebugAll|x64.Build.0 = DebugAll|Any CPU
		{A86313DB-D1E8-486B-9FAC-47E3FB176DA7}.DebugAll|x86.ActiveCfg = DebugAll|Any CPU
		{A86313DB-D1E8-486B-9FAC-47E3FB176DA7}.DebugAll|x86.Build.0 = DebugAll|Any CPU
		{A86313DB-D1E8-486B-9FAC-47E3FB176DA7}.PreRelease|Any CPU.ActiveCfg = PreRelease|Any CPU
		{A86313DB-D1E8-486B-9FAC-47E3FB176DA7}.PreRelease|Any CPU.Build.0 = PreRelease|Any CPU
		{A86313DB-D1E8-486B-9FAC-47E3FB176DA7}.PreRelease|x64.ActiveCfg = PreRelease|Any CPU
		{A86313DB-D1E8-486B-9FAC-47E3FB176DA7}.PreRelease|x64.Build.0 = PreRelease|Any CPU
		{A86313DB-D1E8-486B-9FAC-47E3FB176DA7}.PreRelease|x86.ActiveCfg = PreRelease|Any CPU
		{A86313DB-D1E8-486B-9FAC-47E3FB176DA7}.PreRelease|x86.Build.0 = PreRelease|Any CPU
		{A86313DB-D1E8-486B-9FAC-47E3FB176DA7}.Release|Any CPU.ActiveCfg = Release|Any CPU
		{A86313DB-D1E8-486B-9FAC-47E3FB176DA7}.Release|Any CPU.Build.0 = Release|Any CPU
		{A86313DB-D1E8-486B-9FAC-47E3FB176DA7}.Release|x64.ActiveCfg = Release|Any CPU
		{A86313DB-D1E8-486B-9FAC-47E3FB176DA7}.Release|x64.Build.0 = Release|Any CPU
		{A86313DB-D1E8-486B-9FAC-47E3FB176DA7}.Release|x86.ActiveCfg = Release|Any CPU
		{A86313DB-D1E8-486B-9FAC-47E3FB176DA7}.Release|x86.Build.0 = Release|Any CPU
		{91B287FE-0858-444E-8E87-0F3D4783BBBC}.ApplicationGenerator|Any CPU.ActiveCfg = ApplicationGenerator|Any CPU
		{91B287FE-0858-444E-8E87-0F3D4783BBBC}.ApplicationGenerator|Any CPU.Build.0 = ApplicationGenerator|Any CPU
		{91B287FE-0858-444E-8E87-0F3D4783BBBC}.ApplicationGenerator|x64.ActiveCfg = ApplicationGenerator|Any CPU
		{91B287FE-0858-444E-8E87-0F3D4783BBBC}.ApplicationGenerator|x64.Build.0 = ApplicationGenerator|Any CPU
		{91B287FE-0858-444E-8E87-0F3D4783BBBC}.ApplicationGenerator|x86.ActiveCfg = ApplicationGenerator|Any CPU
		{91B287FE-0858-444E-8E87-0F3D4783BBBC}.ApplicationGenerator|x86.Build.0 = ApplicationGenerator|Any CPU
		{91B287FE-0858-444E-8E87-0F3D4783BBBC}.Debug|Any CPU.ActiveCfg = Debug|Any CPU
		{91B287FE-0858-444E-8E87-0F3D4783BBBC}.Debug|Any CPU.Build.0 = Debug|Any CPU
		{91B287FE-0858-444E-8E87-0F3D4783BBBC}.Debug|x64.ActiveCfg = Debug|Any CPU
		{91B287FE-0858-444E-8E87-0F3D4783BBBC}.Debug|x64.Build.0 = Debug|Any CPU
		{91B287FE-0858-444E-8E87-0F3D4783BBBC}.Debug|x86.ActiveCfg = Debug|Any CPU
		{91B287FE-0858-444E-8E87-0F3D4783BBBC}.Debug|x86.Build.0 = Debug|Any CPU
		{91B287FE-0858-444E-8E87-0F3D4783BBBC}.DebugAll|Any CPU.ActiveCfg = DebugAll|Any CPU
		{91B287FE-0858-444E-8E87-0F3D4783BBBC}.DebugAll|Any CPU.Build.0 = DebugAll|Any CPU
		{91B287FE-0858-444E-8E87-0F3D4783BBBC}.DebugAll|x64.ActiveCfg = DebugAll|Any CPU
		{91B287FE-0858-444E-8E87-0F3D4783BBBC}.DebugAll|x64.Build.0 = DebugAll|Any CPU
		{91B287FE-0858-444E-8E87-0F3D4783BBBC}.DebugAll|x86.ActiveCfg = DebugAll|Any CPU
		{91B287FE-0858-444E-8E87-0F3D4783BBBC}.DebugAll|x86.Build.0 = DebugAll|Any CPU
		{91B287FE-0858-444E-8E87-0F3D4783BBBC}.PreRelease|Any CPU.ActiveCfg = PreRelease|Any CPU
		{91B287FE-0858-444E-8E87-0F3D4783BBBC}.PreRelease|Any CPU.Build.0 = PreRelease|Any CPU
		{91B287FE-0858-444E-8E87-0F3D4783BBBC}.PreRelease|x64.ActiveCfg = PreRelease|Any CPU
		{91B287FE-0858-444E-8E87-0F3D4783BBBC}.PreRelease|x64.Build.0 = PreRelease|Any CPU
		{91B287FE-0858-444E-8E87-0F3D4783BBBC}.PreRelease|x86.ActiveCfg = PreRelease|Any CPU
		{91B287FE-0858-444E-8E87-0F3D4783BBBC}.PreRelease|x86.Build.0 = PreRelease|Any CPU
		{91B287FE-0858-444E-8E87-0F3D4783BBBC}.Release|Any CPU.ActiveCfg = Release|Any CPU
		{91B287FE-0858-444E-8E87-0F3D4783BBBC}.Release|Any CPU.Build.0 = Release|Any CPU
		{91B287FE-0858-444E-8E87-0F3D4783BBBC}.Release|x64.ActiveCfg = Release|Any CPU
		{91B287FE-0858-444E-8E87-0F3D4783BBBC}.Release|x64.Build.0 = Release|Any CPU
		{91B287FE-0858-444E-8E87-0F3D4783BBBC}.Release|x86.ActiveCfg = Release|Any CPU
		{91B287FE-0858-444E-8E87-0F3D4783BBBC}.Release|x86.Build.0 = Release|Any CPU
		{73152691-3CDE-46DF-8D04-7117747DFFE7}.ApplicationGenerator|Any CPU.ActiveCfg = Debug|Any CPU
		{73152691-3CDE-46DF-8D04-7117747DFFE7}.ApplicationGenerator|Any CPU.Build.0 = Debug|Any CPU
		{73152691-3CDE-46DF-8D04-7117747DFFE7}.ApplicationGenerator|x64.ActiveCfg = Release|Any CPU
		{73152691-3CDE-46DF-8D04-7117747DFFE7}.ApplicationGenerator|x64.Build.0 = Release|Any CPU
		{73152691-3CDE-46DF-8D04-7117747DFFE7}.ApplicationGenerator|x86.ActiveCfg = Debug|Any CPU
		{73152691-3CDE-46DF-8D04-7117747DFFE7}.ApplicationGenerator|x86.Build.0 = Debug|Any CPU
		{73152691-3CDE-46DF-8D04-7117747DFFE7}.Debug|Any CPU.ActiveCfg = Debug|Any CPU
		{73152691-3CDE-46DF-8D04-7117747DFFE7}.Debug|Any CPU.Build.0 = Debug|Any CPU
		{73152691-3CDE-46DF-8D04-7117747DFFE7}.Debug|x64.ActiveCfg = Debug|Any CPU
		{73152691-3CDE-46DF-8D04-7117747DFFE7}.Debug|x64.Build.0 = Debug|Any CPU
		{73152691-3CDE-46DF-8D04-7117747DFFE7}.Debug|x86.ActiveCfg = Debug|Any CPU
		{73152691-3CDE-46DF-8D04-7117747DFFE7}.Debug|x86.Build.0 = Debug|Any CPU
		{73152691-3CDE-46DF-8D04-7117747DFFE7}.DebugAll|Any CPU.ActiveCfg = Debug|Any CPU
		{73152691-3CDE-46DF-8D04-7117747DFFE7}.DebugAll|Any CPU.Build.0 = Debug|Any CPU
		{73152691-3CDE-46DF-8D04-7117747DFFE7}.DebugAll|x64.ActiveCfg = Debug|Any CPU
		{73152691-3CDE-46DF-8D04-7117747DFFE7}.DebugAll|x64.Build.0 = Debug|Any CPU
		{73152691-3CDE-46DF-8D04-7117747DFFE7}.DebugAll|x86.ActiveCfg = Debug|Any CPU
		{73152691-3CDE-46DF-8D04-7117747DFFE7}.DebugAll|x86.Build.0 = Debug|Any CPU
		{73152691-3CDE-46DF-8D04-7117747DFFE7}.PreRelease|Any CPU.ActiveCfg = Release|Any CPU
		{73152691-3CDE-46DF-8D04-7117747DFFE7}.PreRelease|Any CPU.Build.0 = Release|Any CPU
		{73152691-3CDE-46DF-8D04-7117747DFFE7}.PreRelease|x64.ActiveCfg = Release|Any CPU
		{73152691-3CDE-46DF-8D04-7117747DFFE7}.PreRelease|x64.Build.0 = Release|Any CPU
		{73152691-3CDE-46DF-8D04-7117747DFFE7}.PreRelease|x86.ActiveCfg = Release|Any CPU
		{73152691-3CDE-46DF-8D04-7117747DFFE7}.PreRelease|x86.Build.0 = Release|Any CPU
		{73152691-3CDE-46DF-8D04-7117747DFFE7}.Release|Any CPU.ActiveCfg = Release|Any CPU
		{73152691-3CDE-46DF-8D04-7117747DFFE7}.Release|Any CPU.Build.0 = Release|Any CPU
		{73152691-3CDE-46DF-8D04-7117747DFFE7}.Release|x64.ActiveCfg = Release|Any CPU
		{73152691-3CDE-46DF-8D04-7117747DFFE7}.Release|x64.Build.0 = Release|Any CPU
		{73152691-3CDE-46DF-8D04-7117747DFFE7}.Release|x86.ActiveCfg = Release|Any CPU
		{73152691-3CDE-46DF-8D04-7117747DFFE7}.Release|x86.Build.0 = Release|Any CPU
		{BBB16FB1-0D5F-4E71-801C-E58A48305179}.ApplicationGenerator|Any CPU.ActiveCfg = ApplicationGenerator|Any CPU
		{BBB16FB1-0D5F-4E71-801C-E58A48305179}.ApplicationGenerator|Any CPU.Build.0 = ApplicationGenerator|Any CPU
		{BBB16FB1-0D5F-4E71-801C-E58A48305179}.ApplicationGenerator|x64.ActiveCfg = ApplicationGenerator|Any CPU
		{BBB16FB1-0D5F-4E71-801C-E58A48305179}.ApplicationGenerator|x64.Build.0 = ApplicationGenerator|Any CPU
		{BBB16FB1-0D5F-4E71-801C-E58A48305179}.ApplicationGenerator|x86.ActiveCfg = ApplicationGenerator|Any CPU
		{BBB16FB1-0D5F-4E71-801C-E58A48305179}.ApplicationGenerator|x86.Build.0 = ApplicationGenerator|Any CPU
		{BBB16FB1-0D5F-4E71-801C-E58A48305179}.Debug|Any CPU.ActiveCfg = Debug|Any CPU
		{BBB16FB1-0D5F-4E71-801C-E58A48305179}.Debug|Any CPU.Build.0 = Debug|Any CPU
		{BBB16FB1-0D5F-4E71-801C-E58A48305179}.Debug|x64.ActiveCfg = Debug|Any CPU
		{BBB16FB1-0D5F-4E71-801C-E58A48305179}.Debug|x64.Build.0 = Debug|Any CPU
		{BBB16FB1-0D5F-4E71-801C-E58A48305179}.Debug|x86.ActiveCfg = Debug|Any CPU
		{BBB16FB1-0D5F-4E71-801C-E58A48305179}.Debug|x86.Build.0 = Debug|Any CPU
		{BBB16FB1-0D5F-4E71-801C-E58A48305179}.DebugAll|Any CPU.ActiveCfg = DebugAll|Any CPU
		{BBB16FB1-0D5F-4E71-801C-E58A48305179}.DebugAll|Any CPU.Build.0 = DebugAll|Any CPU
		{BBB16FB1-0D5F-4E71-801C-E58A48305179}.DebugAll|x64.ActiveCfg = DebugAll|Any CPU
		{BBB16FB1-0D5F-4E71-801C-E58A48305179}.DebugAll|x64.Build.0 = DebugAll|Any CPU
		{BBB16FB1-0D5F-4E71-801C-E58A48305179}.DebugAll|x86.ActiveCfg = DebugAll|Any CPU
		{BBB16FB1-0D5F-4E71-801C-E58A48305179}.DebugAll|x86.Build.0 = DebugAll|Any CPU
		{BBB16FB1-0D5F-4E71-801C-E58A48305179}.PreRelease|Any CPU.ActiveCfg = PreRelease|Any CPU
		{BBB16FB1-0D5F-4E71-801C-E58A48305179}.PreRelease|Any CPU.Build.0 = PreRelease|Any CPU
		{BBB16FB1-0D5F-4E71-801C-E58A48305179}.PreRelease|x64.ActiveCfg = PreRelease|Any CPU
		{BBB16FB1-0D5F-4E71-801C-E58A48305179}.PreRelease|x64.Build.0 = PreRelease|Any CPU
		{BBB16FB1-0D5F-4E71-801C-E58A48305179}.PreRelease|x86.ActiveCfg = PreRelease|Any CPU
		{BBB16FB1-0D5F-4E71-801C-E58A48305179}.PreRelease|x86.Build.0 = PreRelease|Any CPU
		{BBB16FB1-0D5F-4E71-801C-E58A48305179}.Release|Any CPU.ActiveCfg = Release|Any CPU
		{BBB16FB1-0D5F-4E71-801C-E58A48305179}.Release|Any CPU.Build.0 = Release|Any CPU
		{BBB16FB1-0D5F-4E71-801C-E58A48305179}.Release|x64.ActiveCfg = Release|Any CPU
		{BBB16FB1-0D5F-4E71-801C-E58A48305179}.Release|x64.Build.0 = Release|Any CPU
		{BBB16FB1-0D5F-4E71-801C-E58A48305179}.Release|x86.ActiveCfg = Release|Any CPU
		{BBB16FB1-0D5F-4E71-801C-E58A48305179}.Release|x86.Build.0 = Release|Any CPU
		{3843F6DB-55A6-441E-BDC7-43CF8AD7B6C5}.ApplicationGenerator|Any CPU.ActiveCfg = ApplicationGenerator|Any CPU
		{3843F6DB-55A6-441E-BDC7-43CF8AD7B6C5}.ApplicationGenerator|Any CPU.Build.0 = ApplicationGenerator|Any CPU
		{3843F6DB-55A6-441E-BDC7-43CF8AD7B6C5}.ApplicationGenerator|x64.ActiveCfg = ApplicationGenerator|Any CPU
		{3843F6DB-55A6-441E-BDC7-43CF8AD7B6C5}.ApplicationGenerator|x64.Build.0 = ApplicationGenerator|Any CPU
		{3843F6DB-55A6-441E-BDC7-43CF8AD7B6C5}.ApplicationGenerator|x86.ActiveCfg = ApplicationGenerator|Any CPU
		{3843F6DB-55A6-441E-BDC7-43CF8AD7B6C5}.ApplicationGenerator|x86.Build.0 = ApplicationGenerator|Any CPU
		{3843F6DB-55A6-441E-BDC7-43CF8AD7B6C5}.Debug|Any CPU.ActiveCfg = Debug|Any CPU
		{3843F6DB-55A6-441E-BDC7-43CF8AD7B6C5}.Debug|Any CPU.Build.0 = Debug|Any CPU
		{3843F6DB-55A6-441E-BDC7-43CF8AD7B6C5}.Debug|x64.ActiveCfg = Debug|Any CPU
		{3843F6DB-55A6-441E-BDC7-43CF8AD7B6C5}.Debug|x64.Build.0 = Debug|Any CPU
		{3843F6DB-55A6-441E-BDC7-43CF8AD7B6C5}.Debug|x86.ActiveCfg = Debug|Any CPU
		{3843F6DB-55A6-441E-BDC7-43CF8AD7B6C5}.Debug|x86.Build.0 = Debug|Any CPU
		{3843F6DB-55A6-441E-BDC7-43CF8AD7B6C5}.DebugAll|Any CPU.ActiveCfg = DebugAll|Any CPU
		{3843F6DB-55A6-441E-BDC7-43CF8AD7B6C5}.DebugAll|Any CPU.Build.0 = DebugAll|Any CPU
		{3843F6DB-55A6-441E-BDC7-43CF8AD7B6C5}.DebugAll|x64.ActiveCfg = DebugAll|Any CPU
		{3843F6DB-55A6-441E-BDC7-43CF8AD7B6C5}.DebugAll|x64.Build.0 = DebugAll|Any CPU
		{3843F6DB-55A6-441E-BDC7-43CF8AD7B6C5}.DebugAll|x86.ActiveCfg = DebugAll|Any CPU
		{3843F6DB-55A6-441E-BDC7-43CF8AD7B6C5}.DebugAll|x86.Build.0 = DebugAll|Any CPU
		{3843F6DB-55A6-441E-BDC7-43CF8AD7B6C5}.PreRelease|Any CPU.ActiveCfg = PreRelease|Any CPU
		{3843F6DB-55A6-441E-BDC7-43CF8AD7B6C5}.PreRelease|Any CPU.Build.0 = PreRelease|Any CPU
		{3843F6DB-55A6-441E-BDC7-43CF8AD7B6C5}.PreRelease|x64.ActiveCfg = PreRelease|Any CPU
		{3843F6DB-55A6-441E-BDC7-43CF8AD7B6C5}.PreRelease|x64.Build.0 = PreRelease|Any CPU
		{3843F6DB-55A6-441E-BDC7-43CF8AD7B6C5}.PreRelease|x86.ActiveCfg = PreRelease|Any CPU
		{3843F6DB-55A6-441E-BDC7-43CF8AD7B6C5}.PreRelease|x86.Build.0 = PreRelease|Any CPU
		{3843F6DB-55A6-441E-BDC7-43CF8AD7B6C5}.Release|Any CPU.ActiveCfg = Release|Any CPU
		{3843F6DB-55A6-441E-BDC7-43CF8AD7B6C5}.Release|Any CPU.Build.0 = Release|Any CPU
		{3843F6DB-55A6-441E-BDC7-43CF8AD7B6C5}.Release|x64.ActiveCfg = Release|Any CPU
		{3843F6DB-55A6-441E-BDC7-43CF8AD7B6C5}.Release|x64.Build.0 = Release|Any CPU
		{3843F6DB-55A6-441E-BDC7-43CF8AD7B6C5}.Release|x86.ActiveCfg = Release|Any CPU
		{3843F6DB-55A6-441E-BDC7-43CF8AD7B6C5}.Release|x86.Build.0 = Release|Any CPU
		{88AB738F-7A36-4C93-B808-B6CE2D3444B2}.ApplicationGenerator|Any CPU.ActiveCfg = ApplicationGenerator|Any CPU
		{88AB738F-7A36-4C93-B808-B6CE2D3444B2}.ApplicationGenerator|Any CPU.Build.0 = ApplicationGenerator|Any CPU
		{88AB738F-7A36-4C93-B808-B6CE2D3444B2}.ApplicationGenerator|x64.ActiveCfg = ApplicationGenerator|Any CPU
		{88AB738F-7A36-4C93-B808-B6CE2D3444B2}.ApplicationGenerator|x64.Build.0 = ApplicationGenerator|Any CPU
		{88AB738F-7A36-4C93-B808-B6CE2D3444B2}.ApplicationGenerator|x86.ActiveCfg = ApplicationGenerator|Any CPU
		{88AB738F-7A36-4C93-B808-B6CE2D3444B2}.ApplicationGenerator|x86.Build.0 = ApplicationGenerator|Any CPU
		{88AB738F-7A36-4C93-B808-B6CE2D3444B2}.Debug|Any CPU.ActiveCfg = Debug|Any CPU
		{88AB738F-7A36-4C93-B808-B6CE2D3444B2}.Debug|Any CPU.Build.0 = Debug|Any CPU
		{88AB738F-7A36-4C93-B808-B6CE2D3444B2}.Debug|x64.ActiveCfg = Debug|Any CPU
		{88AB738F-7A36-4C93-B808-B6CE2D3444B2}.Debug|x64.Build.0 = Debug|Any CPU
		{88AB738F-7A36-4C93-B808-B6CE2D3444B2}.Debug|x86.ActiveCfg = Debug|Any CPU
		{88AB738F-7A36-4C93-B808-B6CE2D3444B2}.Debug|x86.Build.0 = Debug|Any CPU
		{88AB738F-7A36-4C93-B808-B6CE2D3444B2}.DebugAll|Any CPU.ActiveCfg = DebugAll|Any CPU
		{88AB738F-7A36-4C93-B808-B6CE2D3444B2}.DebugAll|Any CPU.Build.0 = DebugAll|Any CPU
		{88AB738F-7A36-4C93-B808-B6CE2D3444B2}.DebugAll|x64.ActiveCfg = DebugAll|Any CPU
		{88AB738F-7A36-4C93-B808-B6CE2D3444B2}.DebugAll|x64.Build.0 = DebugAll|Any CPU
		{88AB738F-7A36-4C93-B808-B6CE2D3444B2}.DebugAll|x86.ActiveCfg = DebugAll|Any CPU
		{88AB738F-7A36-4C93-B808-B6CE2D3444B2}.DebugAll|x86.Build.0 = DebugAll|Any CPU
		{88AB738F-7A36-4C93-B808-B6CE2D3444B2}.PreRelease|Any CPU.ActiveCfg = PreRelease|Any CPU
		{88AB738F-7A36-4C93-B808-B6CE2D3444B2}.PreRelease|Any CPU.Build.0 = PreRelease|Any CPU
		{88AB738F-7A36-4C93-B808-B6CE2D3444B2}.PreRelease|x64.ActiveCfg = PreRelease|Any CPU
		{88AB738F-7A36-4C93-B808-B6CE2D3444B2}.PreRelease|x64.Build.0 = PreRelease|Any CPU
		{88AB738F-7A36-4C93-B808-B6CE2D3444B2}.PreRelease|x86.ActiveCfg = PreRelease|Any CPU
		{88AB738F-7A36-4C93-B808-B6CE2D3444B2}.PreRelease|x86.Build.0 = PreRelease|Any CPU
		{88AB738F-7A36-4C93-B808-B6CE2D3444B2}.Release|Any CPU.ActiveCfg = Release|Any CPU
		{88AB738F-7A36-4C93-B808-B6CE2D3444B2}.Release|Any CPU.Build.0 = Release|Any CPU
		{88AB738F-7A36-4C93-B808-B6CE2D3444B2}.Release|x64.ActiveCfg = Release|Any CPU
		{88AB738F-7A36-4C93-B808-B6CE2D3444B2}.Release|x64.Build.0 = Release|Any CPU
		{88AB738F-7A36-4C93-B808-B6CE2D3444B2}.Release|x86.ActiveCfg = Release|Any CPU
		{88AB738F-7A36-4C93-B808-B6CE2D3444B2}.Release|x86.Build.0 = Release|Any CPU
		{B70185DF-81FD-4417-914F-7C90E65E7D9F}.ApplicationGenerator|Any CPU.ActiveCfg = Debug|Any CPU
		{B70185DF-81FD-4417-914F-7C90E65E7D9F}.ApplicationGenerator|Any CPU.Build.0 = Debug|Any CPU
		{B70185DF-81FD-4417-914F-7C90E65E7D9F}.ApplicationGenerator|x64.ActiveCfg = Release|Any CPU
		{B70185DF-81FD-4417-914F-7C90E65E7D9F}.ApplicationGenerator|x64.Build.0 = Release|Any CPU
		{B70185DF-81FD-4417-914F-7C90E65E7D9F}.ApplicationGenerator|x86.ActiveCfg = Debug|Any CPU
		{B70185DF-81FD-4417-914F-7C90E65E7D9F}.ApplicationGenerator|x86.Build.0 = Debug|Any CPU
		{B70185DF-81FD-4417-914F-7C90E65E7D9F}.Debug|Any CPU.ActiveCfg = Debug|Any CPU
		{B70185DF-81FD-4417-914F-7C90E65E7D9F}.Debug|Any CPU.Build.0 = Debug|Any CPU
		{B70185DF-81FD-4417-914F-7C90E65E7D9F}.Debug|x64.ActiveCfg = Debug|Any CPU
		{B70185DF-81FD-4417-914F-7C90E65E7D9F}.Debug|x64.Build.0 = Debug|Any CPU
		{B70185DF-81FD-4417-914F-7C90E65E7D9F}.Debug|x86.ActiveCfg = Debug|Any CPU
		{B70185DF-81FD-4417-914F-7C90E65E7D9F}.Debug|x86.Build.0 = Debug|Any CPU
		{B70185DF-81FD-4417-914F-7C90E65E7D9F}.DebugAll|Any CPU.ActiveCfg = Debug|Any CPU
		{B70185DF-81FD-4417-914F-7C90E65E7D9F}.DebugAll|Any CPU.Build.0 = Debug|Any CPU
		{B70185DF-81FD-4417-914F-7C90E65E7D9F}.DebugAll|x64.ActiveCfg = Debug|Any CPU
		{B70185DF-81FD-4417-914F-7C90E65E7D9F}.DebugAll|x64.Build.0 = Debug|Any CPU
		{B70185DF-81FD-4417-914F-7C90E65E7D9F}.DebugAll|x86.ActiveCfg = Debug|Any CPU
		{B70185DF-81FD-4417-914F-7C90E65E7D9F}.DebugAll|x86.Build.0 = Debug|Any CPU
		{B70185DF-81FD-4417-914F-7C90E65E7D9F}.PreRelease|Any CPU.ActiveCfg = Release|Any CPU
		{B70185DF-81FD-4417-914F-7C90E65E7D9F}.PreRelease|Any CPU.Build.0 = Release|Any CPU
		{B70185DF-81FD-4417-914F-7C90E65E7D9F}.PreRelease|x64.ActiveCfg = Release|Any CPU
		{B70185DF-81FD-4417-914F-7C90E65E7D9F}.PreRelease|x64.Build.0 = Release|Any CPU
		{B70185DF-81FD-4417-914F-7C90E65E7D9F}.PreRelease|x86.ActiveCfg = Release|Any CPU
		{B70185DF-81FD-4417-914F-7C90E65E7D9F}.PreRelease|x86.Build.0 = Release|Any CPU
		{B70185DF-81FD-4417-914F-7C90E65E7D9F}.Release|Any CPU.ActiveCfg = Release|Any CPU
		{B70185DF-81FD-4417-914F-7C90E65E7D9F}.Release|Any CPU.Build.0 = Release|Any CPU
		{B70185DF-81FD-4417-914F-7C90E65E7D9F}.Release|x64.ActiveCfg = Release|Any CPU
		{B70185DF-81FD-4417-914F-7C90E65E7D9F}.Release|x64.Build.0 = Release|Any CPU
		{B70185DF-81FD-4417-914F-7C90E65E7D9F}.Release|x86.ActiveCfg = Release|Any CPU
		{B70185DF-81FD-4417-914F-7C90E65E7D9F}.Release|x86.Build.0 = Release|Any CPU
		{CA223698-A971-43DF-B640-26D73C917315}.ApplicationGenerator|Any CPU.ActiveCfg = Debug|x86
		{CA223698-A971-43DF-B640-26D73C917315}.ApplicationGenerator|Any CPU.Build.0 = Debug|x86
		{CA223698-A971-43DF-B640-26D73C917315}.ApplicationGenerator|x64.ActiveCfg = Debug|x86
		{CA223698-A971-43DF-B640-26D73C917315}.ApplicationGenerator|x64.Build.0 = Debug|x86
		{CA223698-A971-43DF-B640-26D73C917315}.ApplicationGenerator|x86.ActiveCfg = Debug|x86
		{CA223698-A971-43DF-B640-26D73C917315}.ApplicationGenerator|x86.Build.0 = Debug|x86
		{CA223698-A971-43DF-B640-26D73C917315}.Debug|Any CPU.ActiveCfg = Debug|x86
		{CA223698-A971-43DF-B640-26D73C917315}.Debug|x64.ActiveCfg = Debug|x86
		{CA223698-A971-43DF-B640-26D73C917315}.Debug|x86.ActiveCfg = Debug|x86
		{CA223698-A971-43DF-B640-26D73C917315}.Debug|x86.Build.0 = Debug|x86
		{CA223698-A971-43DF-B640-26D73C917315}.DebugAll|Any CPU.ActiveCfg = Debug|x86
		{CA223698-A971-43DF-B640-26D73C917315}.DebugAll|Any CPU.Build.0 = Debug|x86
		{CA223698-A971-43DF-B640-26D73C917315}.DebugAll|x64.ActiveCfg = Debug|x86
		{CA223698-A971-43DF-B640-26D73C917315}.DebugAll|x64.Build.0 = Debug|x86
		{CA223698-A971-43DF-B640-26D73C917315}.DebugAll|x86.ActiveCfg = Debug|x86
		{CA223698-A971-43DF-B640-26D73C917315}.DebugAll|x86.Build.0 = Debug|x86
		{CA223698-A971-43DF-B640-26D73C917315}.PreRelease|Any CPU.ActiveCfg = Debug|x86
		{CA223698-A971-43DF-B640-26D73C917315}.PreRelease|Any CPU.Build.0 = Debug|x86
		{CA223698-A971-43DF-B640-26D73C917315}.PreRelease|x64.ActiveCfg = Debug|x86
		{CA223698-A971-43DF-B640-26D73C917315}.PreRelease|x64.Build.0 = Debug|x86
		{CA223698-A971-43DF-B640-26D73C917315}.PreRelease|x86.ActiveCfg = Debug|x86
		{CA223698-A971-43DF-B640-26D73C917315}.PreRelease|x86.Build.0 = Debug|x86
		{CA223698-A971-43DF-B640-26D73C917315}.Release|Any CPU.ActiveCfg = Debug|x86
		{CA223698-A971-43DF-B640-26D73C917315}.Release|Any CPU.Build.0 = Debug|x86
		{CA223698-A971-43DF-B640-26D73C917315}.Release|x64.ActiveCfg = Debug|x86
		{CA223698-A971-43DF-B640-26D73C917315}.Release|x64.Build.0 = Debug|x86
		{CA223698-A971-43DF-B640-26D73C917315}.Release|x86.ActiveCfg = Debug|x86
		{CA223698-A971-43DF-B640-26D73C917315}.Release|x86.Build.0 = Debug|x86
		{9B25F59F-0C18-486F-9DD7-FAB06C570EA5}.ApplicationGenerator|Any CPU.ActiveCfg = Debug|Any CPU
		{9B25F59F-0C18-486F-9DD7-FAB06C570EA5}.ApplicationGenerator|Any CPU.Build.0 = Debug|Any CPU
		{9B25F59F-0C18-486F-9DD7-FAB06C570EA5}.ApplicationGenerator|x64.ActiveCfg = Release|Any CPU
		{9B25F59F-0C18-486F-9DD7-FAB06C570EA5}.ApplicationGenerator|x64.Build.0 = Release|Any CPU
		{9B25F59F-0C18-486F-9DD7-FAB06C570EA5}.ApplicationGenerator|x86.ActiveCfg = Debug|Any CPU
		{9B25F59F-0C18-486F-9DD7-FAB06C570EA5}.ApplicationGenerator|x86.Build.0 = Debug|Any CPU
		{9B25F59F-0C18-486F-9DD7-FAB06C570EA5}.Debug|Any CPU.ActiveCfg = Debug|Any CPU
		{9B25F59F-0C18-486F-9DD7-FAB06C570EA5}.Debug|Any CPU.Build.0 = Debug|Any CPU
		{9B25F59F-0C18-486F-9DD7-FAB06C570EA5}.Debug|x64.ActiveCfg = Debug|Any CPU
		{9B25F59F-0C18-486F-9DD7-FAB06C570EA5}.Debug|x64.Build.0 = Debug|Any CPU
		{9B25F59F-0C18-486F-9DD7-FAB06C570EA5}.Debug|x86.ActiveCfg = Debug|Any CPU
		{9B25F59F-0C18-486F-9DD7-FAB06C570EA5}.Debug|x86.Build.0 = Debug|Any CPU
		{9B25F59F-0C18-486F-9DD7-FAB06C570EA5}.DebugAll|Any CPU.ActiveCfg = Debug|Any CPU
		{9B25F59F-0C18-486F-9DD7-FAB06C570EA5}.DebugAll|Any CPU.Build.0 = Debug|Any CPU
		{9B25F59F-0C18-486F-9DD7-FAB06C570EA5}.DebugAll|x64.ActiveCfg = Debug|Any CPU
		{9B25F59F-0C18-486F-9DD7-FAB06C570EA5}.DebugAll|x64.Build.0 = Debug|Any CPU
		{9B25F59F-0C18-486F-9DD7-FAB06C570EA5}.DebugAll|x86.ActiveCfg = Debug|Any CPU
		{9B25F59F-0C18-486F-9DD7-FAB06C570EA5}.DebugAll|x86.Build.0 = Debug|Any CPU
		{9B25F59F-0C18-486F-9DD7-FAB06C570EA5}.PreRelease|Any CPU.ActiveCfg = Release|Any CPU
		{9B25F59F-0C18-486F-9DD7-FAB06C570EA5}.PreRelease|Any CPU.Build.0 = Release|Any CPU
		{9B25F59F-0C18-486F-9DD7-FAB06C570EA5}.PreRelease|x64.ActiveCfg = Release|Any CPU
		{9B25F59F-0C18-486F-9DD7-FAB06C570EA5}.PreRelease|x64.Build.0 = Release|Any CPU
		{9B25F59F-0C18-486F-9DD7-FAB06C570EA5}.PreRelease|x86.ActiveCfg = Release|Any CPU
		{9B25F59F-0C18-486F-9DD7-FAB06C570EA5}.PreRelease|x86.Build.0 = Release|Any CPU
		{9B25F59F-0C18-486F-9DD7-FAB06C570EA5}.Release|Any CPU.ActiveCfg = Release|Any CPU
		{9B25F59F-0C18-486F-9DD7-FAB06C570EA5}.Release|Any CPU.Build.0 = Release|Any CPU
		{9B25F59F-0C18-486F-9DD7-FAB06C570EA5}.Release|x64.ActiveCfg = Release|Any CPU
		{9B25F59F-0C18-486F-9DD7-FAB06C570EA5}.Release|x64.Build.0 = Release|Any CPU
		{9B25F59F-0C18-486F-9DD7-FAB06C570EA5}.Release|x86.ActiveCfg = Release|Any CPU
		{9B25F59F-0C18-486F-9DD7-FAB06C570EA5}.Release|x86.Build.0 = Release|Any CPU
		{C148A7E6-5E66-4AC7-852D-D3714C3173AC}.ApplicationGenerator|Any CPU.ActiveCfg = Debug|Any CPU
		{C148A7E6-5E66-4AC7-852D-D3714C3173AC}.ApplicationGenerator|Any CPU.Build.0 = Debug|Any CPU
		{C148A7E6-5E66-4AC7-852D-D3714C3173AC}.ApplicationGenerator|x64.ActiveCfg = Release|Any CPU
		{C148A7E6-5E66-4AC7-852D-D3714C3173AC}.ApplicationGenerator|x64.Build.0 = Release|Any CPU
		{C148A7E6-5E66-4AC7-852D-D3714C3173AC}.ApplicationGenerator|x86.ActiveCfg = Debug|Any CPU
		{C148A7E6-5E66-4AC7-852D-D3714C3173AC}.ApplicationGenerator|x86.Build.0 = Debug|Any CPU
		{C148A7E6-5E66-4AC7-852D-D3714C3173AC}.Debug|Any CPU.ActiveCfg = Debug|Any CPU
		{C148A7E6-5E66-4AC7-852D-D3714C3173AC}.Debug|Any CPU.Build.0 = Debug|Any CPU
		{C148A7E6-5E66-4AC7-852D-D3714C3173AC}.Debug|x64.ActiveCfg = Debug|Any CPU
		{C148A7E6-5E66-4AC7-852D-D3714C3173AC}.Debug|x64.Build.0 = Debug|Any CPU
		{C148A7E6-5E66-4AC7-852D-D3714C3173AC}.Debug|x86.ActiveCfg = Debug|Any CPU
		{C148A7E6-5E66-4AC7-852D-D3714C3173AC}.Debug|x86.Build.0 = Debug|Any CPU
		{C148A7E6-5E66-4AC7-852D-D3714C3173AC}.DebugAll|Any CPU.ActiveCfg = Debug|Any CPU
		{C148A7E6-5E66-4AC7-852D-D3714C3173AC}.DebugAll|Any CPU.Build.0 = Debug|Any CPU
		{C148A7E6-5E66-4AC7-852D-D3714C3173AC}.DebugAll|x64.ActiveCfg = Debug|Any CPU
		{C148A7E6-5E66-4AC7-852D-D3714C3173AC}.DebugAll|x64.Build.0 = Debug|Any CPU
		{C148A7E6-5E66-4AC7-852D-D3714C3173AC}.DebugAll|x86.ActiveCfg = Debug|Any CPU
		{C148A7E6-5E66-4AC7-852D-D3714C3173AC}.DebugAll|x86.Build.0 = Debug|Any CPU
		{C148A7E6-5E66-4AC7-852D-D3714C3173AC}.PreRelease|Any CPU.ActiveCfg = Release|Any CPU
		{C148A7E6-5E66-4AC7-852D-D3714C3173AC}.PreRelease|Any CPU.Build.0 = Release|Any CPU
		{C148A7E6-5E66-4AC7-852D-D3714C3173AC}.PreRelease|x64.ActiveCfg = Release|Any CPU
		{C148A7E6-5E66-4AC7-852D-D3714C3173AC}.PreRelease|x64.Build.0 = Release|Any CPU
		{C148A7E6-5E66-4AC7-852D-D3714C3173AC}.PreRelease|x86.ActiveCfg = Release|Any CPU
		{C148A7E6-5E66-4AC7-852D-D3714C3173AC}.PreRelease|x86.Build.0 = Release|Any CPU
		{C148A7E6-5E66-4AC7-852D-D3714C3173AC}.Release|Any CPU.ActiveCfg = Release|Any CPU
		{C148A7E6-5E66-4AC7-852D-D3714C3173AC}.Release|Any CPU.Build.0 = Release|Any CPU
		{C148A7E6-5E66-4AC7-852D-D3714C3173AC}.Release|x64.ActiveCfg = Release|Any CPU
		{C148A7E6-5E66-4AC7-852D-D3714C3173AC}.Release|x64.Build.0 = Release|Any CPU
		{C148A7E6-5E66-4AC7-852D-D3714C3173AC}.Release|x86.ActiveCfg = Release|Any CPU
		{C148A7E6-5E66-4AC7-852D-D3714C3173AC}.Release|x86.Build.0 = Release|Any CPU
		{6B3B6BD6-2E6C-4B70-AD42-A3C45F3FBD0D}.ApplicationGenerator|Any CPU.ActiveCfg = Debug|x86
		{6B3B6BD6-2E6C-4B70-AD42-A3C45F3FBD0D}.ApplicationGenerator|Any CPU.Build.0 = Debug|x86
		{6B3B6BD6-2E6C-4B70-AD42-A3C45F3FBD0D}.ApplicationGenerator|x64.ActiveCfg = Debug|x86
		{6B3B6BD6-2E6C-4B70-AD42-A3C45F3FBD0D}.ApplicationGenerator|x64.Build.0 = Debug|x86
		{6B3B6BD6-2E6C-4B70-AD42-A3C45F3FBD0D}.ApplicationGenerator|x86.ActiveCfg = Debug|x86
		{6B3B6BD6-2E6C-4B70-AD42-A3C45F3FBD0D}.ApplicationGenerator|x86.Build.0 = Debug|x86
		{6B3B6BD6-2E6C-4B70-AD42-A3C45F3FBD0D}.Debug|Any CPU.ActiveCfg = Debug|x86
		{6B3B6BD6-2E6C-4B70-AD42-A3C45F3FBD0D}.Debug|x64.ActiveCfg = Debug|x86
		{6B3B6BD6-2E6C-4B70-AD42-A3C45F3FBD0D}.Debug|x86.ActiveCfg = Debug|x86
		{6B3B6BD6-2E6C-4B70-AD42-A3C45F3FBD0D}.Debug|x86.Build.0 = Debug|x86
		{6B3B6BD6-2E6C-4B70-AD42-A3C45F3FBD0D}.DebugAll|Any CPU.ActiveCfg = Debug|x86
		{6B3B6BD6-2E6C-4B70-AD42-A3C45F3FBD0D}.DebugAll|Any CPU.Build.0 = Debug|x86
		{6B3B6BD6-2E6C-4B70-AD42-A3C45F3FBD0D}.DebugAll|x64.ActiveCfg = Debug|x86
		{6B3B6BD6-2E6C-4B70-AD42-A3C45F3FBD0D}.DebugAll|x64.Build.0 = Debug|x86
		{6B3B6BD6-2E6C-4B70-AD42-A3C45F3FBD0D}.DebugAll|x86.ActiveCfg = Debug|x86
		{6B3B6BD6-2E6C-4B70-AD42-A3C45F3FBD0D}.DebugAll|x86.Build.0 = Debug|x86
		{6B3B6BD6-2E6C-4B70-AD42-A3C45F3FBD0D}.PreRelease|Any CPU.ActiveCfg = Debug|x86
		{6B3B6BD6-2E6C-4B70-AD42-A3C45F3FBD0D}.PreRelease|Any CPU.Build.0 = Debug|x86
		{6B3B6BD6-2E6C-4B70-AD42-A3C45F3FBD0D}.PreRelease|x64.ActiveCfg = Debug|x86
		{6B3B6BD6-2E6C-4B70-AD42-A3C45F3FBD0D}.PreRelease|x64.Build.0 = Debug|x86
		{6B3B6BD6-2E6C-4B70-AD42-A3C45F3FBD0D}.PreRelease|x86.ActiveCfg = Debug|x86
		{6B3B6BD6-2E6C-4B70-AD42-A3C45F3FBD0D}.PreRelease|x86.Build.0 = Debug|x86
		{6B3B6BD6-2E6C-4B70-AD42-A3C45F3FBD0D}.Release|Any CPU.ActiveCfg = Debug|x86
		{6B3B6BD6-2E6C-4B70-AD42-A3C45F3FBD0D}.Release|Any CPU.Build.0 = Debug|x86
		{6B3B6BD6-2E6C-4B70-AD42-A3C45F3FBD0D}.Release|x64.ActiveCfg = Debug|x86
		{6B3B6BD6-2E6C-4B70-AD42-A3C45F3FBD0D}.Release|x64.Build.0 = Debug|x86
		{6B3B6BD6-2E6C-4B70-AD42-A3C45F3FBD0D}.Release|x86.ActiveCfg = Debug|x86
		{6B3B6BD6-2E6C-4B70-AD42-A3C45F3FBD0D}.Release|x86.Build.0 = Debug|x86
		{30B5702D-4D7B-4C8B-A5F7-0F168BD2B855}.ApplicationGenerator|Any CPU.ActiveCfg = Release|Any CPU
		{30B5702D-4D7B-4C8B-A5F7-0F168BD2B855}.ApplicationGenerator|Any CPU.Build.0 = Release|Any CPU
		{30B5702D-4D7B-4C8B-A5F7-0F168BD2B855}.ApplicationGenerator|x64.ActiveCfg = Debug|Any CPU
		{30B5702D-4D7B-4C8B-A5F7-0F168BD2B855}.ApplicationGenerator|x64.Build.0 = Debug|Any CPU
		{30B5702D-4D7B-4C8B-A5F7-0F168BD2B855}.ApplicationGenerator|x86.ActiveCfg = Release|Any CPU
		{30B5702D-4D7B-4C8B-A5F7-0F168BD2B855}.ApplicationGenerator|x86.Build.0 = Release|Any CPU
		{30B5702D-4D7B-4C8B-A5F7-0F168BD2B855}.Debug|Any CPU.ActiveCfg = Debug|Any CPU
		{30B5702D-4D7B-4C8B-A5F7-0F168BD2B855}.Debug|Any CPU.Build.0 = Debug|Any CPU
		{30B5702D-4D7B-4C8B-A5F7-0F168BD2B855}.Debug|x64.ActiveCfg = Debug|Any CPU
		{30B5702D-4D7B-4C8B-A5F7-0F168BD2B855}.Debug|x64.Build.0 = Debug|Any CPU
		{30B5702D-4D7B-4C8B-A5F7-0F168BD2B855}.Debug|x86.ActiveCfg = Debug|Any CPU
		{30B5702D-4D7B-4C8B-A5F7-0F168BD2B855}.Debug|x86.Build.0 = Debug|Any CPU
		{30B5702D-4D7B-4C8B-A5F7-0F168BD2B855}.DebugAll|Any CPU.ActiveCfg = Debug|Any CPU
		{30B5702D-4D7B-4C8B-A5F7-0F168BD2B855}.DebugAll|Any CPU.Build.0 = Debug|Any CPU
		{30B5702D-4D7B-4C8B-A5F7-0F168BD2B855}.DebugAll|x64.ActiveCfg = Debug|Any CPU
		{30B5702D-4D7B-4C8B-A5F7-0F168BD2B855}.DebugAll|x64.Build.0 = Debug|Any CPU
		{30B5702D-4D7B-4C8B-A5F7-0F168BD2B855}.DebugAll|x86.ActiveCfg = Debug|Any CPU
		{30B5702D-4D7B-4C8B-A5F7-0F168BD2B855}.DebugAll|x86.Build.0 = Debug|Any CPU
		{30B5702D-4D7B-4C8B-A5F7-0F168BD2B855}.PreRelease|Any CPU.ActiveCfg = Release|Any CPU
		{30B5702D-4D7B-4C8B-A5F7-0F168BD2B855}.PreRelease|Any CPU.Build.0 = Release|Any CPU
		{30B5702D-4D7B-4C8B-A5F7-0F168BD2B855}.PreRelease|x64.ActiveCfg = Release|Any CPU
		{30B5702D-4D7B-4C8B-A5F7-0F168BD2B855}.PreRelease|x64.Build.0 = Release|Any CPU
		{30B5702D-4D7B-4C8B-A5F7-0F168BD2B855}.PreRelease|x86.ActiveCfg = Release|Any CPU
		{30B5702D-4D7B-4C8B-A5F7-0F168BD2B855}.PreRelease|x86.Build.0 = Release|Any CPU
		{30B5702D-4D7B-4C8B-A5F7-0F168BD2B855}.Release|Any CPU.ActiveCfg = Release|Any CPU
		{30B5702D-4D7B-4C8B-A5F7-0F168BD2B855}.Release|Any CPU.Build.0 = Release|Any CPU
		{30B5702D-4D7B-4C8B-A5F7-0F168BD2B855}.Release|x64.ActiveCfg = Release|Any CPU
		{30B5702D-4D7B-4C8B-A5F7-0F168BD2B855}.Release|x64.Build.0 = Release|Any CPU
		{30B5702D-4D7B-4C8B-A5F7-0F168BD2B855}.Release|x86.ActiveCfg = Release|Any CPU
		{30B5702D-4D7B-4C8B-A5F7-0F168BD2B855}.Release|x86.Build.0 = Release|Any CPU
		{E0A71FCE-69DD-40A6-87FB-2D63AB5D25C9}.ApplicationGenerator|Any CPU.ActiveCfg = Release|Win32
		{E0A71FCE-69DD-40A6-87FB-2D63AB5D25C9}.ApplicationGenerator|Any CPU.Build.0 = Release|Win32
		{E0A71FCE-69DD-40A6-87FB-2D63AB5D25C9}.ApplicationGenerator|x64.ActiveCfg = Release|x64
		{E0A71FCE-69DD-40A6-87FB-2D63AB5D25C9}.ApplicationGenerator|x64.Build.0 = Release|x64
		{E0A71FCE-69DD-40A6-87FB-2D63AB5D25C9}.ApplicationGenerator|x86.ActiveCfg = Release|Win32
		{E0A71FCE-69DD-40A6-87FB-2D63AB5D25C9}.ApplicationGenerator|x86.Build.0 = Release|Win32
		{E0A71FCE-69DD-40A6-87FB-2D63AB5D25C9}.Debug|Any CPU.ActiveCfg = Debug|Win32
		{E0A71FCE-69DD-40A6-87FB-2D63AB5D25C9}.Debug|x64.ActiveCfg = Debug|x64
		{E0A71FCE-69DD-40A6-87FB-2D63AB5D25C9}.Debug|x64.Build.0 = Debug|x64
		{E0A71FCE-69DD-40A6-87FB-2D63AB5D25C9}.Debug|x86.ActiveCfg = Debug|Win32
		{E0A71FCE-69DD-40A6-87FB-2D63AB5D25C9}.Debug|x86.Build.0 = Debug|Win32
		{E0A71FCE-69DD-40A6-87FB-2D63AB5D25C9}.DebugAll|Any CPU.ActiveCfg = Release|Win32
		{E0A71FCE-69DD-40A6-87FB-2D63AB5D25C9}.DebugAll|Any CPU.Build.0 = Release|Win32
		{E0A71FCE-69DD-40A6-87FB-2D63AB5D25C9}.DebugAll|x64.ActiveCfg = Debug|x64
		{E0A71FCE-69DD-40A6-87FB-2D63AB5D25C9}.DebugAll|x64.Build.0 = Debug|x64
		{E0A71FCE-69DD-40A6-87FB-2D63AB5D25C9}.DebugAll|x86.ActiveCfg = Debug|Win32
		{E0A71FCE-69DD-40A6-87FB-2D63AB5D25C9}.DebugAll|x86.Build.0 = Debug|Win32
		{E0A71FCE-69DD-40A6-87FB-2D63AB5D25C9}.PreRelease|Any CPU.ActiveCfg = Release|Win32
		{E0A71FCE-69DD-40A6-87FB-2D63AB5D25C9}.PreRelease|Any CPU.Build.0 = Release|Win32
		{E0A71FCE-69DD-40A6-87FB-2D63AB5D25C9}.PreRelease|x64.ActiveCfg = Release|x64
		{E0A71FCE-69DD-40A6-87FB-2D63AB5D25C9}.PreRelease|x64.Build.0 = Release|x64
		{E0A71FCE-69DD-40A6-87FB-2D63AB5D25C9}.PreRelease|x86.ActiveCfg = Release|Win32
		{E0A71FCE-69DD-40A6-87FB-2D63AB5D25C9}.PreRelease|x86.Build.0 = Release|Win32
		{E0A71FCE-69DD-40A6-87FB-2D63AB5D25C9}.Release|Any CPU.ActiveCfg = Release|Win32
		{E0A71FCE-69DD-40A6-87FB-2D63AB5D25C9}.Release|x64.ActiveCfg = Release|x64
		{E0A71FCE-69DD-40A6-87FB-2D63AB5D25C9}.Release|x64.Build.0 = Release|x64
		{E0A71FCE-69DD-40A6-87FB-2D63AB5D25C9}.Release|x86.ActiveCfg = Release|Win32
		{E0A71FCE-69DD-40A6-87FB-2D63AB5D25C9}.Release|x86.Build.0 = Release|Win32
		{81DD53D8-FCF0-4384-A931-9370FA8E8E67}.ApplicationGenerator|Any CPU.ActiveCfg = Release|x86
		{81DD53D8-FCF0-4384-A931-9370FA8E8E67}.ApplicationGenerator|Any CPU.Build.0 = Release|x86
		{81DD53D8-FCF0-4384-A931-9370FA8E8E67}.ApplicationGenerator|x64.ActiveCfg = Release|x64
		{81DD53D8-FCF0-4384-A931-9370FA8E8E67}.ApplicationGenerator|x64.Build.0 = Release|x64
		{81DD53D8-FCF0-4384-A931-9370FA8E8E67}.ApplicationGenerator|x86.ActiveCfg = Release|x86
		{81DD53D8-FCF0-4384-A931-9370FA8E8E67}.ApplicationGenerator|x86.Build.0 = Release|x86
		{81DD53D8-FCF0-4384-A931-9370FA8E8E67}.Debug|Any CPU.ActiveCfg = Debug|x86
		{81DD53D8-FCF0-4384-A931-9370FA8E8E67}.Debug|x64.ActiveCfg = Debug|x64
		{81DD53D8-FCF0-4384-A931-9370FA8E8E67}.Debug|x64.Build.0 = Debug|x64
		{81DD53D8-FCF0-4384-A931-9370FA8E8E67}.Debug|x86.ActiveCfg = Debug|x86
		{81DD53D8-FCF0-4384-A931-9370FA8E8E67}.Debug|x86.Build.0 = Debug|x86
		{81DD53D8-FCF0-4384-A931-9370FA8E8E67}.DebugAll|Any CPU.ActiveCfg = Release|x86
		{81DD53D8-FCF0-4384-A931-9370FA8E8E67}.DebugAll|Any CPU.Build.0 = Release|x86
		{81DD53D8-FCF0-4384-A931-9370FA8E8E67}.DebugAll|x64.ActiveCfg = Debug|x64
		{81DD53D8-FCF0-4384-A931-9370FA8E8E67}.DebugAll|x64.Build.0 = Debug|x64
		{81DD53D8-FCF0-4384-A931-9370FA8E8E67}.DebugAll|x86.ActiveCfg = Debug|x86
		{81DD53D8-FCF0-4384-A931-9370FA8E8E67}.DebugAll|x86.Build.0 = Debug|x86
		{81DD53D8-FCF0-4384-A931-9370FA8E8E67}.PreRelease|Any CPU.ActiveCfg = Release|x86
		{81DD53D8-FCF0-4384-A931-9370FA8E8E67}.PreRelease|Any CPU.Build.0 = Release|x86
		{81DD53D8-FCF0-4384-A931-9370FA8E8E67}.PreRelease|x64.ActiveCfg = Release|x64
		{81DD53D8-FCF0-4384-A931-9370FA8E8E67}.PreRelease|x64.Build.0 = Release|x64
		{81DD53D8-FCF0-4384-A931-9370FA8E8E67}.PreRelease|x86.ActiveCfg = Release|x86
		{81DD53D8-FCF0-4384-A931-9370FA8E8E67}.PreRelease|x86.Build.0 = Release|x86
		{81DD53D8-FCF0-4384-A931-9370FA8E8E67}.Release|Any CPU.ActiveCfg = Release|x86
		{81DD53D8-FCF0-4384-A931-9370FA8E8E67}.Release|x64.ActiveCfg = Release|x64
		{81DD53D8-FCF0-4384-A931-9370FA8E8E67}.Release|x64.Build.0 = Release|x64
		{81DD53D8-FCF0-4384-A931-9370FA8E8E67}.Release|x86.ActiveCfg = Release|x86
		{81DD53D8-FCF0-4384-A931-9370FA8E8E67}.Release|x86.Build.0 = Release|x86
		{D653531B-D30C-4A20-8AE5-D46A6F03E274}.ApplicationGenerator|Any CPU.ActiveCfg = Release|x86
		{D653531B-D30C-4A20-8AE5-D46A6F03E274}.ApplicationGenerator|Any CPU.Build.0 = Release|x86
		{D653531B-D30C-4A20-8AE5-D46A6F03E274}.ApplicationGenerator|x64.ActiveCfg = Release|x64
		{D653531B-D30C-4A20-8AE5-D46A6F03E274}.ApplicationGenerator|x64.Build.0 = Release|x64
		{D653531B-D30C-4A20-8AE5-D46A6F03E274}.ApplicationGenerator|x86.ActiveCfg = Release|x86
		{D653531B-D30C-4A20-8AE5-D46A6F03E274}.ApplicationGenerator|x86.Build.0 = Release|x86
		{D653531B-D30C-4A20-8AE5-D46A6F03E274}.Debug|Any CPU.ActiveCfg = Debug|x86
		{D653531B-D30C-4A20-8AE5-D46A6F03E274}.Debug|x64.ActiveCfg = Debug|x64
		{D653531B-D30C-4A20-8AE5-D46A6F03E274}.Debug|x64.Build.0 = Debug|x64
		{D653531B-D30C-4A20-8AE5-D46A6F03E274}.Debug|x86.ActiveCfg = Debug|x86
		{D653531B-D30C-4A20-8AE5-D46A6F03E274}.Debug|x86.Build.0 = Debug|x86
		{D653531B-D30C-4A20-8AE5-D46A6F03E274}.DebugAll|Any CPU.ActiveCfg = Release|x86
		{D653531B-D30C-4A20-8AE5-D46A6F03E274}.DebugAll|Any CPU.Build.0 = Release|x86
		{D653531B-D30C-4A20-8AE5-D46A6F03E274}.DebugAll|x64.ActiveCfg = Debug|x64
		{D653531B-D30C-4A20-8AE5-D46A6F03E274}.DebugAll|x64.Build.0 = Debug|x64
		{D653531B-D30C-4A20-8AE5-D46A6F03E274}.DebugAll|x86.ActiveCfg = Debug|x86
		{D653531B-D30C-4A20-8AE5-D46A6F03E274}.DebugAll|x86.Build.0 = Debug|x86
		{D653531B-D30C-4A20-8AE5-D46A6F03E274}.PreRelease|Any CPU.ActiveCfg = Release|x86
		{D653531B-D30C-4A20-8AE5-D46A6F03E274}.PreRelease|Any CPU.Build.0 = Release|x86
		{D653531B-D30C-4A20-8AE5-D46A6F03E274}.PreRelease|x64.ActiveCfg = Release|x64
		{D653531B-D30C-4A20-8AE5-D46A6F03E274}.PreRelease|x64.Build.0 = Release|x64
		{D653531B-D30C-4A20-8AE5-D46A6F03E274}.PreRelease|x86.ActiveCfg = Release|x86
		{D653531B-D30C-4A20-8AE5-D46A6F03E274}.PreRelease|x86.Build.0 = Release|x86
		{D653531B-D30C-4A20-8AE5-D46A6F03E274}.Release|Any CPU.ActiveCfg = Release|x86
		{D653531B-D30C-4A20-8AE5-D46A6F03E274}.Release|x64.ActiveCfg = Release|x64
		{D653531B-D30C-4A20-8AE5-D46A6F03E274}.Release|x64.Build.0 = Release|x64
		{D653531B-D30C-4A20-8AE5-D46A6F03E274}.Release|x86.ActiveCfg = Release|x86
		{D653531B-D30C-4A20-8AE5-D46A6F03E274}.Release|x86.Build.0 = Release|x86
		{40ED2809-ABA2-4655-82DD-E38AD12138BB}.ApplicationGenerator|Any CPU.ActiveCfg = Release|x86
		{40ED2809-ABA2-4655-82DD-E38AD12138BB}.ApplicationGenerator|Any CPU.Build.0 = Release|x86
		{40ED2809-ABA2-4655-82DD-E38AD12138BB}.ApplicationGenerator|x64.ActiveCfg = Release|x64
		{40ED2809-ABA2-4655-82DD-E38AD12138BB}.ApplicationGenerator|x64.Build.0 = Release|x64
		{40ED2809-ABA2-4655-82DD-E38AD12138BB}.ApplicationGenerator|x86.ActiveCfg = Release|x86
		{40ED2809-ABA2-4655-82DD-E38AD12138BB}.ApplicationGenerator|x86.Build.0 = Release|x86
		{40ED2809-ABA2-4655-82DD-E38AD12138BB}.Debug|Any CPU.ActiveCfg = Debug|x86
		{40ED2809-ABA2-4655-82DD-E38AD12138BB}.Debug|x64.ActiveCfg = Debug|x64
		{40ED2809-ABA2-4655-82DD-E38AD12138BB}.Debug|x64.Build.0 = Debug|x64
		{40ED2809-ABA2-4655-82DD-E38AD12138BB}.Debug|x86.ActiveCfg = Debug|x86
		{40ED2809-ABA2-4655-82DD-E38AD12138BB}.Debug|x86.Build.0 = Debug|x86
		{40ED2809-ABA2-4655-82DD-E38AD12138BB}.DebugAll|Any CPU.ActiveCfg = Release|x86
		{40ED2809-ABA2-4655-82DD-E38AD12138BB}.DebugAll|Any CPU.Build.0 = Release|x86
		{40ED2809-ABA2-4655-82DD-E38AD12138BB}.DebugAll|x64.ActiveCfg = Debug|x64
		{40ED2809-ABA2-4655-82DD-E38AD12138BB}.DebugAll|x64.Build.0 = Debug|x64
		{40ED2809-ABA2-4655-82DD-E38AD12138BB}.DebugAll|x86.ActiveCfg = Debug|x86
		{40ED2809-ABA2-4655-82DD-E38AD12138BB}.DebugAll|x86.Build.0 = Debug|x86
		{40ED2809-ABA2-4655-82DD-E38AD12138BB}.PreRelease|Any CPU.ActiveCfg = Release|x86
		{40ED2809-ABA2-4655-82DD-E38AD12138BB}.PreRelease|Any CPU.Build.0 = Release|x86
		{40ED2809-ABA2-4655-82DD-E38AD12138BB}.PreRelease|x64.ActiveCfg = Release|x64
		{40ED2809-ABA2-4655-82DD-E38AD12138BB}.PreRelease|x64.Build.0 = Release|x64
		{40ED2809-ABA2-4655-82DD-E38AD12138BB}.PreRelease|x86.ActiveCfg = Release|x86
		{40ED2809-ABA2-4655-82DD-E38AD12138BB}.PreRelease|x86.Build.0 = Release|x86
		{40ED2809-ABA2-4655-82DD-E38AD12138BB}.Release|Any CPU.ActiveCfg = Release|x86
		{40ED2809-ABA2-4655-82DD-E38AD12138BB}.Release|x64.ActiveCfg = Release|x64
		{40ED2809-ABA2-4655-82DD-E38AD12138BB}.Release|x64.Build.0 = Release|x64
		{40ED2809-ABA2-4655-82DD-E38AD12138BB}.Release|x86.ActiveCfg = Release|x86
		{40ED2809-ABA2-4655-82DD-E38AD12138BB}.Release|x86.Build.0 = Release|x86
		{CF61C5C6-A3B3-4D6F-8AD7-B67B7E9F96A9}.ApplicationGenerator|Any CPU.ActiveCfg = Debug|x86
		{CF61C5C6-A3B3-4D6F-8AD7-B67B7E9F96A9}.ApplicationGenerator|Any CPU.Build.0 = Debug|x86
		{CF61C5C6-A3B3-4D6F-8AD7-B67B7E9F96A9}.ApplicationGenerator|x64.ActiveCfg = Debug|x86
		{CF61C5C6-A3B3-4D6F-8AD7-B67B7E9F96A9}.ApplicationGenerator|x64.Build.0 = Debug|x86
		{CF61C5C6-A3B3-4D6F-8AD7-B67B7E9F96A9}.ApplicationGenerator|x86.ActiveCfg = Debug|x86
		{CF61C5C6-A3B3-4D6F-8AD7-B67B7E9F96A9}.ApplicationGenerator|x86.Build.0 = Debug|x86
		{CF61C5C6-A3B3-4D6F-8AD7-B67B7E9F96A9}.Debug|Any CPU.ActiveCfg = Debug|x86
		{CF61C5C6-A3B3-4D6F-8AD7-B67B7E9F96A9}.Debug|x64.ActiveCfg = Debug|x86
		{CF61C5C6-A3B3-4D6F-8AD7-B67B7E9F96A9}.Debug|x86.ActiveCfg = Debug|x86
		{CF61C5C6-A3B3-4D6F-8AD7-B67B7E9F96A9}.Debug|x86.Build.0 = Debug|x86
		{CF61C5C6-A3B3-4D6F-8AD7-B67B7E9F96A9}.DebugAll|Any CPU.ActiveCfg = Debug|x86
		{CF61C5C6-A3B3-4D6F-8AD7-B67B7E9F96A9}.DebugAll|Any CPU.Build.0 = Debug|x86
		{CF61C5C6-A3B3-4D6F-8AD7-B67B7E9F96A9}.DebugAll|x64.ActiveCfg = Debug|x86
		{CF61C5C6-A3B3-4D6F-8AD7-B67B7E9F96A9}.DebugAll|x64.Build.0 = Debug|x86
		{CF61C5C6-A3B3-4D6F-8AD7-B67B7E9F96A9}.DebugAll|x86.ActiveCfg = Debug|x86
		{CF61C5C6-A3B3-4D6F-8AD7-B67B7E9F96A9}.DebugAll|x86.Build.0 = Debug|x86
		{CF61C5C6-A3B3-4D6F-8AD7-B67B7E9F96A9}.PreRelease|Any CPU.ActiveCfg = Debug|x86
		{CF61C5C6-A3B3-4D6F-8AD7-B67B7E9F96A9}.PreRelease|Any CPU.Build.0 = Debug|x86
		{CF61C5C6-A3B3-4D6F-8AD7-B67B7E9F96A9}.PreRelease|x64.ActiveCfg = Debug|x86
		{CF61C5C6-A3B3-4D6F-8AD7-B67B7E9F96A9}.PreRelease|x64.Build.0 = Debug|x86
		{CF61C5C6-A3B3-4D6F-8AD7-B67B7E9F96A9}.PreRelease|x86.ActiveCfg = Debug|x86
		{CF61C5C6-A3B3-4D6F-8AD7-B67B7E9F96A9}.PreRelease|x86.Build.0 = Debug|x86
		{CF61C5C6-A3B3-4D6F-8AD7-B67B7E9F96A9}.Release|Any CPU.ActiveCfg = Debug|x86
		{CF61C5C6-A3B3-4D6F-8AD7-B67B7E9F96A9}.Release|Any CPU.Build.0 = Debug|x86
		{CF61C5C6-A3B3-4D6F-8AD7-B67B7E9F96A9}.Release|x64.ActiveCfg = Debug|x86
		{CF61C5C6-A3B3-4D6F-8AD7-B67B7E9F96A9}.Release|x64.Build.0 = Debug|x86
		{CF61C5C6-A3B3-4D6F-8AD7-B67B7E9F96A9}.Release|x86.ActiveCfg = Debug|x86
		{CF61C5C6-A3B3-4D6F-8AD7-B67B7E9F96A9}.Release|x86.Build.0 = Debug|x86
		{57C95515-CDE5-4D01-ACC0-7B3A01B6D761}.ApplicationGenerator|Any CPU.ActiveCfg = Debug|x86
		{57C95515-CDE5-4D01-ACC0-7B3A01B6D761}.ApplicationGenerator|Any CPU.Build.0 = Debug|x86
		{57C95515-CDE5-4D01-ACC0-7B3A01B6D761}.ApplicationGenerator|x64.ActiveCfg = Debug|x86
		{57C95515-CDE5-4D01-ACC0-7B3A01B6D761}.ApplicationGenerator|x64.Build.0 = Debug|x86
		{57C95515-CDE5-4D01-ACC0-7B3A01B6D761}.ApplicationGenerator|x86.ActiveCfg = Debug|x86
		{57C95515-CDE5-4D01-ACC0-7B3A01B6D761}.ApplicationGenerator|x86.Build.0 = Debug|x86
		{57C95515-CDE5-4D01-ACC0-7B3A01B6D761}.Debug|Any CPU.ActiveCfg = Debug|x86
		{57C95515-CDE5-4D01-ACC0-7B3A01B6D761}.Debug|x64.ActiveCfg = Debug|x86
		{57C95515-CDE5-4D01-ACC0-7B3A01B6D761}.Debug|x86.ActiveCfg = Debug|x86
		{57C95515-CDE5-4D01-ACC0-7B3A01B6D761}.Debug|x86.Build.0 = Debug|x86
		{57C95515-CDE5-4D01-ACC0-7B3A01B6D761}.DebugAll|Any CPU.ActiveCfg = Debug|x86
		{57C95515-CDE5-4D01-ACC0-7B3A01B6D761}.DebugAll|Any CPU.Build.0 = Debug|x86
		{57C95515-CDE5-4D01-ACC0-7B3A01B6D761}.DebugAll|x64.ActiveCfg = Debug|x86
		{57C95515-CDE5-4D01-ACC0-7B3A01B6D761}.DebugAll|x64.Build.0 = Debug|x86
		{57C95515-CDE5-4D01-ACC0-7B3A01B6D761}.DebugAll|x86.ActiveCfg = Debug|x86
		{57C95515-CDE5-4D01-ACC0-7B3A01B6D761}.DebugAll|x86.Build.0 = Debug|x86
		{57C95515-CDE5-4D01-ACC0-7B3A01B6D761}.PreRelease|Any CPU.ActiveCfg = PreRelease|x86
		{57C95515-CDE5-4D01-ACC0-7B3A01B6D761}.PreRelease|x64.ActiveCfg = PreRelease|x86
		{57C95515-CDE5-4D01-ACC0-7B3A01B6D761}.PreRelease|x86.ActiveCfg = PreRelease|x86
		{57C95515-CDE5-4D01-ACC0-7B3A01B6D761}.PreRelease|x86.Build.0 = PreRelease|x86
		{57C95515-CDE5-4D01-ACC0-7B3A01B6D761}.Release|Any CPU.ActiveCfg = Debug|x86
		{57C95515-CDE5-4D01-ACC0-7B3A01B6D761}.Release|Any CPU.Build.0 = Debug|x86
		{57C95515-CDE5-4D01-ACC0-7B3A01B6D761}.Release|x64.ActiveCfg = Debug|x86
		{57C95515-CDE5-4D01-ACC0-7B3A01B6D761}.Release|x64.Build.0 = Debug|x86
		{57C95515-CDE5-4D01-ACC0-7B3A01B6D761}.Release|x86.ActiveCfg = PreRelease|x86
		{57C95515-CDE5-4D01-ACC0-7B3A01B6D761}.Release|x86.Build.0 = PreRelease|x86
	EndGlobalSection
	GlobalSection(SolutionProperties) = preSolution
		HideSolutionNode = FALSE
	EndGlobalSection
	GlobalSection(NestedProjects) = preSolution
		{0F106257-E070-4510-BFA7-87CC6EDC5BA1} = {83C42B14-AF4A-476B-9E76-E76D6CC7BC97}
		{3F1B94DC-2EE6-4674-A2DE-E60FFC63A1D9} = {83C42B14-AF4A-476B-9E76-E76D6CC7BC97}
		{210DBD13-A7B0-430A-AEB4-7E558CA61A46} = {83C42B14-AF4A-476B-9E76-E76D6CC7BC97}
		{6ECFD59C-E75D-44AA-AD15-2FEEDC8D6A98} = {83C42B14-AF4A-476B-9E76-E76D6CC7BC97}
		{1A9A64A4-3BDD-467D-ADB3-58BEDBBDEB4E} = {83C42B14-AF4A-476B-9E76-E76D6CC7BC97}
		{A86313DB-D1E8-486B-9FAC-47E3FB176DA7} = {0D9F3888-449B-4981-B184-6C017A846370}
		{91B287FE-0858-444E-8E87-0F3D4783BBBC} = {0D9F3888-449B-4981-B184-6C017A846370}
		{73152691-3CDE-46DF-8D04-7117747DFFE7} = {0D9F3888-449B-4981-B184-6C017A846370}
		{BBB16FB1-0D5F-4E71-801C-E58A48305179} = {0D9F3888-449B-4981-B184-6C017A846370}
		{3843F6DB-55A6-441E-BDC7-43CF8AD7B6C5} = {0D9F3888-449B-4981-B184-6C017A846370}
		{88AB738F-7A36-4C93-B808-B6CE2D3444B2} = {0D9F3888-449B-4981-B184-6C017A846370}
		{E0A71FCE-69DD-40A6-87FB-2D63AB5D25C9} = {69674BE8-234A-4EBB-A808-596FFD6DD4FF}
		{81DD53D8-FCF0-4384-A931-9370FA8E8E67} = {69674BE8-234A-4EBB-A808-596FFD6DD4FF}
		{D653531B-D30C-4A20-8AE5-D46A6F03E274} = {69674BE8-234A-4EBB-A808-596FFD6DD4FF}
		{EF3FC267-D558-4556-8E8E-16BA7C52BDA3} = {69674BE8-234A-4EBB-A808-596FFD6DD4FF}
		{F362F889-0287-4377-A211-440C9871FDA6} = {EF3FC267-D558-4556-8E8E-16BA7C52BDA3}
		{40ED2809-ABA2-4655-82DD-E38AD12138BB} = {69674BE8-234A-4EBB-A808-596FFD6DD4FF}
	EndGlobalSection
	GlobalSection(ExtensibilityGlobals) = postSolution
		SolutionGuid = {7BAB2A3D-55C4-4645-8E81-459E60AAC2CD}
	EndGlobalSection
EndGlobal
