
Microsoft Visual Studio Solution File, Format Version 12.00
# Visual Studio Version 16
VisualStudioVersion = 16.0.31205.134
MinimumVisualStudioVersion = 10.0.40219.1
Project("{FAE04EC0-301F-11D3-BF4B-00C04F79EFBC}") = "HydraDebugAssistant", "HydraDebugAssistant\HydraDebugAssistant.csproj", "{C6D8C107-CF8E-447A-A582-C7994116647A}"
EndProject
Global
	GlobalSection(SolutionConfigurationPlatforms) = preSolution
		Debug|Any CPU = Debug|Any CPU
		Release|Any CPU = Release|Any CPU
	EndGlobalSection
	GlobalSection(ProjectConfigurationPlatforms) = postSolution
		{C6D8C107-CF8E-447A-A582-C7994116647A}.Debug|Any CPU.ActiveCfg = Debug|Any CPU
		{C6D8C107-CF8E-447A-A582-C7994116647A}.Debug|Any CPU.Build.0 = Debug|Any CPU
		{C6D8C107-CF8E-447A-A582-C7994116647A}.Release|Any CPU.ActiveCfg = Release|Any CPU
		{C6D8C107-CF8E-447A-A582-C7994116647A}.Release|Any CPU.Build.0 = Release|Any CPU
	EndGlobalSection
	GlobalSection(SolutionProperties) = preSolution
		HideSolutionNode = FALSE
	EndGlobalSection
	GlobalSection(ExtensibilityGlobals) = postSolution
		SolutionGuid = {7960838A-3453-4734-AC79-B3F95D6BF887}
	EndGlobalSection
EndGlobal
