
Microsoft Visual Studio Solution File, Format Version 12.00
# Visual Studio Version 16
VisualStudioVersion = 16.0.31205.134
MinimumVisualStudioVersion = 10.0.40219.1
Project("{FAE04EC0-301F-11D3-BF4B-00C04F79EFBC}") = "Hydra.Apps.ImageBuilder.Test", "Hydra.Apps.ImageBuilder.Test\Hydra.Apps.ImageBuilder.Test.csproj", "{DECD06A6-4C1A-41CE-B099-76A7FD4C99FA}"
EndProject
Project("{FAE04EC0-301F-11D3-BF4B-00C04F79EFBC}") = "Utils", "Utils\Utils.csproj", "{A4763B8B-F945-4C4C-9727-7E970E02F662}"
EndProject
Global
	GlobalSection(SolutionConfigurationPlatforms) = preSolution
		ApplicationGenerator|Any CPU = ApplicationGenerator|Any CPU
		Debug|Any CPU = Debug|Any CPU
		DebugAll|Any CPU = DebugAll|Any CPU
		PreRelease|Any CPU = PreRelease|Any CPU
		Release|Any CPU = Release|Any CPU
	EndGlobalSection
	GlobalSection(ProjectConfigurationPlatforms) = postSolution
		{DECD06A6-4C1A-41CE-B099-76A7FD4C99FA}.ApplicationGenerator|Any CPU.ActiveCfg = Debug|Any CPU
		{DECD06A6-4C1A-41CE-B099-76A7FD4C99FA}.ApplicationGenerator|Any CPU.Build.0 = Debug|Any CPU
		{DECD06A6-4C1A-41CE-B099-76A7FD4C99FA}.Debug|Any CPU.ActiveCfg = Debug|Any CPU
		{DECD06A6-4C1A-41CE-B099-76A7FD4C99FA}.Debug|Any CPU.Build.0 = Debug|Any CPU
		{DECD06A6-4C1A-41CE-B099-76A7FD4C99FA}.DebugAll|Any CPU.ActiveCfg = Debug|Any CPU
		{DECD06A6-4C1A-41CE-B099-76A7FD4C99FA}.DebugAll|Any CPU.Build.0 = Debug|Any CPU
		{DECD06A6-4C1A-41CE-B099-76A7FD4C99FA}.PreRelease|Any CPU.ActiveCfg = Release|Any CPU
		{DECD06A6-4C1A-41CE-B099-76A7FD4C99FA}.PreRelease|Any CPU.Build.0 = Release|Any CPU
		{DECD06A6-4C1A-41CE-B099-76A7FD4C99FA}.Release|Any CPU.ActiveCfg = Release|Any CPU
		{DECD06A6-4C1A-41CE-B099-76A7FD4C99FA}.Release|Any CPU.Build.0 = Release|Any CPU
		{A4763B8B-F945-4C4C-9727-7E970E02F662}.ApplicationGenerator|Any CPU.ActiveCfg = ApplicationGenerator|Any CPU
		{A4763B8B-F945-4C4C-9727-7E970E02F662}.ApplicationGenerator|Any CPU.Build.0 = ApplicationGenerator|Any CPU
		{A4763B8B-F945-4C4C-9727-7E970E02F662}.Debug|Any CPU.ActiveCfg = Debug|Any CPU
		{A4763B8B-F945-4C4C-9727-7E970E02F662}.Debug|Any CPU.Build.0 = Debug|Any CPU
		{A4763B8B-F945-4C4C-9727-7E970E02F662}.DebugAll|Any CPU.ActiveCfg = DebugAll|Any CPU
		{A4763B8B-F945-4C4C-9727-7E970E02F662}.DebugAll|Any CPU.Build.0 = DebugAll|Any CPU
		{A4763B8B-F945-4C4C-9727-7E970E02F662}.PreRelease|Any CPU.ActiveCfg = PreRelease|Any CPU
		{A4763B8B-F945-4C4C-9727-7E970E02F662}.PreRelease|Any CPU.Build.0 = PreRelease|Any CPU
		{A4763B8B-F945-4C4C-9727-7E970E02F662}.Release|Any CPU.ActiveCfg = Release|Any CPU
		{A4763B8B-F945-4C4C-9727-7E970E02F662}.Release|Any CPU.Build.0 = Release|Any CPU
	EndGlobalSection
	GlobalSection(SolutionProperties) = preSolution
		HideSolutionNode = FALSE
	EndGlobalSection
	GlobalSection(ExtensibilityGlobals) = postSolution
		SolutionGuid = {5D810D0B-2ADF-44AA-9999-37CC405D9A08}
	EndGlobalSection
EndGlobal
