
Microsoft Visual Studio Solution File, Format Version 12.00
# Visual Studio Version 16
VisualStudioVersion = 16.0.30104.148
MinimumVisualStudioVersion = 10.0.40219.1
Project("{FAE04EC0-301F-11D3-BF4B-00C04F79EFBC}") = "Hydra.MultiLauncher", "Hydra.MultiLauncher\Hydra.MultiLauncher.csproj", "{4E022301-7FB6-4F28-BB7F-8093517D67B4}"
EndProject
Project("{FAE04EC0-301F-11D3-BF4B-00C04F79EFBC}") = "Utils", "Utils\Utils.csproj", "{A4763B8B-F945-4C4C-9727-7E970E02F662}"
EndProject
Global
	GlobalSection(SolutionConfigurationPlatforms) = preSolution
		ApplicationGenerator|Any CPU = ApplicationGenerator|Any CPU
		Debug|Any CPU = Debug|Any CPU
		DebugAll|Any CPU = DebugAll|Any CPU
		Release|Any CPU = Release|Any CPU
	EndGlobalSection
	GlobalSection(ProjectConfigurationPlatforms) = postSolution
		{4E022301-7FB6-4F28-BB7F-8093517D67B4}.ApplicationGenerator|Any CPU.ActiveCfg = Release|Any CPU
		{4E022301-7FB6-4F28-BB7F-8093517D67B4}.ApplicationGenerator|Any CPU.Build.0 = Release|Any CPU
		{4E022301-7FB6-4F28-BB7F-8093517D67B4}.Debug|Any CPU.ActiveCfg = Debug|Any CPU
		{4E022301-7FB6-4F28-BB7F-8093517D67B4}.Debug|Any CPU.Build.0 = Debug|Any CPU
		{4E022301-7FB6-4F28-BB7F-8093517D67B4}.DebugAll|Any CPU.ActiveCfg = Debug|Any CPU
		{4E022301-7FB6-4F28-BB7F-8093517D67B4}.DebugAll|Any CPU.Build.0 = Debug|Any CPU
		{4E022301-7FB6-4F28-BB7F-8093517D67B4}.Release|Any CPU.ActiveCfg = Release|Any CPU
		{4E022301-7FB6-4F28-BB7F-8093517D67B4}.Release|Any CPU.Build.0 = Release|Any CPU
		{A4763B8B-F945-4C4C-9727-7E970E02F662}.ApplicationGenerator|Any CPU.ActiveCfg = ApplicationGenerator|Any CPU
		{A4763B8B-F945-4C4C-9727-7E970E02F662}.ApplicationGenerator|Any CPU.Build.0 = ApplicationGenerator|Any CPU
		{A4763B8B-F945-4C4C-9727-7E970E02F662}.Debug|Any CPU.ActiveCfg = Debug|Any CPU
		{A4763B8B-F945-4C4C-9727-7E970E02F662}.DebugAll|Any CPU.ActiveCfg = DebugAll|Any CPU
		{A4763B8B-F945-4C4C-9727-7E970E02F662}.DebugAll|Any CPU.Build.0 = DebugAll|Any CPU
		{A4763B8B-F945-4C4C-9727-7E970E02F662}.Release|Any CPU.ActiveCfg = Release|Any CPU
		{A4763B8B-F945-4C4C-9727-7E970E02F662}.Release|Any CPU.Build.0 = Release|Any CPU
	EndGlobalSection
	GlobalSection(SolutionProperties) = preSolution
		HideSolutionNode = FALSE
	EndGlobalSection
	GlobalSection(ExtensibilityGlobals) = postSolution
		SolutionGuid = {0B0FD077-8CC8-481C-8615-14A30F756FD5}
	EndGlobalSection
EndGlobal
