
Microsoft Visual Studio Solution File, Format Version 12.00
# Visual Studio Version 16
VisualStudioVersion = 16.0.30011.22
MinimumVisualStudioVersion = 10.0.40219.1
Project("{9A19103F-16F7-4668-BE54-9A1E7A4F7556}") = "LoggingTraceListener", "LoggingTraceListener\LoggingTraceListener.csproj", "{23BDE909-53B5-4582-A4AC-7BE12D6E0AFE}"
EndProject
Project("{9A19103F-16F7-4668-BE54-9A1E7A4F7556}") = "Utils.Core", "Utils.Core\Utils.Core.csproj", "{E718481F-0674-4A43-B238-469776771D8D}"
EndProject
Project("{9A19103F-16F7-4668-BE54-9A1E7A4F7556}") = "LoggingTraceListener.Tests", "LoggingTraceListener.Tests\LoggingTraceListener.Tests.csproj", "{C0D2CF39-808E-498A-A8E8-CC8C714842BE}"
EndProject
Project("{9A19103F-16F7-4668-BE54-9A1E7A4F7556}") = "Utils.Core.Testing", "Utils.Core.Testing\Utils.Core.Testing.csproj", "{8A0CACD3-C500-48DA-A18C-F6149DA6F7D5}"
EndProject
Project("{9A19103F-16F7-4668-BE54-9A1E7A4F7556}") = "Utils.Core.Desktop", "Utils.Core.Desktop\Utils.Core.Desktop.csproj", "{F8ADFD52-9F50-4E04-BDA7-648A96BF058D}"
EndProject
Global
	GlobalSection(SolutionConfigurationPlatforms) = preSolution
		Debug|Any CPU = Debug|Any CPU
		Debug|x64 = Debug|x64
		DebugAll|Any CPU = DebugAll|Any CPU
		DebugAll|x64 = DebugAll|x64
		Release|Any CPU = Release|Any CPU
		Release|x64 = Release|x64
	EndGlobalSection
	GlobalSection(ProjectConfigurationPlatforms) = postSolution
		{23BDE909-53B5-4582-A4AC-7BE12D6E0AFE}.Debug|Any CPU.ActiveCfg = Debug|Any CPU
		{23BDE909-53B5-4582-A4AC-7BE12D6E0AFE}.Debug|Any CPU.Build.0 = Debug|Any CPU
		{23BDE909-53B5-4582-A4AC-7BE12D6E0AFE}.Debug|x64.ActiveCfg = Debug|Any CPU
		{23BDE909-53B5-4582-A4AC-7BE12D6E0AFE}.Debug|x64.Build.0 = Debug|Any CPU
		{23BDE909-53B5-4582-A4AC-7BE12D6E0AFE}.DebugAll|Any CPU.ActiveCfg = Debug|Any CPU
		{23BDE909-53B5-4582-A4AC-7BE12D6E0AFE}.DebugAll|Any CPU.Build.0 = Debug|Any CPU
		{23BDE909-53B5-4582-A4AC-7BE12D6E0AFE}.DebugAll|x64.ActiveCfg = Debug|Any CPU
		{23BDE909-53B5-4582-A4AC-7BE12D6E0AFE}.DebugAll|x64.Build.0 = Debug|Any CPU
		{23BDE909-53B5-4582-A4AC-7BE12D6E0AFE}.Release|Any CPU.ActiveCfg = Release|Any CPU
		{23BDE909-53B5-4582-A4AC-7BE12D6E0AFE}.Release|Any CPU.Build.0 = Release|Any CPU
		{23BDE909-53B5-4582-A4AC-7BE12D6E0AFE}.Release|x64.ActiveCfg = Release|Any CPU
		{23BDE909-53B5-4582-A4AC-7BE12D6E0AFE}.Release|x64.Build.0 = Release|Any CPU
		{E718481F-0674-4A43-B238-469776771D8D}.Debug|Any CPU.ActiveCfg = Debug|Any CPU
		{E718481F-0674-4A43-B238-469776771D8D}.Debug|Any CPU.Build.0 = Debug|Any CPU
		{E718481F-0674-4A43-B238-469776771D8D}.Debug|x64.ActiveCfg = Debug|Any CPU
		{E718481F-0674-4A43-B238-469776771D8D}.Debug|x64.Build.0 = Debug|Any CPU
		{E718481F-0674-4A43-B238-469776771D8D}.DebugAll|Any CPU.ActiveCfg = DebugAll|Any CPU
		{E718481F-0674-4A43-B238-469776771D8D}.DebugAll|Any CPU.Build.0 = DebugAll|Any CPU
		{E718481F-0674-4A43-B238-469776771D8D}.DebugAll|x64.ActiveCfg = DebugAll|Any CPU
		{E718481F-0674-4A43-B238-469776771D8D}.DebugAll|x64.Build.0 = DebugAll|Any CPU
		{E718481F-0674-4A43-B238-469776771D8D}.Release|Any CPU.ActiveCfg = Release|Any CPU
		{E718481F-0674-4A43-B238-469776771D8D}.Release|Any CPU.Build.0 = Release|Any CPU
		{E718481F-0674-4A43-B238-469776771D8D}.Release|x64.ActiveCfg = Release|Any CPU
		{E718481F-0674-4A43-B238-469776771D8D}.Release|x64.Build.0 = Release|Any CPU
		{C0D2CF39-808E-498A-A8E8-CC8C714842BE}.Debug|Any CPU.ActiveCfg = Debug|Any CPU
		{C0D2CF39-808E-498A-A8E8-CC8C714842BE}.Debug|Any CPU.Build.0 = Debug|Any CPU
		{C0D2CF39-808E-498A-A8E8-CC8C714842BE}.Debug|x64.ActiveCfg = Debug|Any CPU
		{C0D2CF39-808E-498A-A8E8-CC8C714842BE}.Debug|x64.Build.0 = Debug|Any CPU
		{C0D2CF39-808E-498A-A8E8-CC8C714842BE}.DebugAll|Any CPU.ActiveCfg = Debug|Any CPU
		{C0D2CF39-808E-498A-A8E8-CC8C714842BE}.DebugAll|Any CPU.Build.0 = Debug|Any CPU
		{C0D2CF39-808E-498A-A8E8-CC8C714842BE}.DebugAll|x64.ActiveCfg = Debug|Any CPU
		{C0D2CF39-808E-498A-A8E8-CC8C714842BE}.DebugAll|x64.Build.0 = Debug|Any CPU
		{C0D2CF39-808E-498A-A8E8-CC8C714842BE}.Release|Any CPU.ActiveCfg = Release|Any CPU
		{C0D2CF39-808E-498A-A8E8-CC8C714842BE}.Release|Any CPU.Build.0 = Release|Any CPU
		{C0D2CF39-808E-498A-A8E8-CC8C714842BE}.Release|x64.ActiveCfg = Release|Any CPU
		{C0D2CF39-808E-498A-A8E8-CC8C714842BE}.Release|x64.Build.0 = Release|Any CPU
		{8A0CACD3-C500-48DA-A18C-F6149DA6F7D5}.Debug|Any CPU.ActiveCfg = Debug|Any CPU
		{8A0CACD3-C500-48DA-A18C-F6149DA6F7D5}.Debug|Any CPU.Build.0 = Debug|Any CPU
		{8A0CACD3-C500-48DA-A18C-F6149DA6F7D5}.Debug|x64.ActiveCfg = Debug|Any CPU
		{8A0CACD3-C500-48DA-A18C-F6149DA6F7D5}.Debug|x64.Build.0 = Debug|Any CPU
		{8A0CACD3-C500-48DA-A18C-F6149DA6F7D5}.DebugAll|Any CPU.ActiveCfg = Debug|Any CPU
		{8A0CACD3-C500-48DA-A18C-F6149DA6F7D5}.DebugAll|Any CPU.Build.0 = Debug|Any CPU
		{8A0CACD3-C500-48DA-A18C-F6149DA6F7D5}.DebugAll|x64.ActiveCfg = Debug|Any CPU
		{8A0CACD3-C500-48DA-A18C-F6149DA6F7D5}.DebugAll|x64.Build.0 = Debug|Any CPU
		{8A0CACD3-C500-48DA-A18C-F6149DA6F7D5}.Release|Any CPU.ActiveCfg = Release|Any CPU
		{8A0CACD3-C500-48DA-A18C-F6149DA6F7D5}.Release|Any CPU.Build.0 = Release|Any CPU
		{8A0CACD3-C500-48DA-A18C-F6149DA6F7D5}.Release|x64.ActiveCfg = Release|Any CPU
		{8A0CACD3-C500-48DA-A18C-F6149DA6F7D5}.Release|x64.Build.0 = Release|Any CPU
		{F8ADFD52-9F50-4E04-BDA7-648A96BF058D}.Debug|Any CPU.ActiveCfg = Debug|Any CPU
		{F8ADFD52-9F50-4E04-BDA7-648A96BF058D}.Debug|Any CPU.Build.0 = Debug|Any CPU
		{F8ADFD52-9F50-4E04-BDA7-648A96BF058D}.Debug|x64.ActiveCfg = Debug|Any CPU
		{F8ADFD52-9F50-4E04-BDA7-648A96BF058D}.Debug|x64.Build.0 = Debug|Any CPU
		{F8ADFD52-9F50-4E04-BDA7-648A96BF058D}.DebugAll|Any CPU.ActiveCfg = Debug|Any CPU
		{F8ADFD52-9F50-4E04-BDA7-648A96BF058D}.DebugAll|Any CPU.Build.0 = Debug|Any CPU
		{F8ADFD52-9F50-4E04-BDA7-648A96BF058D}.DebugAll|x64.ActiveCfg = Debug|Any CPU
		{F8ADFD52-9F50-4E04-BDA7-648A96BF058D}.DebugAll|x64.Build.0 = Debug|Any CPU
		{F8ADFD52-9F50-4E04-BDA7-648A96BF058D}.Release|Any CPU.ActiveCfg = Release|Any CPU
		{F8ADFD52-9F50-4E04-BDA7-648A96BF058D}.Release|Any CPU.Build.0 = Release|Any CPU
		{F8ADFD52-9F50-4E04-BDA7-648A96BF058D}.Release|x64.ActiveCfg = Release|Any CPU
		{F8ADFD52-9F50-4E04-BDA7-648A96BF058D}.Release|x64.Build.0 = Release|Any CPU
	EndGlobalSection
	GlobalSection(SolutionProperties) = preSolution
		HideSolutionNode = FALSE
	EndGlobalSection
	GlobalSection(ExtensibilityGlobals) = postSolution
		SolutionGuid = {5C4A9E79-D5E6-45C4-9167-2A9683BA8F9F}
	EndGlobalSection
EndGlobal
