
Microsoft Visual Studio Solution File, Format Version 12.00
# Visual Studio Version 16
VisualStudioVersion = 16.0.30413.136
MinimumVisualStudioVersion = 10.0.40219.1
Project("{9A19103F-16F7-4668-BE54-9A1E7A4F7556}") = "NetCoreReflectionShim.Service", "NetCoreReflectionShim.Service\NetCoreReflectionShim.Service.csproj", "{91145B97-1519-432D-B509-B5A2BC49C714}"
EndProject
Project("{9A19103F-16F7-4668-BE54-9A1E7A4F7556}") = "Utils.Core", "Utils.Core\Utils.Core.csproj", "{4703FEF2-E6E1-415C-A195-20EF8CC814F8}"
EndProject
Project("{9A19103F-16F7-4668-BE54-9A1E7A4F7556}") = "XPathParser.Core", "XPathParser.Core\XPathParser.Core.csproj", "{1A738D78-844D-4C05-8288-39742A1E37EA}"
EndProject
Project("{9A19103F-16F7-4668-BE54-9A1E7A4F7556}") = "Hydra.Interfaces", "Hydra.Interfaces\Hydra.Interfaces.csproj", "{B54FD9E8-C477-4A38-9B2D-F3D94857EA11}"
EndProject
Project("{FAE04EC0-301F-11D3-BF4B-00C04F79EFBC}") = "HydraCrashAnalyzer", "HydraCrashAnalyzer\HydraCrashAnalyzer.csproj", "{D9FB14C2-8D81-4200-B095-64AF85D2A077}"
EndProject
Project("{FAE04EC0-301F-11D3-BF4B-00C04F79EFBC}") = "HydraCrashAnalyzer.Core", "HydraCrashAnalyzer.Core\HydraCrashAnalyzer.Core.csproj", "{5D3C811E-8AA6-432A-8C85-6FE9EC8F777B}"
EndProject
Project("{FAE04EC0-301F-11D3-BF4B-00C04F79EFBC}") = "Utils", "Utils\Utils.csproj", "{A4763B8B-F945-4C4C-9727-7E970E02F662}"
EndProject
Project("{9A19103F-16F7-4668-BE54-9A1E7A4F7556}") = "Utils.Core.Desktop", "Utils.Core.Desktop\Utils.Core.Desktop.csproj", "{E5F9B15F-8E4B-401A-8CF8-D7221E0CDF32}"
EndProject
Global
	GlobalSection(SolutionConfigurationPlatforms) = preSolution
		ApplicationGenerator|Any CPU = ApplicationGenerator|Any CPU
		Debug|Any CPU = Debug|Any CPU
		DebugAll|Any CPU = DebugAll|Any CPU
		PreRelease|Any CPU = PreRelease|Any CPU
		Release|Any CPU = Release|Any CPU
	EndGlobalSection
	GlobalSection(ProjectConfigurationPlatforms) = postSolution
		{91145B97-1519-432D-B509-B5A2BC49C714}.ApplicationGenerator|Any CPU.ActiveCfg = Release|Any CPU
		{91145B97-1519-432D-B509-B5A2BC49C714}.ApplicationGenerator|Any CPU.Build.0 = Release|Any CPU
		{91145B97-1519-432D-B509-B5A2BC49C714}.Debug|Any CPU.ActiveCfg = Debug|Any CPU
		{91145B97-1519-432D-B509-B5A2BC49C714}.Debug|Any CPU.Build.0 = Debug|Any CPU
		{91145B97-1519-432D-B509-B5A2BC49C714}.DebugAll|Any CPU.ActiveCfg = Debug|Any CPU
		{91145B97-1519-432D-B509-B5A2BC49C714}.DebugAll|Any CPU.Build.0 = Debug|Any CPU
		{91145B97-1519-432D-B509-B5A2BC49C714}.PreRelease|Any CPU.ActiveCfg = Release|Any CPU
		{91145B97-1519-432D-B509-B5A2BC49C714}.PreRelease|Any CPU.Build.0 = Release|Any CPU
		{91145B97-1519-432D-B509-B5A2BC49C714}.Release|Any CPU.ActiveCfg = Release|Any CPU
		{91145B97-1519-432D-B509-B5A2BC49C714}.Release|Any CPU.Build.0 = Release|Any CPU
		{4703FEF2-E6E1-415C-A195-20EF8CC814F8}.ApplicationGenerator|Any CPU.ActiveCfg = Release|Any CPU
		{4703FEF2-E6E1-415C-A195-20EF8CC814F8}.ApplicationGenerator|Any CPU.Build.0 = Release|Any CPU
		{4703FEF2-E6E1-415C-A195-20EF8CC814F8}.Debug|Any CPU.ActiveCfg = Debug|Any CPU
		{4703FEF2-E6E1-415C-A195-20EF8CC814F8}.Debug|Any CPU.Build.0 = Debug|Any CPU
		{4703FEF2-E6E1-415C-A195-20EF8CC814F8}.DebugAll|Any CPU.ActiveCfg = DebugAll|Any CPU
		{4703FEF2-E6E1-415C-A195-20EF8CC814F8}.DebugAll|Any CPU.Build.0 = DebugAll|Any CPU
		{4703FEF2-E6E1-415C-A195-20EF8CC814F8}.PreRelease|Any CPU.ActiveCfg = PreRelease|Any CPU
		{4703FEF2-E6E1-415C-A195-20EF8CC814F8}.PreRelease|Any CPU.Build.0 = PreRelease|Any CPU
		{4703FEF2-E6E1-415C-A195-20EF8CC814F8}.Release|Any CPU.ActiveCfg = Release|Any CPU
		{4703FEF2-E6E1-415C-A195-20EF8CC814F8}.Release|Any CPU.Build.0 = Release|Any CPU
		{1A738D78-844D-4C05-8288-39742A1E37EA}.ApplicationGenerator|Any CPU.ActiveCfg = Release|Any CPU
		{1A738D78-844D-4C05-8288-39742A1E37EA}.ApplicationGenerator|Any CPU.Build.0 = Release|Any CPU
		{1A738D78-844D-4C05-8288-39742A1E37EA}.Debug|Any CPU.ActiveCfg = Debug|Any CPU
		{1A738D78-844D-4C05-8288-39742A1E37EA}.Debug|Any CPU.Build.0 = Debug|Any CPU
		{1A738D78-844D-4C05-8288-39742A1E37EA}.DebugAll|Any CPU.ActiveCfg = Debug|Any CPU
		{1A738D78-844D-4C05-8288-39742A1E37EA}.DebugAll|Any CPU.Build.0 = Debug|Any CPU
		{1A738D78-844D-4C05-8288-39742A1E37EA}.PreRelease|Any CPU.ActiveCfg = Release|Any CPU
		{1A738D78-844D-4C05-8288-39742A1E37EA}.PreRelease|Any CPU.Build.0 = Release|Any CPU
		{1A738D78-844D-4C05-8288-39742A1E37EA}.Release|Any CPU.ActiveCfg = Release|Any CPU
		{1A738D78-844D-4C05-8288-39742A1E37EA}.Release|Any CPU.Build.0 = Release|Any CPU
		{B54FD9E8-C477-4A38-9B2D-F3D94857EA11}.ApplicationGenerator|Any CPU.ActiveCfg = Release|Any CPU
		{B54FD9E8-C477-4A38-9B2D-F3D94857EA11}.ApplicationGenerator|Any CPU.Build.0 = Release|Any CPU
		{B54FD9E8-C477-4A38-9B2D-F3D94857EA11}.Debug|Any CPU.ActiveCfg = Debug|Any CPU
		{B54FD9E8-C477-4A38-9B2D-F3D94857EA11}.Debug|Any CPU.Build.0 = Debug|Any CPU
		{B54FD9E8-C477-4A38-9B2D-F3D94857EA11}.DebugAll|Any CPU.ActiveCfg = Debug|Any CPU
		{B54FD9E8-C477-4A38-9B2D-F3D94857EA11}.DebugAll|Any CPU.Build.0 = Debug|Any CPU
		{B54FD9E8-C477-4A38-9B2D-F3D94857EA11}.PreRelease|Any CPU.ActiveCfg = Release|Any CPU
		{B54FD9E8-C477-4A38-9B2D-F3D94857EA11}.PreRelease|Any CPU.Build.0 = Release|Any CPU
		{B54FD9E8-C477-4A38-9B2D-F3D94857EA11}.Release|Any CPU.ActiveCfg = Release|Any CPU
		{B54FD9E8-C477-4A38-9B2D-F3D94857EA11}.Release|Any CPU.Build.0 = Release|Any CPU
		{D9FB14C2-8D81-4200-B095-64AF85D2A077}.ApplicationGenerator|Any CPU.ActiveCfg = Debug|Any CPU
		{D9FB14C2-8D81-4200-B095-64AF85D2A077}.ApplicationGenerator|Any CPU.Build.0 = Debug|Any CPU
		{D9FB14C2-8D81-4200-B095-64AF85D2A077}.Debug|Any CPU.ActiveCfg = Debug|Any CPU
		{D9FB14C2-8D81-4200-B095-64AF85D2A077}.Debug|Any CPU.Build.0 = Debug|Any CPU
		{D9FB14C2-8D81-4200-B095-64AF85D2A077}.DebugAll|Any CPU.ActiveCfg = Debug|Any CPU
		{D9FB14C2-8D81-4200-B095-64AF85D2A077}.DebugAll|Any CPU.Build.0 = Debug|Any CPU
		{D9FB14C2-8D81-4200-B095-64AF85D2A077}.PreRelease|Any CPU.ActiveCfg = Release|Any CPU
		{D9FB14C2-8D81-4200-B095-64AF85D2A077}.PreRelease|Any CPU.Build.0 = Release|Any CPU
		{D9FB14C2-8D81-4200-B095-64AF85D2A077}.Release|Any CPU.ActiveCfg = Release|Any CPU
		{D9FB14C2-8D81-4200-B095-64AF85D2A077}.Release|Any CPU.Build.0 = Release|Any CPU
		{5D3C811E-8AA6-432A-8C85-6FE9EC8F777B}.ApplicationGenerator|Any CPU.ActiveCfg = Debug|Any CPU
		{5D3C811E-8AA6-432A-8C85-6FE9EC8F777B}.ApplicationGenerator|Any CPU.Build.0 = Debug|Any CPU
		{5D3C811E-8AA6-432A-8C85-6FE9EC8F777B}.Debug|Any CPU.ActiveCfg = Debug|Any CPU
		{5D3C811E-8AA6-432A-8C85-6FE9EC8F777B}.Debug|Any CPU.Build.0 = Debug|Any CPU
		{5D3C811E-8AA6-432A-8C85-6FE9EC8F777B}.DebugAll|Any CPU.ActiveCfg = Debug|Any CPU
		{5D3C811E-8AA6-432A-8C85-6FE9EC8F777B}.DebugAll|Any CPU.Build.0 = Debug|Any CPU
		{5D3C811E-8AA6-432A-8C85-6FE9EC8F777B}.PreRelease|Any CPU.ActiveCfg = Release|Any CPU
		{5D3C811E-8AA6-432A-8C85-6FE9EC8F777B}.PreRelease|Any CPU.Build.0 = Release|Any CPU
		{5D3C811E-8AA6-432A-8C85-6FE9EC8F777B}.Release|Any CPU.ActiveCfg = Release|Any CPU
		{5D3C811E-8AA6-432A-8C85-6FE9EC8F777B}.Release|Any CPU.Build.0 = Release|Any CPU
		{A4763B8B-F945-4C4C-9727-7E970E02F662}.ApplicationGenerator|Any CPU.ActiveCfg = ApplicationGenerator|Any CPU
		{A4763B8B-F945-4C4C-9727-7E970E02F662}.ApplicationGenerator|Any CPU.Build.0 = ApplicationGenerator|Any CPU
		{A4763B8B-F945-4C4C-9727-7E970E02F662}.Debug|Any CPU.ActiveCfg = Debug|Any CPU
		{A4763B8B-F945-4C4C-9727-7E970E02F662}.Debug|Any CPU.Build.0 = Debug|Any CPU
		{A4763B8B-F945-4C4C-9727-7E970E02F662}.DebugAll|Any CPU.ActiveCfg = DebugAll|Any CPU
		{A4763B8B-F945-4C4C-9727-7E970E02F662}.DebugAll|Any CPU.Build.0 = DebugAll|Any CPU
		{A4763B8B-F945-4C4C-9727-7E970E02F662}.PreRelease|Any CPU.ActiveCfg = PreRelease|Any CPU
		{A4763B8B-F945-4C4C-9727-7E970E02F662}.PreRelease|Any CPU.Build.0 = PreRelease|Any CPU
		{A4763B8B-F945-4C4C-9727-7E970E02F662}.Release|Any CPU.ActiveCfg = Release|Any CPU
		{A4763B8B-F945-4C4C-9727-7E970E02F662}.Release|Any CPU.Build.0 = Release|Any CPU
		{E5F9B15F-8E4B-401A-8CF8-D7221E0CDF32}.ApplicationGenerator|Any CPU.ActiveCfg = Debug|Any CPU
		{E5F9B15F-8E4B-401A-8CF8-D7221E0CDF32}.ApplicationGenerator|Any CPU.Build.0 = Debug|Any CPU
		{E5F9B15F-8E4B-401A-8CF8-D7221E0CDF32}.Debug|Any CPU.ActiveCfg = Debug|Any CPU
		{E5F9B15F-8E4B-401A-8CF8-D7221E0CDF32}.Debug|Any CPU.Build.0 = Debug|Any CPU
		{E5F9B15F-8E4B-401A-8CF8-D7221E0CDF32}.DebugAll|Any CPU.ActiveCfg = Debug|Any CPU
		{E5F9B15F-8E4B-401A-8CF8-D7221E0CDF32}.DebugAll|Any CPU.Build.0 = Debug|Any CPU
		{E5F9B15F-8E4B-401A-8CF8-D7221E0CDF32}.PreRelease|Any CPU.ActiveCfg = Release|Any CPU
		{E5F9B15F-8E4B-401A-8CF8-D7221E0CDF32}.PreRelease|Any CPU.Build.0 = Release|Any CPU
		{E5F9B15F-8E4B-401A-8CF8-D7221E0CDF32}.Release|Any CPU.ActiveCfg = Release|Any CPU
		{E5F9B15F-8E4B-401A-8CF8-D7221E0CDF32}.Release|Any CPU.Build.0 = Release|Any CPU
	EndGlobalSection
	GlobalSection(SolutionProperties) = preSolution
		HideSolutionNode = FALSE
	EndGlobalSection
	GlobalSection(ExtensibilityGlobals) = postSolution
		SolutionGuid = {78C32594-4277-42CC-BFEA-33A974D4671B}
	EndGlobalSection
EndGlobal
