
Microsoft Visual Studio Solution File, Format Version 12.00
# Visual Studio Version 16
VisualStudioVersion = 16.0.31005.135
MinimumVisualStudioVersion = 10.0.40219.1
Project("{FAE04EC0-301F-11D3-BF4B-00C04F79EFBC}") = "VU_MeterLibrary", "VU_MeterLibrary\VU_MeterLibrary.csproj", "{5D223B76-4462-4055-91B7-10EBFD8558E6}"
EndProject
Global
	GlobalSection(SolutionConfigurationPlatforms) = preSolution
		Debug|Any CPU = Debug|Any CPU
		Release|Any CPU = Release|Any CPU
	EndGlobalSection
	GlobalSection(ProjectConfigurationPlatforms) = postSolution
		{5D223B76-4462-4055-91B7-10EBFD8558E6}.Debug|Any CPU.ActiveCfg = Debug|Any CPU
		{5D223B76-4462-4055-91B7-10EBFD8558E6}.Debug|Any CPU.Build.0 = Debug|Any CPU
		{5D223B76-4462-4055-91B7-10EBFD8558E6}.Release|Any CPU.ActiveCfg = Release|Any CPU
		{5D223B76-4462-4055-91B7-10EBFD8558E6}.Release|Any CPU.Build.0 = Release|Any CPU
	EndGlobalSection
	GlobalSection(SolutionProperties) = preSolution
		HideSolutionNode = FALSE
	EndGlobalSection
	GlobalSection(ExtensibilityGlobals) = postSolution
		SolutionGuid = {F7ADC9AF-426F-445B-8A4B-49B1ECCD29EF}
	EndGlobalSection
EndGlobal
