
Microsoft Visual Studio Solution File, Format Version 12.00
# Visual Studio Version 16
VisualStudioVersion = 16.0.30503.244
MinimumVisualStudioVersion = 10.0.40219.1
Project("{FAE04EC0-301F-11D3-BF4B-00C04F79EFBC}") = "_Website", "Website\_Website.csproj", "{043B5165-85BA-49A8-A87A-D96CD580BF12}"
EndProject
Project("{FAE04EC0-301F-11D3-BF4B-00C04F79EFBC}") = "HelpUpdater", "HelpUpdater\HelpUpdater.csproj", "{043ECD10-FA64-4D24-81A5-9929D5C737A0}"
EndProject
Project("{FAE04EC0-301F-11D3-BF4B-00C04F79EFBC}") = "HelpUpdaterTest", "HelpUpdaterTest\HelpUpdaterTest.csproj", "{CCF67147-5437-45B3-9265-02D000182D8A}"
EndProject
Project("{FAE04EC0-301F-11D3-BF4B-00C04F79EFBC}") = "Utils", "Utils\Utils.csproj", "{A4763B8B-F945-4C4C-9727-7E970E02F662}"
EndProject
Global
	GlobalSection(SolutionConfigurationPlatforms) = preSolution
		ApplicationGenerator|Any CPU = ApplicationGenerator|Any CPU
		ApplicationGenerator|x86 = ApplicationGenerator|x86
		Debug|Any CPU = Debug|Any CPU
		Debug|x86 = Debug|x86
		DebugAll|Any CPU = DebugAll|Any CPU
		DebugAll|x86 = DebugAll|x86
		PreRelease|Any CPU = PreRelease|Any CPU
		PreRelease|x86 = PreRelease|x86
		Release|Any CPU = Release|Any CPU
		Release|x86 = Release|x86
	EndGlobalSection
	GlobalSection(ProjectConfigurationPlatforms) = postSolution
		{043B5165-85BA-49A8-A87A-D96CD580BF12}.ApplicationGenerator|Any CPU.ActiveCfg = Debug|x86
		{043B5165-85BA-49A8-A87A-D96CD580BF12}.ApplicationGenerator|Any CPU.Build.0 = Debug|x86
		{043B5165-85BA-49A8-A87A-D96CD580BF12}.ApplicationGenerator|x86.ActiveCfg = Debug|x86
		{043B5165-85BA-49A8-A87A-D96CD580BF12}.ApplicationGenerator|x86.Build.0 = Debug|x86
		{043B5165-85BA-49A8-A87A-D96CD580BF12}.Debug|Any CPU.ActiveCfg = Debug|x86
		{043B5165-85BA-49A8-A87A-D96CD580BF12}.Debug|x86.ActiveCfg = Debug|x86
		{043B5165-85BA-49A8-A87A-D96CD580BF12}.Debug|x86.Build.0 = Debug|x86
		{043B5165-85BA-49A8-A87A-D96CD580BF12}.DebugAll|Any CPU.ActiveCfg = Debug|x86
		{043B5165-85BA-49A8-A87A-D96CD580BF12}.DebugAll|Any CPU.Build.0 = Debug|x86
		{043B5165-85BA-49A8-A87A-D96CD580BF12}.DebugAll|x86.ActiveCfg = Debug|x86
		{043B5165-85BA-49A8-A87A-D96CD580BF12}.DebugAll|x86.Build.0 = Debug|x86
		{043B5165-85BA-49A8-A87A-D96CD580BF12}.PreRelease|Any CPU.ActiveCfg = Debug|x86
		{043B5165-85BA-49A8-A87A-D96CD580BF12}.PreRelease|Any CPU.Build.0 = Debug|x86
		{043B5165-85BA-49A8-A87A-D96CD580BF12}.PreRelease|x86.ActiveCfg = Debug|x86
		{043B5165-85BA-49A8-A87A-D96CD580BF12}.PreRelease|x86.Build.0 = Debug|x86
		{043B5165-85BA-49A8-A87A-D96CD580BF12}.Release|Any CPU.ActiveCfg = Debug|x86
		{043B5165-85BA-49A8-A87A-D96CD580BF12}.Release|Any CPU.Build.0 = Debug|x86
		{043B5165-85BA-49A8-A87A-D96CD580BF12}.Release|x86.ActiveCfg = Debug|x86
		{043B5165-85BA-49A8-A87A-D96CD580BF12}.Release|x86.Build.0 = Debug|x86
		{043ECD10-FA64-4D24-81A5-9929D5C737A0}.ApplicationGenerator|Any CPU.ActiveCfg = Debug|Any CPU
		{043ECD10-FA64-4D24-81A5-9929D5C737A0}.ApplicationGenerator|Any CPU.Build.0 = Debug|Any CPU
		{043ECD10-FA64-4D24-81A5-9929D5C737A0}.ApplicationGenerator|x86.ActiveCfg = Debug|Any CPU
		{043ECD10-FA64-4D24-81A5-9929D5C737A0}.ApplicationGenerator|x86.Build.0 = Debug|Any CPU
		{043ECD10-FA64-4D24-81A5-9929D5C737A0}.Debug|Any CPU.ActiveCfg = Debug|Any CPU
		{043ECD10-FA64-4D24-81A5-9929D5C737A0}.Debug|Any CPU.Build.0 = Debug|Any CPU
		{043ECD10-FA64-4D24-81A5-9929D5C737A0}.Debug|x86.ActiveCfg = Debug|Any CPU
		{043ECD10-FA64-4D24-81A5-9929D5C737A0}.Debug|x86.Build.0 = Debug|Any CPU
		{043ECD10-FA64-4D24-81A5-9929D5C737A0}.DebugAll|Any CPU.ActiveCfg = Debug|Any CPU
		{043ECD10-FA64-4D24-81A5-9929D5C737A0}.DebugAll|Any CPU.Build.0 = Debug|Any CPU
		{043ECD10-FA64-4D24-81A5-9929D5C737A0}.DebugAll|x86.ActiveCfg = Debug|Any CPU
		{043ECD10-FA64-4D24-81A5-9929D5C737A0}.DebugAll|x86.Build.0 = Debug|Any CPU
		{043ECD10-FA64-4D24-81A5-9929D5C737A0}.PreRelease|Any CPU.ActiveCfg = Release|Any CPU
		{043ECD10-FA64-4D24-81A5-9929D5C737A0}.PreRelease|Any CPU.Build.0 = Release|Any CPU
		{043ECD10-FA64-4D24-81A5-9929D5C737A0}.PreRelease|x86.ActiveCfg = Release|Any CPU
		{043ECD10-FA64-4D24-81A5-9929D5C737A0}.PreRelease|x86.Build.0 = Release|Any CPU
		{043ECD10-FA64-4D24-81A5-9929D5C737A0}.Release|Any CPU.ActiveCfg = Release|Any CPU
		{043ECD10-FA64-4D24-81A5-9929D5C737A0}.Release|Any CPU.Build.0 = Release|Any CPU
		{043ECD10-FA64-4D24-81A5-9929D5C737A0}.Release|x86.ActiveCfg = Release|Any CPU
		{043ECD10-FA64-4D24-81A5-9929D5C737A0}.Release|x86.Build.0 = Release|Any CPU
		{CCF67147-5437-45B3-9265-02D000182D8A}.ApplicationGenerator|Any CPU.ActiveCfg = Debug|Any CPU
		{CCF67147-5437-45B3-9265-02D000182D8A}.ApplicationGenerator|Any CPU.Build.0 = Debug|Any CPU
		{CCF67147-5437-45B3-9265-02D000182D8A}.ApplicationGenerator|x86.ActiveCfg = Debug|Any CPU
		{CCF67147-5437-45B3-9265-02D000182D8A}.ApplicationGenerator|x86.Build.0 = Debug|Any CPU
		{CCF67147-5437-45B3-9265-02D000182D8A}.Debug|Any CPU.ActiveCfg = Debug|Any CPU
		{CCF67147-5437-45B3-9265-02D000182D8A}.Debug|Any CPU.Build.0 = Debug|Any CPU
		{CCF67147-5437-45B3-9265-02D000182D8A}.Debug|x86.ActiveCfg = Debug|Any CPU
		{CCF67147-5437-45B3-9265-02D000182D8A}.Debug|x86.Build.0 = Debug|Any CPU
		{CCF67147-5437-45B3-9265-02D000182D8A}.DebugAll|Any CPU.ActiveCfg = Debug|Any CPU
		{CCF67147-5437-45B3-9265-02D000182D8A}.DebugAll|Any CPU.Build.0 = Debug|Any CPU
		{CCF67147-5437-45B3-9265-02D000182D8A}.DebugAll|x86.ActiveCfg = Debug|Any CPU
		{CCF67147-5437-45B3-9265-02D000182D8A}.DebugAll|x86.Build.0 = Debug|Any CPU
		{CCF67147-5437-45B3-9265-02D000182D8A}.PreRelease|Any CPU.ActiveCfg = Release|Any CPU
		{CCF67147-5437-45B3-9265-02D000182D8A}.PreRelease|Any CPU.Build.0 = Release|Any CPU
		{CCF67147-5437-45B3-9265-02D000182D8A}.PreRelease|x86.ActiveCfg = Release|Any CPU
		{CCF67147-5437-45B3-9265-02D000182D8A}.PreRelease|x86.Build.0 = Release|Any CPU
		{CCF67147-5437-45B3-9265-02D000182D8A}.Release|Any CPU.ActiveCfg = Release|Any CPU
		{CCF67147-5437-45B3-9265-02D000182D8A}.Release|Any CPU.Build.0 = Release|Any CPU
		{CCF67147-5437-45B3-9265-02D000182D8A}.Release|x86.ActiveCfg = Release|Any CPU
		{CCF67147-5437-45B3-9265-02D000182D8A}.Release|x86.Build.0 = Release|Any CPU
		{A4763B8B-F945-4C4C-9727-7E970E02F662}.ApplicationGenerator|Any CPU.ActiveCfg = ApplicationGenerator|Any CPU
		{A4763B8B-F945-4C4C-9727-7E970E02F662}.ApplicationGenerator|Any CPU.Build.0 = ApplicationGenerator|Any CPU
		{A4763B8B-F945-4C4C-9727-7E970E02F662}.ApplicationGenerator|x86.ActiveCfg = ApplicationGenerator|Any CPU
		{A4763B8B-F945-4C4C-9727-7E970E02F662}.ApplicationGenerator|x86.Build.0 = ApplicationGenerator|Any CPU
		{A4763B8B-F945-4C4C-9727-7E970E02F662}.Debug|Any CPU.ActiveCfg = Debug|Any CPU
		{A4763B8B-F945-4C4C-9727-7E970E02F662}.Debug|Any CPU.Build.0 = Debug|Any CPU
		{A4763B8B-F945-4C4C-9727-7E970E02F662}.Debug|x86.ActiveCfg = Debug|Any CPU
		{A4763B8B-F945-4C4C-9727-7E970E02F662}.Debug|x86.Build.0 = Debug|Any CPU
		{A4763B8B-F945-4C4C-9727-7E970E02F662}.DebugAll|Any CPU.ActiveCfg = DebugAll|Any CPU
		{A4763B8B-F945-4C4C-9727-7E970E02F662}.DebugAll|Any CPU.Build.0 = DebugAll|Any CPU
		{A4763B8B-F945-4C4C-9727-7E970E02F662}.DebugAll|x86.ActiveCfg = DebugAll|Any CPU
		{A4763B8B-F945-4C4C-9727-7E970E02F662}.DebugAll|x86.Build.0 = DebugAll|Any CPU
		{A4763B8B-F945-4C4C-9727-7E970E02F662}.PreRelease|Any CPU.ActiveCfg = PreRelease|Any CPU
		{A4763B8B-F945-4C4C-9727-7E970E02F662}.PreRelease|Any CPU.Build.0 = PreRelease|Any CPU
		{A4763B8B-F945-4C4C-9727-7E970E02F662}.PreRelease|x86.ActiveCfg = PreRelease|Any CPU
		{A4763B8B-F945-4C4C-9727-7E970E02F662}.PreRelease|x86.Build.0 = PreRelease|Any CPU
		{A4763B8B-F945-4C4C-9727-7E970E02F662}.Release|Any CPU.ActiveCfg = Release|Any CPU
		{A4763B8B-F945-4C4C-9727-7E970E02F662}.Release|Any CPU.Build.0 = Release|Any CPU
		{A4763B8B-F945-4C4C-9727-7E970E02F662}.Release|x86.ActiveCfg = Release|Any CPU
		{A4763B8B-F945-4C4C-9727-7E970E02F662}.Release|x86.Build.0 = Release|Any CPU
	EndGlobalSection
	GlobalSection(SolutionProperties) = preSolution
		HideSolutionNode = FALSE
	EndGlobalSection
	GlobalSection(ExtensibilityGlobals) = postSolution
		SolutionGuid = {3CA08BE0-2F7F-4FDB-B5B0-B6C95B0EA0A1}
	EndGlobalSection
EndGlobal
