Microsoft Visual Studio Solution File, Format Version 12.00
# Visual Studio Version 16
VisualStudioVersion = 16.0.30413.136
MinimumVisualStudioVersion = 10.0.40219.1
Project("{$guid1$}") = "$specifiedsolutionname$.Entities", "$specifiedsolutionname$.Entities\$specifiedsolutionname$.Entities.csproj", "{$guid2$}"
EndProject
Project("{$guid1$}") = "$specifiedsolutionname$.Web", "$specifiedsolutionname$.Web\$specifiedsolutionname$.Web.csproj", "{$guid3$}"
EndProject
Project("{$guid1$}") = "Utils.Core", "Utils.Core\Utils.Core.csproj", "$guid4$}"
EndProject
Project("{$guid1$}") = "$specifiedsolutionname$.Services", "$specifiedsolutionname$.Services\$specifiedsolutionname$.Services.csproj", "$guid5$}"
EndProject
Global
	GlobalSection(SolutionConfigurationPlatforms) = preSolution
		Debug|Any CPU = Debug|Any CPU
		DebugAll|Any CPU = DebugAll|Any CPU
		Release|Any CPU = Release|Any CPU
	EndGlobalSection
	GlobalSection(ProjectConfigurationPlatforms) = postSolution
		{$guid2$}.Debug|Any CPU.ActiveCfg = Debug|Any CPU
		{$guid2$}.Debug|Any CPU.Build.0 = Debug|Any CPU
		{$guid2$}.DebugAll|Any CPU.ActiveCfg = Debug|Any CPU
		{$guid2$}.DebugAll|Any CPU.Build.0 = Debug|Any CPU
		{$guid2$}.Release|Any CPU.ActiveCfg = Release|Any CPU
		{$guid2$}.Release|Any CPU.Build.0 = Release|Any CPU
		{$guid3$}.Debug|Any CPU.ActiveCfg = Debug|Any CPU
		{$guid3$}.Debug|Any CPU.Build.0 = Debug|Any CPU
		{$guid3$}.DebugAll|Any CPU.ActiveCfg = Debug|Any CPU
		{$guid3$}.DebugAll|Any CPU.Build.0 = Debug|Any CPU
		{$guid3$}.Release|Any CPU.ActiveCfg = Release|Any CPU
		{$guid3$}.Release|Any CPU.Build.0 = Release|Any CPU
		$guid4$}.Debug|Any CPU.ActiveCfg = Debug|Any CPU
		$guid4$}.Debug|Any CPU.Build.0 = Debug|Any CPU
		$guid4$}.DebugAll|Any CPU.ActiveCfg = DebugAll|Any CPU
		$guid4$}.DebugAll|Any CPU.Build.0 = DebugAll|Any CPU
		$guid4$}.Release|Any CPU.ActiveCfg = Release|Any CPU
		$guid4$}.Release|Any CPU.Build.0 = Release|Any CPU
		$guid5$}.Debug|Any CPU.ActiveCfg = Debug|Any CPU
		$guid5$}.Debug|Any CPU.Build.0 = Debug|Any CPU
		$guid5$}.DebugAll|Any CPU.ActiveCfg = Debug|Any CPU
		$guid5$}.DebugAll|Any CPU.Build.0 = Debug|Any CPU
		$guid5$}.Release|Any CPU.ActiveCfg = Release|Any CPU
		$guid5$}.Release|Any CPU.Build.0 = Release|Any CPU
	EndGlobalSection
	GlobalSection(SolutionProperties) = preSolution
		HideSolutionNode = FALSE
	EndGlobalSection
	GlobalSection(ExtensibilityGlobals) = postSolution
		SolutionGuid = {$guid6$}
	EndGlobalSection
EndGlobal
