
Microsoft Visual Studio Solution File, Format Version 12.00
# Visual Studio Version 16
VisualStudioVersion = 16.0.29509.3
MinimumVisualStudioVersion = 10.0.40219.1
Project("{00D1A9C2-B5F0-4AF3-8072-F6C62B433612}") = "Database1", "Database1\Database1.sqlproj", "{B1CC09D1-F68C-45DE-AD77-6328DA383061}"
EndProject
Global
	GlobalSection(SolutionConfigurationPlatforms) = preSolution
		Debug|Any CPU = Debug|Any CPU
		Release|Any CPU = Release|Any CPU
	EndGlobalSection
	GlobalSection(ProjectConfigurationPlatforms) = postSolution
		{B1CC09D1-F68C-45DE-AD77-6328DA383061}.Debug|Any CPU.ActiveCfg = Debug|Any CPU
		{B1CC09D1-F68C-45DE-AD77-6328DA383061}.Debug|Any CPU.Build.0 = Debug|Any CPU
		{B1CC09D1-F68C-45DE-AD77-6328DA383061}.Debug|Any CPU.Deploy.0 = Debug|Any CPU
		{B1CC09D1-F68C-45DE-AD77-6328DA383061}.Release|Any CPU.ActiveCfg = Release|Any CPU
		{B1CC09D1-F68C-45DE-AD77-6328DA383061}.Release|Any CPU.Build.0 = Release|Any CPU
		{B1CC09D1-F68C-45DE-AD77-6328DA383061}.Release|Any CPU.Deploy.0 = Release|Any CPU
	EndGlobalSection
	GlobalSection(SolutionProperties) = preSolution
		HideSolutionNode = FALSE
	EndGlobalSection
	GlobalSection(ExtensibilityGlobals) = postSolution
		SolutionGuid = {B2704F03-FA01-4938-93D9-ACB2267A2012}
	EndGlobalSection
EndGlobal
